// !$*UTF8*$!
{
	archiveVersion = 1;
	classes = {
	};
	objectVersion = 46;
	objects = {

/* Begin PBXBuildFile section */
		841AD87E1BB3C0350082B7B0 /* BrcmFirmwareStore.cpp in Sources */ = {isa = PBXBuildFile; fileRef = D4049E551A3252B1003A1893 /* BrcmFirmwareStore.cpp */; };
		841AD8811BB3C0350082B7B0 /* BrcmPatchRAM.h in Headers */ = {isa = PBXBuildFile; fileRef = D4F91B031A2998CE0030D10D /* BrcmPatchRAM.h */; };
		841AD8821BB3C0350082B7B0 /* BrcmFirmwareStore.h in Headers */ = {isa = PBXBuildFile; fileRef = D4049E561A3252B1003A1893 /* BrcmFirmwareStore.h */; };
		841AD8831BB3C0350082B7B0 /* Common.h in Headers */ = {isa = PBXBuildFile; fileRef = D454276C1A2A07A7000B0964 /* Common.h */; };
		841AD8841BB3C0350082B7B0 /* USBDeviceShim.h in Headers */ = {isa = PBXBuildFile; fileRef = D4E0A25B1BA30FD300A5FE05 /* USBDeviceShim.h */; };
		841AD8851BB3C0350082B7B0 /* hci.h in Headers */ = {isa = PBXBuildFile; fileRef = D45427691A2A045E000B0964 /* hci.h */; };
		841AD8911BB3C12F0082B7B0 /* FirmwareData.cpp in Sources */ = {isa = PBXBuildFile; fileRef = 841AD8901BB3C12F0082B7B0 /* FirmwareData.cpp */; };
		842B20BD1BB2F0D900D3C468 /* BrcmPatchRAM.h in Headers */ = {isa = PBXBuildFile; fileRef = D4F91B031A2998CE0030D10D /* BrcmPatchRAM.h */; };
		842B20BE1BB2F0D900D3C468 /* BrcmFirmwareStore.h in Headers */ = {isa = PBXBuildFile; fileRef = D4049E561A3252B1003A1893 /* BrcmFirmwareStore.h */; };
		842B20BF1BB2F0D900D3C468 /* Common.h in Headers */ = {isa = PBXBuildFile; fileRef = D454276C1A2A07A7000B0964 /* Common.h */; };
		842B20C01BB2F0D900D3C468 /* USBDeviceShim.h in Headers */ = {isa = PBXBuildFile; fileRef = D4E0A25B1BA30FD300A5FE05 /* USBDeviceShim.h */; };
		842B20C11BB2F0D900D3C468 /* hci.h in Headers */ = {isa = PBXBuildFile; fileRef = D45427691A2A045E000B0964 /* hci.h */; };
		842B20CC1BB2F0F800D3C468 /* BrcmFirmwareStore.cpp in Sources */ = {isa = PBXBuildFile; fileRef = D4049E551A3252B1003A1893 /* BrcmFirmwareStore.cpp */; };
		D45C93E01BA3549A006D3FB8 /* USBHostDeviceShim.cpp in Sources */ = {isa = PBXBuildFile; fileRef = D45C93DF1BA3549A006D3FB8 /* USBHostDeviceShim.cpp */; };
		D4E0A25E1BA30FD300A5FE05 /* USBDeviceShim.h in Headers */ = {isa = PBXBuildFile; fileRef = D4E0A25B1BA30FD300A5FE05 /* USBDeviceShim.h */; };
		E26C375C22E10597006BAA83 /* BCM4335C0_003.001.009.0066.0104_v4200.zhx in Resources */ = {isa = PBXBuildFile; fileRef = E26C36C622E1051E006BAA83 /* BCM4335C0_003.001.009.0066.0104_v4200.zhx */; };
		E26C375D22E10597006BAA83 /* BCM4335C0_003.001.009.0066.0105_v4201.zhx in Resources */ = {isa = PBXBuildFile; fileRef = E26C36D322E1051F006BAA83 /* BCM4335C0_003.001.009.0066.0105_v4201.zhx */; };
		E26C375E22E10597006BAA83 /* BCM4335C0_003.001.009.0066.0108_v4204.zhx in Resources */ = {isa = PBXBuildFile; fileRef = E26C36E022E1051F006BAA83 /* BCM4335C0_003.001.009.0066.0108_v4204.zhx */; };
		E26C375F22E10597006BAA83 /* BCM4335C0_003.001.009.0066.0115_v4211.zhx in Resources */ = {isa = PBXBuildFile; fileRef = E26C36E122E1051F006BAA83 /* BCM4335C0_003.001.009.0066.0115_v4211.zhx */; };
		E26C376022E10597006BAA83 /* BCM4335C0_003.001.009.0066.0121_v4217.zhx in Resources */ = {isa = PBXBuildFile; fileRef = E26C36FF22E10520006BAA83 /* BCM4335C0_003.001.009.0066.0121_v4217.zhx */; };
		E26C376122E10597006BAA83 /* BCM4350C5_003.006.007.0120.2118_v6214.zhx in Resources */ = {isa = PBXBuildFile; fileRef = E26C36B422E1051E006BAA83 /* BCM4350C5_003.006.007.0120.2118_v6214.zhx */; };
		E26C376222E10597006BAA83 /* BCM4350C5_003.006.007.0145.2724_v6820.zhx in Resources */ = {isa = PBXBuildFile; fileRef = E26C36FB22E10520006BAA83 /* BCM4350C5_003.006.007.0145.2724_v6820.zhx */; };
		E26C376322E10597006BAA83 /* BCM4350C5_003.006.007.0222.4689_v8785.zhx in Resources */ = {isa = PBXBuildFile; fileRef = E26C36C422E1051E006BAA83 /* BCM4350C5_003.006.007.0222.4689_v8785.zhx */; };
		E26C376422E10597006BAA83 /* BCM4371C2_001.003.015.0093.0116_v4212.zhx in Resources */ = {isa = PBXBuildFile; fileRef = E26C36EF22E10520006BAA83 /* BCM4371C2_001.003.015.0093.0116_v4212.zhx */; };
		E26C376522E10597006BAA83 /* BCM4371C2_001.003.015.0093.0117_v4213.zhx in Resources */ = {isa = PBXBuildFile; fileRef = E26C370022E10520006BAA83 /* BCM4371C2_001.003.015.0093.0117_v4213.zhx */; };
		E26C376622E10597006BAA83 /* BCM4371C2_001.003.015.0093.0118_v4214.zhx in Resources */ = {isa = PBXBuildFile; fileRef = E26C36F622E10520006BAA83 /* BCM4371C2_001.003.015.0093.0118_v4214.zhx */; };
		E26C376722E10597006BAA83 /* BCM20702A1_001.002.014.1443.1447_v5543.zhx in Resources */ = {isa = PBXBuildFile; fileRef = E26C36F222E10520006BAA83 /* BCM20702A1_001.002.014.1443.1447_v5543.zhx */; };
		E26C376822E10597006BAA83 /* BCM20702A1_001.002.014.1443.1449_v5545.zhx in Resources */ = {isa = PBXBuildFile; fileRef = E26C370622E10521006BAA83 /* BCM20702A1_001.002.014.1443.1449_v5545.zhx */; };
		E26C376922E10597006BAA83 /* BCM20702A1_001.002.014.1443.1450_v5546.zhx in Resources */ = {isa = PBXBuildFile; fileRef = E26C36BE22E1051E006BAA83 /* BCM20702A1_001.002.014.1443.1450_v5546.zhx */; };
		E26C376A22E10597006BAA83 /* BCM20702A1_001.002.014.1443.1460_v5556.zhx in Resources */ = {isa = PBXBuildFile; fileRef = E26C36C322E1051E006BAA83 /* BCM20702A1_001.002.014.1443.1460_v5556.zhx */; };
		E26C376B22E10597006BAA83 /* BCM20702A1_001.002.014.1443.1461_v5557.zhx in Resources */ = {isa = PBXBuildFile; fileRef = E26C36CC22E1051F006BAA83 /* BCM20702A1_001.002.014.1443.1461_v5557.zhx */; };
		E26C376C22E10597006BAA83 /* BCM20702A1_001.002.014.1443.1462_v5558.zhx in Resources */ = {isa = PBXBuildFile; fileRef = E26C36C122E1051E006BAA83 /* BCM20702A1_001.002.014.1443.1462_v5558.zhx */; };
		E26C376D22E10597006BAA83 /* BCM20702A1_001.002.014.1443.1463_v5559.zhx in Resources */ = {isa = PBXBuildFile; fileRef = E26C36EC22E10520006BAA83 /* BCM20702A1_001.002.014.1443.1463_v5559.zhx */; };
		E26C376E22E10597006BAA83 /* BCM20702A1_001.002.014.1443.1465_v5561.zhx in Resources */ = {isa = PBXBuildFile; fileRef = E26C36E322E1051F006BAA83 /* BCM20702A1_001.002.014.1443.1465_v5561.zhx */; };
		E26C376F22E10597006BAA83 /* BCM20702A1_001.002.014.1443.1466_v5562.zhx in Resources */ = {isa = PBXBuildFile; fileRef = E26C36E722E10520006BAA83 /* BCM20702A1_001.002.014.1443.1466_v5562.zhx */; };
		E26C377022E10597006BAA83 /* BCM20702A1_001.002.014.1443.1467_v5563.zhx in Resources */ = {isa = PBXBuildFile; fileRef = E26C36BC22E1051E006BAA83 /* BCM20702A1_001.002.014.1443.1467_v5563.zhx */; };
		E26C377122E10597006BAA83 /* BCM20702A1_001.002.014.1443.1468_v5564.zhx in Resources */ = {isa = PBXBuildFile; fileRef = E26C36F922E10520006BAA83 /* BCM20702A1_001.002.014.1443.1468_v5564.zhx */; };
		E26C377222E10597006BAA83 /* BCM20702A1_001.002.014.1443.1469_v5565.zhx in Resources */ = {isa = PBXBuildFile; fileRef = E26C36DE22E1051F006BAA83 /* BCM20702A1_001.002.014.1443.1469_v5565.zhx */; };
		E26C377322E10597006BAA83 /* BCM20702A1_001.002.014.1443.1477_v5573.zhx in Resources */ = {isa = PBXBuildFile; fileRef = E26C36D422E1051F006BAA83 /* BCM20702A1_001.002.014.1443.1477_v5573.zhx */; };
		E26C377422E10597006BAA83 /* BCM20702A1_001.002.014.1443.1478_v5574.zhx in Resources */ = {isa = PBXBuildFile; fileRef = E26C36E922E10520006BAA83 /* BCM20702A1_001.002.014.1443.1478_v5574.zhx */; };
		E26C377522E10597006BAA83 /* BCM20702A1_001.002.014.1443.1479_v5575.zhx in Resources */ = {isa = PBXBuildFile; fileRef = E26C36C722E1051E006BAA83 /* BCM20702A1_001.002.014.1443.1479_v5575.zhx */; };
		E26C377622E10597006BAA83 /* BCM20702A1_001.002.014.1443.1480_v5576.zhx in Resources */ = {isa = PBXBuildFile; fileRef = E26C36D622E1051F006BAA83 /* BCM20702A1_001.002.014.1443.1480_v5576.zhx */; };
		E26C377722E10597006BAA83 /* BCM20702A1_001.002.014.1443.1481_v5577.zhx in Resources */ = {isa = PBXBuildFile; fileRef = E26C36BD22E1051E006BAA83 /* BCM20702A1_001.002.014.1443.1481_v5577.zhx */; };
		E26C377822E10597006BAA83 /* BCM20702A1_001.002.014.1443.1482_v5578.zhx in Resources */ = {isa = PBXBuildFile; fileRef = E26C36BB22E1051E006BAA83 /* BCM20702A1_001.002.014.1443.1482_v5578.zhx */; };
		E26C377922E10597006BAA83 /* BCM20702A1_001.002.014.1443.1483_v5579.zhx in Resources */ = {isa = PBXBuildFile; fileRef = E26C36DD22E1051F006BAA83 /* BCM20702A1_001.002.014.1443.1483_v5579.zhx */; };
		E26C377A22E10597006BAA83 /* BCM20702A1_001.002.014.1443.1484_v5580.zhx in Resources */ = {isa = PBXBuildFile; fileRef = E26C370422E10520006BAA83 /* BCM20702A1_001.002.014.1443.1484_v5580.zhx */; };
		E26C377B22E10597006BAA83 /* BCM20702A1_001.002.014.1443.1485_v5581.zhx in Resources */ = {isa = PBXBuildFile; fileRef = E26C370222E10520006BAA83 /* BCM20702A1_001.002.014.1443.1485_v5581.zhx */; };
		E26C377C22E10597006BAA83 /* BCM20702A1_001.002.014.1443.1486_v5582.zhx in Resources */ = {isa = PBXBuildFile; fileRef = E26C36B322E1051E006BAA83 /* BCM20702A1_001.002.014.1443.1486_v5582.zhx */; };
		E26C377D22E10597006BAA83 /* BCM20702A1_001.002.014.1443.1487_v5583.zhx in Resources */ = {isa = PBXBuildFile; fileRef = E26C370322E10520006BAA83 /* BCM20702A1_001.002.014.1443.1487_v5583.zhx */; };
		E26C377E22E10597006BAA83 /* BCM20702A1_001.002.014.1443.1488_v5584.zhx in Resources */ = {isa = PBXBuildFile; fileRef = E26C36F122E10520006BAA83 /* BCM20702A1_001.002.014.1443.1488_v5584.zhx */; };
		E26C377F22E10597006BAA83 /* BCM20702A1_001.002.014.1443.1489_v5585.zhx in Resources */ = {isa = PBXBuildFile; fileRef = E26C36F522E10520006BAA83 /* BCM20702A1_001.002.014.1443.1489_v5585.zhx */; };
		E26C378022E10597006BAA83 /* BCM20702A1_001.002.014.1443.1490_v5586.zhx in Resources */ = {isa = PBXBuildFile; fileRef = E26C36CA22E1051F006BAA83 /* BCM20702A1_001.002.014.1443.1490_v5586.zhx */; };
		E26C378122E10597006BAA83 /* BCM20702A1_001.002.014.1443.1492_v5588.zhx in Resources */ = {isa = PBXBuildFile; fileRef = E26C36D222E1051F006BAA83 /* BCM20702A1_001.002.014.1443.1492_v5588.zhx */; };
		E26C378222E10597006BAA83 /* BCM20702A1_001.002.014.1443.1493_v5589.zhx in Resources */ = {isa = PBXBuildFile; fileRef = E26C36CF22E1051F006BAA83 /* BCM20702A1_001.002.014.1443.1493_v5589.zhx */; };
		E26C378322E10597006BAA83 /* BCM20702A1_001.002.014.1443.1494_v5590.zhx in Resources */ = {isa = PBXBuildFile; fileRef = E26C36CE22E1051F006BAA83 /* BCM20702A1_001.002.014.1443.1494_v5590.zhx */; };
		E26C378422E10597006BAA83 /* BCM20702A1_001.002.014.1443.1499_v5595.zhx in Resources */ = {isa = PBXBuildFile; fileRef = E26C36FA22E10520006BAA83 /* BCM20702A1_001.002.014.1443.1499_v5595.zhx */; };
		E26C378522E10597006BAA83 /* BCM20702A1_001.002.014.1443.1501_v5597.zhx in Resources */ = {isa = PBXBuildFile; fileRef = E26C36D522E1051F006BAA83 /* BCM20702A1_001.002.014.1443.1501_v5597.zhx */; };
		E26C378622E10597006BAA83 /* BCM20702A1_001.002.014.1443.1502_v5598.zhx in Resources */ = {isa = PBXBuildFile; fileRef = E26C36CD22E1051F006BAA83 /* BCM20702A1_001.002.014.1443.1502_v5598.zhx */; };
		E26C378722E10597006BAA83 /* BCM20702A1_001.002.014.1443.1521_v5617.zhx in Resources */ = {isa = PBXBuildFile; fileRef = E26C36F822E10520006BAA83 /* BCM20702A1_001.002.014.1443.1521_v5617.zhx */; };
		E26C378822E10597006BAA83 /* BCM20702A1_001.002.014.1443.1532_v5628.zhx in Resources */ = {isa = PBXBuildFile; fileRef = E26C36D722E1051F006BAA83 /* BCM20702A1_001.002.014.1443.1532_v5628.zhx */; };
		E26C378922E10597006BAA83 /* BCM20702A1_001.002.014.1443.1572_v5668.zhx in Resources */ = {isa = PBXBuildFile; fileRef = E26C36B522E1051E006BAA83 /* BCM20702A1_001.002.014.1443.1572_v5668.zhx */; };
		E26C378A22E10597006BAA83 /* BCM20702A1_001.002.014.1443.1714_v5810.zhx in Resources */ = {isa = PBXBuildFile; fileRef = E26C36C922E1051F006BAA83 /* BCM20702A1_001.002.014.1443.1714_v5810.zhx */; };
		E26C378B22E10597006BAA83 /* BCM20702A1_001.002.014.1483.1651_v5747.zhx in Resources */ = {isa = PBXBuildFile; fileRef = E26C36C522E1051E006BAA83 /* BCM20702A1_001.002.014.1483.1651_v5747.zhx */; };
		E26C378C22E10597006BAA83 /* BCM20702A1_001.002.014.1502.1757_v5853.zhx in Resources */ = {isa = PBXBuildFile; fileRef = E26C36D022E1051F006BAA83 /* BCM20702A1_001.002.014.1502.1757_v5853.zhx */; };
		E26C378D22E10597006BAA83 /* BCM20702A1_001.002.014.1502.1758_v5854.zhx in Resources */ = {isa = PBXBuildFile; fileRef = E26C36EE22E10520006BAA83 /* BCM20702A1_001.002.014.1502.1758_v5854.zhx */; };
		E26C378E22E10597006BAA83 /* BCM20702A1_001.002.014.1502.1759_v5855.zhx in Resources */ = {isa = PBXBuildFile; fileRef = E26C36E822E10520006BAA83 /* BCM20702A1_001.002.014.1502.1759_v5855.zhx */; };
		E26C378F22E10597006BAA83 /* BCM20702A1_001.002.014.1502.1760_v5856.zhx in Resources */ = {isa = PBXBuildFile; fileRef = E26C36DB22E1051F006BAA83 /* BCM20702A1_001.002.014.1502.1760_v5856.zhx */; };
		E26C379022E10597006BAA83 /* BCM20702A1_001.002.014.1502.1761_v5857.zhx in Resources */ = {isa = PBXBuildFile; fileRef = E26C36FD22E10520006BAA83 /* BCM20702A1_001.002.014.1502.1761_v5857.zhx */; };
		E26C379122E10597006BAA83 /* BCM20702A1_001.002.014.1502.1762_v5858.zhx in Resources */ = {isa = PBXBuildFile; fileRef = E26C36E622E1051F006BAA83 /* BCM20702A1_001.002.014.1502.1762_v5858.zhx */; };
		E26C379222E10597006BAA83 /* BCM20702A1_001.002.014.1502.1763_v5859.zhx in Resources */ = {isa = PBXBuildFile; fileRef = E26C36D822E1051F006BAA83 /* BCM20702A1_001.002.014.1502.1763_v5859.zhx */; };
		E26C379322E10597006BAA83 /* BCM20702A1_001.002.014.1502.1764_v5860.zhx in Resources */ = {isa = PBXBuildFile; fileRef = E26C36FE22E10520006BAA83 /* BCM20702A1_001.002.014.1502.1764_v5860.zhx */; };
		E26C379422E10597006BAA83 /* BCM20702A1_001.002.014.1502.1765_v5861.zhx in Resources */ = {isa = PBXBuildFile; fileRef = E26C36D922E1051F006BAA83 /* BCM20702A1_001.002.014.1502.1765_v5861.zhx */; };
		E26C379522E10597006BAA83 /* BCM20702A1_001.002.014.1502.1766_v5862.zhx in Resources */ = {isa = PBXBuildFile; fileRef = E26C36D122E1051F006BAA83 /* BCM20702A1_001.002.014.1502.1766_v5862.zhx */; };
		E26C379622E10597006BAA83 /* BCM20702A1_001.002.014.1502.1767_v5863.zhx in Resources */ = {isa = PBXBuildFile; fileRef = E26C36DF22E1051F006BAA83 /* BCM20702A1_001.002.014.1502.1767_v5863.zhx */; };
		E26C379722E10597006BAA83 /* BCM20702A1_001.002.014.1502.1768_v5864.zhx in Resources */ = {isa = PBXBuildFile; fileRef = E26C36BA22E1051E006BAA83 /* BCM20702A1_001.002.014.1502.1768_v5864.zhx */; };
		E26C379822E10597006BAA83 /* BCM20702A1_001.002.014.1502.1769_v5865.zhx in Resources */ = {isa = PBXBuildFile; fileRef = E26C36B722E1051E006BAA83 /* BCM20702A1_001.002.014.1502.1769_v5865.zhx */; };
		E26C379922E10597006BAA83 /* BCM20702A1_001.002.014.1502.1770_v5866.zhx in Resources */ = {isa = PBXBuildFile; fileRef = E26C36FC22E10520006BAA83 /* BCM20702A1_001.002.014.1502.1770_v5866.zhx */; };
		E26C379A22E10597006BAA83 /* BCM20702A1_001.002.014.1502.1780_v5876.zhx in Resources */ = {isa = PBXBuildFile; fileRef = E26C36BF22E1051E006BAA83 /* BCM20702A1_001.002.014.1502.1780_v5876.zhx */; };
		E26C379B22E10597006BAA83 /* BCM20702A1_001.002.014.1502.1786_v5882.zhx in Resources */ = {isa = PBXBuildFile; fileRef = E26C36C022E1051E006BAA83 /* BCM20702A1_001.002.014.1502.1786_v5882.zhx */; };
		E26C379C22E10597006BAA83 /* BCM20703A1_001.001.005.0214.0414_v4510.zhx in Resources */ = {isa = PBXBuildFile; fileRef = E26C36B822E1051E006BAA83 /* BCM20703A1_001.001.005.0214.0414_v4510.zhx */; };
		E26C379D22E10597006BAA83 /* BCM20703A1_001.001.005.0214.0422_v4518.zhx in Resources */ = {isa = PBXBuildFile; fileRef = E26C36F022E10520006BAA83 /* BCM20703A1_001.001.005.0214.0422_v4518.zhx */; };
		E26C379E22E10597006BAA83 /* BCM20703A1_001.001.005.0214.0473_v4569.zhx in Resources */ = {isa = PBXBuildFile; fileRef = E26C36F722E10520006BAA83 /* BCM20703A1_001.001.005.0214.0473_v4569.zhx */; };
		E26C379F22E10597006BAA83 /* BCM20703A1_001.001.005.0214.0481_v4577.zhx in Resources */ = {isa = PBXBuildFile; fileRef = E26C370522E10520006BAA83 /* BCM20703A1_001.001.005.0214.0481_v4577.zhx */; };
		E26C37A022E10597006BAA83 /* BCM43142A0_001.001.011.0311.0312_v4408.zhx in Resources */ = {isa = PBXBuildFile; fileRef = E26C36EB22E10520006BAA83 /* BCM43142A0_001.001.011.0311.0312_v4408.zhx */; };
		E26C37A122E10597006BAA83 /* BCM43142A0_001.001.011.0311.0316_v4412.zhx in Resources */ = {isa = PBXBuildFile; fileRef = E26C36B622E1051E006BAA83 /* BCM43142A0_001.001.011.0311.0316_v4412.zhx */; };
		E26C37A222E10597006BAA83 /* BCM43142A0_001.001.011.0311.0327_v4423.zhx in Resources */ = {isa = PBXBuildFile; fileRef = E26C36F322E10520006BAA83 /* BCM43142A0_001.001.011.0311.0327_v4423.zhx */; };
		E26C37A322E10597006BAA83 /* BCM43142A0_001.001.011.0311.0328_v4424.zhx in Resources */ = {isa = PBXBuildFile; fileRef = E26C36C222E1051E006BAA83 /* BCM43142A0_001.001.011.0311.0328_v4424.zhx */; };
		E26C37A422E10597006BAA83 /* BCM43142A0_001.001.011.0311.0329_v4425.zhx in Resources */ = {isa = PBXBuildFile; fileRef = E26C36F422E10520006BAA83 /* BCM43142A0_001.001.011.0311.0329_v4425.zhx */; };
		E26C37A522E10597006BAA83 /* BCM43142A0_001.001.011.0311.0330_v4426.zhx in Resources */ = {isa = PBXBuildFile; fileRef = E26C36B922E1051E006BAA83 /* BCM43142A0_001.001.011.0311.0330_v4426.zhx */; };
		E26C37A622E10597006BAA83 /* BCM43142A0_001.001.011.0311.0331_v4427.zhx in Resources */ = {isa = PBXBuildFile; fileRef = E26C36B222E1051E006BAA83 /* BCM43142A0_001.001.011.0311.0331_v4427.zhx */; };
		E26C37A722E10597006BAA83 /* BCM43142A0_001.001.011.0311.0332_v4428.zhx in Resources */ = {isa = PBXBuildFile; fileRef = E26C36DA22E1051F006BAA83 /* BCM43142A0_001.001.011.0311.0332_v4428.zhx */; };
		E26C37A822E10597006BAA83 /* BCM43142A0_001.001.011.0311.0333_v4429.zhx in Resources */ = {isa = PBXBuildFile; fileRef = E26C36EA22E10520006BAA83 /* BCM43142A0_001.001.011.0311.0333_v4429.zhx */; };
		E26C37A922E10597006BAA83 /* BCM43142A0_001.001.011.0311.0334_v4430.zhx in Resources */ = {isa = PBXBuildFile; fileRef = E26C36ED22E10520006BAA83 /* BCM43142A0_001.001.011.0311.0334_v4430.zhx */; };
		E26C37AA22E10597006BAA83 /* BCM43142A0_001.001.011.0311.0335_v4431.zhx in Resources */ = {isa = PBXBuildFile; fileRef = E26C36C822E1051F006BAA83 /* BCM43142A0_001.001.011.0311.0335_v4431.zhx */; };
		E26C37AB22E10597006BAA83 /* BCM43142A0_001.001.011.0311.0336_v4432.zhx in Resources */ = {isa = PBXBuildFile; fileRef = E26C36E422E1051F006BAA83 /* BCM43142A0_001.001.011.0311.0336_v4432.zhx */; };
		E26C37AC22E10597006BAA83 /* BCM43142A0_001.001.011.0311.0339_v4435.zhx in Resources */ = {isa = PBXBuildFile; fileRef = E26C36DC22E1051F006BAA83 /* BCM43142A0_001.001.011.0311.0339_v4435.zhx */; };
		E26C37AD22E10597006BAA83 /* BCM43142A0_001.001.011.0311.0340_v4436.zhx in Resources */ = {isa = PBXBuildFile; fileRef = E26C36E222E1051F006BAA83 /* BCM43142A0_001.001.011.0311.0340_v4436.zhx */; };
		E26C37AE22E10597006BAA83 /* BCM43142A0_001.001.011.0311.0341_v4437.zhx in Resources */ = {isa = PBXBuildFile; fileRef = E26C36CB22E1051F006BAA83 /* BCM43142A0_001.001.011.0311.0341_v4437.zhx */; };
		E26C37AF22E10597006BAA83 /* BCM43142A0_001.001.011.0311.0346_v4442.zhx in Resources */ = {isa = PBXBuildFile; fileRef = E26C370122E10520006BAA83 /* BCM43142A0_001.001.011.0311.0346_v4442.zhx */; };
		E26C37B022E10597006BAA83 /* BCM43142A0_001.001.011.0311.0347_v4443.zhx in Resources */ = {isa = PBXBuildFile; fileRef = E26C36E522E1051F006BAA83 /* BCM43142A0_001.001.011.0311.0347_v4443.zhx */; };
		ED5817BE1B7A6AEF006C5522 /* BrcmPatchRAM.cpp in Sources */ = {isa = PBXBuildFile; fileRef = D4F91B051A2998CE0030D10D /* BrcmPatchRAM.cpp */; };
		ED5817C11B7A6AEF006C5522 /* BrcmPatchRAM.h in Headers */ = {isa = PBXBuildFile; fileRef = D4F91B031A2998CE0030D10D /* BrcmPatchRAM.h */; };
		ED5817C21B7A6AEF006C5522 /* BrcmFirmwareStore.h in Headers */ = {isa = PBXBuildFile; fileRef = D4049E561A3252B1003A1893 /* BrcmFirmwareStore.h */; };
		EDA03B781BA47A0E005BDCA2 /* hci.h in Headers */ = {isa = PBXBuildFile; fileRef = D45427691A2A045E000B0964 /* hci.h */; };
		EDA03B7A1BA47A12005BDCA2 /* Common.h in Headers */ = {isa = PBXBuildFile; fileRef = D454276C1A2A07A7000B0964 /* Common.h */; };
/* End PBXBuildFile section */

/* Begin PBXContainerItemProxy section */
		ED0247B31BB84D6E007AC58D /* PBXContainerItemProxy */ = {
			isa = PBXContainerItemProxy;
			containerPortal = D4F91AF51A2998CE0030D10D /* Project object */;
			proxyType = 1;
			remoteGlobalIDString = 84CDEE051BB3CA2200238DD1;
			remoteInfo = Prebuild;
		};
/* End PBXContainerItemProxy section */

/* Begin PBXCopyFilesBuildPhase section */
		841AD8871BB3C0350082B7B0 /* CopyFiles */ = {
			isa = PBXCopyFilesBuildPhase;
			buildActionMask = 2147483647;
			dstPath = "";
			dstSubfolderSpec = 13;
			files = (
			);
			runOnlyForDeploymentPostprocessing = 0;
		};
		842B20C41BB2F0D900D3C468 /* CopyFiles */ = {
			isa = PBXCopyFilesBuildPhase;
			buildActionMask = 2147483647;
			dstPath = "";
			dstSubfolderSpec = 13;
			files = (
			);
			runOnlyForDeploymentPostprocessing = 0;
		};
		ED2A7DD11B37DE6E00DC200F /* CopyFiles */ = {
			isa = PBXCopyFilesBuildPhase;
			buildActionMask = 2147483647;
			dstPath = "";
			dstSubfolderSpec = 13;
			files = (
			);
			runOnlyForDeploymentPostprocessing = 0;
		};
		ED5817C41B7A6AEF006C5522 /* CopyFiles */ = {
			isa = PBXCopyFilesBuildPhase;
			buildActionMask = 2147483647;
			dstPath = "";
			dstSubfolderSpec = 13;
			files = (
			);
			runOnlyForDeploymentPostprocessing = 0;
		};
		ED7470F21D184C5D005F75F1 /* CopyFiles */ = {
			isa = PBXCopyFilesBuildPhase;
			buildActionMask = 2147483647;
			dstPath = "";
			dstSubfolderSpec = 13;
			files = (
			);
			runOnlyForDeploymentPostprocessing = 0;
		};
		EDC9E2B71D185240007E69B6 /* CopyFiles */ = {
			isa = PBXCopyFilesBuildPhase;
			buildActionMask = 2147483647;
			dstPath = "";
			dstSubfolderSpec = 13;
			files = (
			);
			runOnlyForDeploymentPostprocessing = 0;
		};
/* End PBXCopyFilesBuildPhase section */

/* Begin PBXFileReference section */
		841AD88C1BB3C0350082B7B0 /* BrcmFirmwareData.kext */ = {isa = PBXFileReference; explicitFileType = wrapper.cfbundle; includeInIndex = 0; path = BrcmFirmwareData.kext; sourceTree = BUILT_PRODUCTS_DIR; };
		841AD88E1BB3C0F40082B7B0 /* BrcmFirmwareData-Info.plist */ = {isa = PBXFileReference; fileEncoding = 4; lastKnownFileType = text.plist.xml; path = "BrcmFirmwareData-Info.plist"; sourceTree = "<group>"; };
		841AD8901BB3C12F0082B7B0 /* FirmwareData.cpp */ = {isa = PBXFileReference; fileEncoding = 4; lastKnownFileType = sourcecode.cpp.cpp; path = FirmwareData.cpp; sourceTree = "<group>"; };
		841AD8921BB3C1960082B7B0 /* FirmwareData.h */ = {isa = PBXFileReference; fileEncoding = 4; lastKnownFileType = sourcecode.c.h; path = FirmwareData.h; sourceTree = "<group>"; };
		841AD8941BB3C27E0082B7B0 /* generate_firmware_data.sh */ = {isa = PBXFileReference; fileEncoding = 4; lastKnownFileType = text.script.sh; path = generate_firmware_data.sh; sourceTree = "<group>"; };
		842B20A11BB2EFA200D3C468 /* BrcmFirmwareRepo-Info.plist */ = {isa = PBXFileReference; fileEncoding = 4; lastKnownFileType = text.plist.xml; path = "BrcmFirmwareRepo-Info.plist"; sourceTree = "<group>"; };
		842B20C91BB2F0D900D3C468 /* BrcmFirmwareRepo.kext */ = {isa = PBXFileReference; explicitFileType = wrapper.cfbundle; includeInIndex = 0; path = BrcmFirmwareRepo.kext; sourceTree = BUILT_PRODUCTS_DIR; };
		8480E9531BB4312200FF61B0 /* README.md */ = {isa = PBXFileReference; fileEncoding = 4; lastKnownFileType = net.daringfireball.markdown; path = README.md; sourceTree = "<group>"; };
		D4049E551A3252B1003A1893 /* BrcmFirmwareStore.cpp */ = {isa = PBXFileReference; fileEncoding = 4; lastKnownFileType = sourcecode.cpp.cpp; path = BrcmFirmwareStore.cpp; sourceTree = "<group>"; };
		D4049E561A3252B1003A1893 /* BrcmFirmwareStore.h */ = {isa = PBXFileReference; fileEncoding = 4; lastKnownFileType = sourcecode.c.h; path = BrcmFirmwareStore.h; sourceTree = "<group>"; };
		D45427691A2A045E000B0964 /* hci.h */ = {isa = PBXFileReference; lastKnownFileType = sourcecode.c.h; path = hci.h; sourceTree = "<group>"; };
		D454276C1A2A07A7000B0964 /* Common.h */ = {isa = PBXFileReference; lastKnownFileType = sourcecode.c.h; path = Common.h; sourceTree = "<group>"; };
		D45C93DF1BA3549A006D3FB8 /* USBHostDeviceShim.cpp */ = {isa = PBXFileReference; fileEncoding = 4; lastKnownFileType = sourcecode.cpp.cpp; path = USBHostDeviceShim.cpp; sourceTree = "<group>"; };
		D4E0A25A1BA30FD300A5FE05 /* USBDeviceShim.cpp */ = {isa = PBXFileReference; fileEncoding = 4; lastKnownFileType = sourcecode.cpp.cpp; path = USBDeviceShim.cpp; sourceTree = "<group>"; };
		D4E0A25B1BA30FD300A5FE05 /* USBDeviceShim.h */ = {isa = PBXFileReference; fileEncoding = 4; lastKnownFileType = sourcecode.c.h; path = USBDeviceShim.h; sourceTree = "<group>"; };
		D4F91B021A2998CE0030D10D /* BrcmPatchRAM-Info.plist */ = {isa = PBXFileReference; lastKnownFileType = text.plist.xml; path = "BrcmPatchRAM-Info.plist"; sourceTree = "<group>"; };
		D4F91B031A2998CE0030D10D /* BrcmPatchRAM.h */ = {isa = PBXFileReference; lastKnownFileType = sourcecode.c.h; path = BrcmPatchRAM.h; sourceTree = "<group>"; };
		D4F91B051A2998CE0030D10D /* BrcmPatchRAM.cpp */ = {isa = PBXFileReference; lastKnownFileType = sourcecode.cpp.cpp; path = BrcmPatchRAM.cpp; sourceTree = "<group>"; };
		D4F91B121A299C210030D10D /* IOKit.framework */ = {isa = PBXFileReference; lastKnownFileType = wrapper.framework; name = IOKit.framework; path = Platforms/MacOSX.platform/Developer/SDKs/MacOSX10.9.sdk/System/Library/Frameworks/IOKit.framework; sourceTree = DEVELOPER_DIR; };
		E26C36B222E1051E006BAA83 /* BCM43142A0_001.001.011.0311.0331_v4427.zhx */ = {isa = PBXFileReference; lastKnownFileType = file; name = BCM43142A0_001.001.011.0311.0331_v4427.zhx; path = "firmwares/0489_e055/BCM43142A0_001.001.011.0311.0331_v4427.zhx"; sourceTree = "<group>"; };
		E26C36B322E1051E006BAA83 /* BCM20702A1_001.002.014.1443.1486_v5582.zhx */ = {isa = PBXFileReference; lastKnownFileType = file; name = BCM20702A1_001.002.014.1443.1486_v5582.zhx; path = "firmwares/0489_e04f/BCM20702A1_001.002.014.1443.1486_v5582.zhx"; sourceTree = "<group>"; };
		E26C36B422E1051E006BAA83 /* BCM4350C5_003.006.007.0120.2118_v6214.zhx */ = {isa = PBXFileReference; lastKnownFileType = file; name = BCM4350C5_003.006.007.0120.2118_v6214.zhx; path = "firmwares/0a5c_6413/BCM4350C5_003.006.007.0120.2118_v6214.zhx"; sourceTree = "<group>"; };
		E26C36B522E1051E006BAA83 /* BCM20702A1_001.002.014.1443.1572_v5668.zhx */ = {isa = PBXFileReference; lastKnownFileType = file; name = BCM20702A1_001.002.014.1443.1572_v5668.zhx; path = "firmwares/0a5c_216f/BCM20702A1_001.002.014.1443.1572_v5668.zhx"; sourceTree = "<group>"; };
		E26C36B622E1051E006BAA83 /* BCM43142A0_001.001.011.0311.0316_v4412.zhx */ = {isa = PBXFileReference; lastKnownFileType = file; name = BCM43142A0_001.001.011.0311.0316_v4412.zhx; path = "firmwares/04f2_b4a1/BCM43142A0_001.001.011.0311.0316_v4412.zhx"; sourceTree = "<group>"; };
		E26C36B722E1051E006BAA83 /* BCM20702A1_001.002.014.1502.1769_v5865.zhx */ = {isa = PBXFileReference; lastKnownFileType = file; name = BCM20702A1_001.002.014.1502.1769_v5865.zhx; path = "firmwares/0a5c_640b/BCM20702A1_001.002.014.1502.1769_v5865.zhx"; sourceTree = "<group>"; };
		E26C36B822E1051E006BAA83 /* BCM20703A1_001.001.005.0214.0414_v4510.zhx */ = {isa = PBXFileReference; lastKnownFileType = file; name = BCM20703A1_001.001.005.0214.0414_v4510.zhx; path = "firmwares/0489_e0a1/BCM20703A1_001.001.005.0214.0414_v4510.zhx"; sourceTree = "<group>"; };
		E26C36B922E1051E006BAA83 /* BCM43142A0_001.001.011.0311.0330_v4426.zhx */ = {isa = PBXFileReference; lastKnownFileType = file; name = BCM43142A0_001.001.011.0311.0330_v4426.zhx; path = "firmwares/04ca_2009/BCM43142A0_001.001.011.0311.0330_v4426.zhx"; sourceTree = "<group>"; };
		E26C36BA22E1051E006BAA83 /* BCM20702A1_001.002.014.1502.1768_v5864.zhx */ = {isa = PBXFileReference; lastKnownFileType = file; name = BCM20702A1_001.002.014.1502.1768_v5864.zhx; path = "firmwares/0a5c_216b/BCM20702A1_001.002.014.1502.1768_v5864.zhx"; sourceTree = "<group>"; };
		E26C36BB22E1051E006BAA83 /* BCM20702A1_001.002.014.1443.1482_v5578.zhx */ = {isa = PBXFileReference; lastKnownFileType = file; name = BCM20702A1_001.002.014.1443.1482_v5578.zhx; path = "firmwares/050d_065a/BCM20702A1_001.002.014.1443.1482_v5578.zhx"; sourceTree = "<group>"; };
		E26C36BC22E1051E006BAA83 /* BCM20702A1_001.002.014.1443.1467_v5563.zhx */ = {isa = PBXFileReference; lastKnownFileType = file; name = BCM20702A1_001.002.014.1443.1467_v5563.zhx; path = "firmwares/0b05_17cb/BCM20702A1_001.002.014.1443.1467_v5563.zhx"; sourceTree = "<group>"; };
		E26C36BD22E1051E006BAA83 /* BCM20702A1_001.002.014.1443.1481_v5577.zhx */ = {isa = PBXFileReference; lastKnownFileType = file; name = BCM20702A1_001.002.014.1443.1481_v5577.zhx; path = "firmwares/13d3_3413/BCM20702A1_001.002.014.1443.1481_v5577.zhx"; sourceTree = "<group>"; };
		E26C36BE22E1051E006BAA83 /* BCM20702A1_001.002.014.1443.1450_v5546.zhx */ = {isa = PBXFileReference; lastKnownFileType = file; name = BCM20702A1_001.002.014.1443.1450_v5546.zhx; path = "firmwares/13d3_3411/BCM20702A1_001.002.014.1443.1450_v5546.zhx"; sourceTree = "<group>"; };
		E26C36BF22E1051E006BAA83 /* BCM20702A1_001.002.014.1502.1780_v5876.zhx */ = {isa = PBXFileReference; lastKnownFileType = file; name = BCM20702A1_001.002.014.1502.1780_v5876.zhx; path = "firmwares/0a5c_6417/BCM20702A1_001.002.014.1502.1780_v5876.zhx"; sourceTree = "<group>"; };
		E26C36C022E1051E006BAA83 /* BCM20702A1_001.002.014.1502.1786_v5882.zhx */ = {isa = PBXFileReference; lastKnownFileType = file; name = BCM20702A1_001.002.014.1502.1786_v5882.zhx; path = "firmwares/13d3_3517/BCM20702A1_001.002.014.1502.1786_v5882.zhx"; sourceTree = "<group>"; };
		E26C36C122E1051E006BAA83 /* BCM20702A1_001.002.014.1443.1462_v5558.zhx */ = {isa = PBXFileReference; lastKnownFileType = file; name = BCM20702A1_001.002.014.1443.1462_v5558.zhx; path = "firmwares/0a5c_2169/BCM20702A1_001.002.014.1443.1462_v5558.zhx"; sourceTree = "<group>"; };
		E26C36C222E1051E006BAA83 /* BCM43142A0_001.001.011.0311.0328_v4424.zhx */ = {isa = PBXFileReference; fileEncoding = 4; lastKnownFileType = text; name = BCM43142A0_001.001.011.0311.0328_v4424.zhx; path = "firmwares/0a5c_216c/BCM43142A0_001.001.011.0311.0328_v4424.zhx"; sourceTree = "<group>"; };
		E26C36C322E1051E006BAA83 /* BCM20702A1_001.002.014.1443.1460_v5556.zhx */ = {isa = PBXFileReference; lastKnownFileType = file; name = BCM20702A1_001.002.014.1443.1460_v5556.zhx; path = "firmwares/0a5c_21ec/BCM20702A1_001.002.014.1443.1460_v5556.zhx"; sourceTree = "<group>"; };
		E26C36C422E1051E006BAA83 /* BCM4350C5_003.006.007.0222.4689_v8785.zhx */ = {isa = PBXFileReference; lastKnownFileType = file; name = BCM4350C5_003.006.007.0222.4689_v8785.zhx; path = "firmwares/0a5c_6412/BCM4350C5_003.006.007.0222.4689_v8785.zhx"; sourceTree = "<group>"; };
		E26C36C522E1051E006BAA83 /* BCM20702A1_001.002.014.1483.1651_v5747.zhx */ = {isa = PBXFileReference; lastKnownFileType = file; name = BCM20702A1_001.002.014.1483.1651_v5747.zhx; path = "firmwares/0489_e07a/BCM20702A1_001.002.014.1483.1651_v5747.zhx"; sourceTree = "<group>"; };
		E26C36C622E1051E006BAA83 /* BCM4335C0_003.001.009.0066.0104_v4200.zhx */ = {isa = PBXFileReference; lastKnownFileType = file; name = BCM4335C0_003.001.009.0066.0104_v4200.zhx; path = "firmwares/0930_0229/BCM4335C0_003.001.009.0066.0104_v4200.zhx"; sourceTree = "<group>"; };
		E26C36C722E1051E006BAA83 /* BCM20702A1_001.002.014.1443.1479_v5575.zhx */ = {isa = PBXFileReference; lastKnownFileType = file; name = BCM20702A1_001.002.014.1443.1479_v5575.zhx; path = "firmwares/13d3_3404/BCM20702A1_001.002.014.1443.1479_v5575.zhx"; sourceTree = "<group>"; };
		E26C36C822E1051F006BAA83 /* BCM43142A0_001.001.011.0311.0335_v4431.zhx */ = {isa = PBXFileReference; lastKnownFileType = file; name = BCM43142A0_001.001.011.0311.0335_v4431.zhx; path = "firmwares/0930_021f/BCM43142A0_001.001.011.0311.0335_v4431.zhx"; sourceTree = "<group>"; };
		E26C36C922E1051F006BAA83 /* BCM20702A1_001.002.014.1443.1714_v5810.zhx */ = {isa = PBXFileReference; fileEncoding = 4; lastKnownFileType = text; name = BCM20702A1_001.002.014.1443.1714_v5810.zhx; path = "firmwares/0b05_180a/BCM20702A1_001.002.014.1443.1714_v5810.zhx"; sourceTree = "<group>"; };
		E26C36CA22E1051F006BAA83 /* BCM20702A1_001.002.014.1443.1490_v5586.zhx */ = {isa = PBXFileReference; lastKnownFileType = file; name = BCM20702A1_001.002.014.1443.1490_v5586.zhx; path = "firmwares/04ca_2005/BCM20702A1_001.002.014.1443.1490_v5586.zhx"; sourceTree = "<group>"; };
		E26C36CB22E1051F006BAA83 /* BCM43142A0_001.001.011.0311.0341_v4437.zhx */ = {isa = PBXFileReference; fileEncoding = 4; lastKnownFileType = text; name = BCM43142A0_001.001.011.0311.0341_v4437.zhx; path = "firmwares/0a5c_21d7/BCM43142A0_001.001.011.0311.0341_v4437.zhx"; sourceTree = "<group>"; };
		E26C36CC22E1051F006BAA83 /* BCM20702A1_001.002.014.1443.1461_v5557.zhx */ = {isa = PBXFileReference; lastKnownFileType = file; name = BCM20702A1_001.002.014.1443.1461_v5557.zhx; path = "firmwares/0a5c_21de/BCM20702A1_001.002.014.1443.1461_v5557.zhx"; sourceTree = "<group>"; };
		E26C36CD22E1051F006BAA83 /* BCM20702A1_001.002.014.1443.1502_v5598.zhx */ = {isa = PBXFileReference; fileEncoding = 4; lastKnownFileType = text; name = BCM20702A1_001.002.014.1443.1502_v5598.zhx; path = "firmwares/13d3_3456/BCM20702A1_001.002.014.1443.1502_v5598.zhx"; sourceTree = "<group>"; };
		E26C36CE22E1051F006BAA83 /* BCM20702A1_001.002.014.1443.1494_v5590.zhx */ = {isa = PBXFileReference; fileEncoding = 4; lastKnownFileType = text; name = BCM20702A1_001.002.014.1443.1494_v5590.zhx; path = "firmwares/04ca_200c/BCM20702A1_001.002.014.1443.1494_v5590.zhx"; sourceTree = "<group>"; };
		E26C36CF22E1051F006BAA83 /* BCM20702A1_001.002.014.1443.1493_v5589.zhx */ = {isa = PBXFileReference; lastKnownFileType = file; name = BCM20702A1_001.002.014.1443.1493_v5589.zhx; path = "firmwares/04ca_200b/BCM20702A1_001.002.014.1443.1493_v5589.zhx"; sourceTree = "<group>"; };
		E26C36D022E1051F006BAA83 /* BCM20702A1_001.002.014.1502.1757_v5853.zhx */ = {isa = PBXFileReference; lastKnownFileType = file; name = BCM20702A1_001.002.014.1502.1757_v5853.zhx; path = "firmwares/0a5c_21e6/BCM20702A1_001.002.014.1502.1757_v5853.zhx"; sourceTree = "<group>"; };
		E26C36D122E1051F006BAA83 /* BCM20702A1_001.002.014.1502.1766_v5862.zhx */ = {isa = PBXFileReference; lastKnownFileType = file; name = BCM20702A1_001.002.014.1502.1766_v5862.zhx; path = "firmwares/0a5c_21fb/BCM20702A1_001.002.014.1502.1766_v5862.zhx"; sourceTree = "<group>"; };
		E26C36D222E1051F006BAA83 /* BCM20702A1_001.002.014.1443.1492_v5588.zhx */ = {isa = PBXFileReference; lastKnownFileType = file; name = BCM20702A1_001.002.014.1443.1492_v5588.zhx; path = "firmwares/04ca_200a/BCM20702A1_001.002.014.1443.1492_v5588.zhx"; sourceTree = "<group>"; };
		E26C36D322E1051F006BAA83 /* BCM4335C0_003.001.009.0066.0105_v4201.zhx */ = {isa = PBXFileReference; lastKnownFileType = file; name = BCM4335C0_003.001.009.0066.0105_v4201.zhx; path = "firmwares/0a5c_216e/BCM4335C0_003.001.009.0066.0105_v4201.zhx"; sourceTree = "<group>"; };
		E26C36D422E1051F006BAA83 /* BCM20702A1_001.002.014.1443.1477_v5573.zhx */ = {isa = PBXFileReference; lastKnownFileType = file; name = BCM20702A1_001.002.014.1443.1477_v5573.zhx; path = "firmwares/13d3_3384/BCM20702A1_001.002.014.1443.1477_v5573.zhx"; sourceTree = "<group>"; };
		E26C36D522E1051F006BAA83 /* BCM20702A1_001.002.014.1443.1501_v5597.zhx */ = {isa = PBXFileReference; fileEncoding = 4; lastKnownFileType = text; name = BCM20702A1_001.002.014.1443.1501_v5597.zhx; path = "firmwares/13d3_3435/BCM20702A1_001.002.014.1443.1501_v5597.zhx"; sourceTree = "<group>"; };
		E26C36D622E1051F006BAA83 /* BCM20702A1_001.002.014.1443.1480_v5576.zhx */ = {isa = PBXFileReference; lastKnownFileType = file; name = BCM20702A1_001.002.014.1443.1480_v5576.zhx; path = "firmwares/13d3_3418/BCM20702A1_001.002.014.1443.1480_v5576.zhx"; sourceTree = "<group>"; };
		E26C36D722E1051F006BAA83 /* BCM20702A1_001.002.014.1443.1532_v5628.zhx */ = {isa = PBXFileReference; lastKnownFileType = file; name = BCM20702A1_001.002.014.1443.1532_v5628.zhx; path = "firmwares/0489_e087/BCM20702A1_001.002.014.1443.1532_v5628.zhx"; sourceTree = "<group>"; };
		E26C36D822E1051F006BAA83 /* BCM20702A1_001.002.014.1502.1763_v5859.zhx */ = {isa = PBXFileReference; lastKnownFileType = file; name = BCM20702A1_001.002.014.1502.1763_v5859.zhx; path = "firmwares/0930_0223/BCM20702A1_001.002.014.1502.1763_v5859.zhx"; sourceTree = "<group>"; };
		E26C36D922E1051F006BAA83 /* BCM20702A1_001.002.014.1502.1765_v5861.zhx */ = {isa = PBXFileReference; lastKnownFileType = file; name = BCM20702A1_001.002.014.1502.1765_v5861.zhx; path = "firmwares/0a5c_21f1/BCM20702A1_001.002.014.1502.1765_v5861.zhx"; sourceTree = "<group>"; };
		E26C36DA22E1051F006BAA83 /* BCM43142A0_001.001.011.0311.0332_v4428.zhx */ = {isa = PBXFileReference; lastKnownFileType = file; name = BCM43142A0_001.001.011.0311.0332_v4428.zhx; path = "firmwares/13d3_3388/BCM43142A0_001.001.011.0311.0332_v4428.zhx"; sourceTree = "<group>"; };
		E26C36DB22E1051F006BAA83 /* BCM20702A1_001.002.014.1502.1760_v5856.zhx */ = {isa = PBXFileReference; lastKnownFileType = file; name = BCM20702A1_001.002.014.1502.1760_v5856.zhx; path = "firmwares/0a5c_21f4/BCM20702A1_001.002.014.1502.1760_v5856.zhx"; sourceTree = "<group>"; };
		E26C36DC22E1051F006BAA83 /* BCM43142A0_001.001.011.0311.0339_v4435.zhx */ = {isa = PBXFileReference; lastKnownFileType = file; name = BCM43142A0_001.001.011.0311.0339_v4435.zhx; path = "firmwares/04ca_2012/BCM43142A0_001.001.011.0311.0339_v4435.zhx"; sourceTree = "<group>"; };
		E26C36DD22E1051F006BAA83 /* BCM20702A1_001.002.014.1443.1483_v5579.zhx */ = {isa = PBXFileReference; fileEncoding = 4; lastKnownFileType = text; name = BCM20702A1_001.002.014.1443.1483_v5579.zhx; path = "firmwares/145f_01a3/BCM20702A1_001.002.014.1443.1483_v5579.zhx"; sourceTree = "<group>"; };
		E26C36DE22E1051F006BAA83 /* BCM20702A1_001.002.014.1443.1469_v5565.zhx */ = {isa = PBXFileReference; lastKnownFileType = file; name = BCM20702A1_001.002.014.1443.1469_v5565.zhx; path = "firmwares/0b05_17cf/BCM20702A1_001.002.014.1443.1469_v5565.zhx"; sourceTree = "<group>"; };
		E26C36DF22E1051F006BAA83 /* BCM20702A1_001.002.014.1502.1767_v5863.zhx */ = {isa = PBXFileReference; fileEncoding = 4; lastKnownFileType = text; name = BCM20702A1_001.002.014.1502.1767_v5863.zhx; path = "firmwares/0a5c_21e3/BCM20702A1_001.002.014.1502.1767_v5863.zhx"; sourceTree = "<group>"; };
		E26C36E022E1051F006BAA83 /* BCM4335C0_003.001.009.0066.0108_v4204.zhx */ = {isa = PBXFileReference; lastKnownFileType = file; name = BCM4335C0_003.001.009.0066.0108_v4204.zhx; path = "firmwares/0a5c_2168/BCM4335C0_003.001.009.0066.0108_v4204.zhx"; sourceTree = "<group>"; };
		E26C36E122E1051F006BAA83 /* BCM4335C0_003.001.009.0066.0115_v4211.zhx */ = {isa = PBXFileReference; lastKnownFileType = file; name = BCM4335C0_003.001.009.0066.0115_v4211.zhx; path = "firmwares/0489_e079/BCM4335C0_003.001.009.0066.0115_v4211.zhx"; sourceTree = "<group>"; };
		E26C36E222E1051F006BAA83 /* BCM43142A0_001.001.011.0311.0340_v4436.zhx */ = {isa = PBXFileReference; lastKnownFileType = file; name = BCM43142A0_001.001.011.0311.0340_v4436.zhx; path = "firmwares/0489_e096/BCM43142A0_001.001.011.0311.0340_v4436.zhx"; sourceTree = "<group>"; };
		E26C36E322E1051F006BAA83 /* BCM20702A1_001.002.014.1443.1465_v5561.zhx */ = {isa = PBXFileReference; lastKnownFileType = file; name = BCM20702A1_001.002.014.1443.1465_v5561.zhx; path = "firmwares/0489_e046/BCM20702A1_001.002.014.1443.1465_v5561.zhx"; sourceTree = "<group>"; };
		E26C36E422E1051F006BAA83 /* BCM43142A0_001.001.011.0311.0336_v4432.zhx */ = {isa = PBXFileReference; lastKnownFileType = file; name = BCM43142A0_001.001.011.0311.0336_v4432.zhx; path = "firmwares/0a5c_216a/BCM43142A0_001.001.011.0311.0336_v4432.zhx"; sourceTree = "<group>"; };
		E26C36E522E1051F006BAA83 /* BCM43142A0_001.001.011.0311.0347_v4443.zhx */ = {isa = PBXFileReference; lastKnownFileType = file; name = BCM43142A0_001.001.011.0311.0347_v4443.zhx; path = "firmwares/13d3_3484/BCM43142A0_001.001.011.0311.0347_v4443.zhx"; sourceTree = "<group>"; };
		E26C36E622E1051F006BAA83 /* BCM20702A1_001.002.014.1502.1762_v5858.zhx */ = {isa = PBXFileReference; lastKnownFileType = file; name = BCM20702A1_001.002.014.1502.1762_v5858.zhx; path = "firmwares/0930_0221/BCM20702A1_001.002.014.1502.1762_v5858.zhx"; sourceTree = "<group>"; };
		E26C36E722E10520006BAA83 /* BCM20702A1_001.002.014.1443.1466_v5562.zhx */ = {isa = PBXFileReference; lastKnownFileType = file; name = BCM20702A1_001.002.014.1443.1466_v5562.zhx; path = "firmwares/0489_e059/BCM20702A1_001.002.014.1443.1466_v5562.zhx"; sourceTree = "<group>"; };
		E26C36E822E10520006BAA83 /* BCM20702A1_001.002.014.1502.1759_v5855.zhx */ = {isa = PBXFileReference; lastKnownFileType = file; name = BCM20702A1_001.002.014.1502.1759_v5855.zhx; path = "firmwares/0930_021e/BCM20702A1_001.002.014.1502.1759_v5855.zhx"; sourceTree = "<group>"; };
		E26C36E922E10520006BAA83 /* BCM20702A1_001.002.014.1443.1478_v5574.zhx */ = {isa = PBXFileReference; fileEncoding = 4; lastKnownFileType = text; name = BCM20702A1_001.002.014.1443.1478_v5574.zhx; path = "firmwares/13d3_3392/BCM20702A1_001.002.014.1443.1478_v5574.zhx"; sourceTree = "<group>"; };
		E26C36EA22E10520006BAA83 /* BCM43142A0_001.001.011.0311.0333_v4429.zhx */ = {isa = PBXFileReference; lastKnownFileType = file; name = BCM43142A0_001.001.011.0311.0333_v4429.zhx; path = "firmwares/13d3_3389/BCM43142A0_001.001.011.0311.0333_v4429.zhx"; sourceTree = "<group>"; };
		E26C36EB22E10520006BAA83 /* BCM43142A0_001.001.011.0311.0312_v4408.zhx */ = {isa = PBXFileReference; fileEncoding = 4; lastKnownFileType = text; name = BCM43142A0_001.001.011.0311.0312_v4408.zhx; path = "firmwares/105b_e065/BCM43142A0_001.001.011.0311.0312_v4408.zhx"; sourceTree = "<group>"; };
		E26C36EC22E10520006BAA83 /* BCM20702A1_001.002.014.1443.1463_v5559.zhx */ = {isa = PBXFileReference; fileEncoding = 4; lastKnownFileType = text; name = BCM20702A1_001.002.014.1443.1463_v5559.zhx; path = "firmwares/0a5c_21fd/BCM20702A1_001.002.014.1443.1463_v5559.zhx"; sourceTree = "<group>"; };
		E26C36ED22E10520006BAA83 /* BCM43142A0_001.001.011.0311.0334_v4430.zhx */ = {isa = PBXFileReference; lastKnownFileType = file; name = BCM43142A0_001.001.011.0311.0334_v4430.zhx; path = "firmwares/0930_0225/BCM43142A0_001.001.011.0311.0334_v4430.zhx"; sourceTree = "<group>"; };
		E26C36EE22E10520006BAA83 /* BCM20702A1_001.002.014.1502.1758_v5854.zhx */ = {isa = PBXFileReference; lastKnownFileType = file; name = BCM20702A1_001.002.014.1502.1758_v5854.zhx; path = "firmwares/0489_e052/BCM20702A1_001.002.014.1502.1758_v5854.zhx"; sourceTree = "<group>"; };
		E26C36EF22E10520006BAA83 /* BCM4371C2_001.003.015.0093.0116_v4212.zhx */ = {isa = PBXFileReference; lastKnownFileType = file; name = BCM4371C2_001.003.015.0093.0116_v4212.zhx; path = "firmwares/0a5c_6418/BCM4371C2_001.003.015.0093.0116_v4212.zhx"; sourceTree = "<group>"; };
		E26C36F022E10520006BAA83 /* BCM20703A1_001.001.005.0214.0422_v4518.zhx */ = {isa = PBXFileReference; lastKnownFileType = file; name = BCM20703A1_001.001.005.0214.0422_v4518.zhx; path = "firmwares/0a5c_6410/BCM20703A1_001.001.005.0214.0422_v4518.zhx"; sourceTree = "<group>"; };
		E26C36F122E10520006BAA83 /* BCM20702A1_001.002.014.1443.1488_v5584.zhx */ = {isa = PBXFileReference; lastKnownFileType = file; name = BCM20702A1_001.002.014.1443.1488_v5584.zhx; path = "firmwares/04ca_2003/BCM20702A1_001.002.014.1443.1488_v5584.zhx"; sourceTree = "<group>"; };
		E26C36F222E10520006BAA83 /* BCM20702A1_001.002.014.1443.1447_v5543.zhx */ = {isa = PBXFileReference; fileEncoding = 4; lastKnownFileType = text; name = BCM20702A1_001.002.014.1443.1447_v5543.zhx; path = "firmwares/413c_8197/BCM20702A1_001.002.014.1443.1447_v5543.zhx"; sourceTree = "<group>"; };
		E26C36F322E10520006BAA83 /* BCM43142A0_001.001.011.0311.0327_v4423.zhx */ = {isa = PBXFileReference; lastKnownFileType = file; name = BCM43142A0_001.001.011.0311.0327_v4423.zhx; path = "firmwares/04ca_2006/BCM43142A0_001.001.011.0311.0327_v4423.zhx"; sourceTree = "<group>"; };
		E26C36F422E10520006BAA83 /* BCM43142A0_001.001.011.0311.0329_v4425.zhx */ = {isa = PBXFileReference; lastKnownFileType = file; name = BCM43142A0_001.001.011.0311.0329_v4425.zhx; path = "firmwares/0a5c_216d/BCM43142A0_001.001.011.0311.0329_v4425.zhx"; sourceTree = "<group>"; };
		E26C36F522E10520006BAA83 /* BCM20702A1_001.002.014.1443.1489_v5585.zhx */ = {isa = PBXFileReference; lastKnownFileType = file; name = BCM20702A1_001.002.014.1443.1489_v5585.zhx; path = "firmwares/04ca_2004/BCM20702A1_001.002.014.1443.1489_v5585.zhx"; sourceTree = "<group>"; };
		E26C36F622E10520006BAA83 /* BCM4371C2_001.003.015.0093.0118_v4214.zhx */ = {isa = PBXFileReference; fileEncoding = 4; lastKnownFileType = text; name = BCM4371C2_001.003.015.0093.0118_v4214.zhx; path = "firmwares/13d3_3504/BCM4371C2_001.003.015.0093.0118_v4214.zhx"; sourceTree = "<group>"; };
		E26C36F722E10520006BAA83 /* BCM20703A1_001.001.005.0214.0473_v4569.zhx */ = {isa = PBXFileReference; lastKnownFileType = file; name = BCM20703A1_001.001.005.0214.0473_v4569.zhx; path = "firmwares/0a5c_7460/BCM20703A1_001.001.005.0214.0473_v4569.zhx"; sourceTree = "<group>"; };
		E26C36F822E10520006BAA83 /* BCM20702A1_001.002.014.1443.1521_v5617.zhx */ = {isa = PBXFileReference; lastKnownFileType = file; name = BCM20702A1_001.002.014.1443.1521_v5617.zhx; path = "firmwares/04ca_200f/BCM20702A1_001.002.014.1443.1521_v5617.zhx"; sourceTree = "<group>"; };
		E26C36F922E10520006BAA83 /* BCM20702A1_001.002.014.1443.1468_v5564.zhx */ = {isa = PBXFileReference; lastKnownFileType = file; name = BCM20702A1_001.002.014.1443.1468_v5564.zhx; path = "firmwares/0b05_17b5/BCM20702A1_001.002.014.1443.1468_v5564.zhx"; sourceTree = "<group>"; };
		E26C36FA22E10520006BAA83 /* BCM20702A1_001.002.014.1443.1499_v5595.zhx */ = {isa = PBXFileReference; fileEncoding = 4; lastKnownFileType = text; name = BCM20702A1_001.002.014.1443.1499_v5595.zhx; path = "firmwares/04ca_200e/BCM20702A1_001.002.014.1443.1499_v5595.zhx"; sourceTree = "<group>"; };
		E26C36FB22E10520006BAA83 /* BCM4350C5_003.006.007.0145.2724_v6820.zhx */ = {isa = PBXFileReference; lastKnownFileType = file; name = BCM4350C5_003.006.007.0145.2724_v6820.zhx; path = "firmwares/0a5c_6414/BCM4350C5_003.006.007.0145.2724_v6820.zhx"; sourceTree = "<group>"; };
		E26C36FC22E10520006BAA83 /* BCM20702A1_001.002.014.1502.1770_v5866.zhx */ = {isa = PBXFileReference; lastKnownFileType = file; name = BCM20702A1_001.002.014.1502.1770_v5866.zhx; path = "firmwares/0a5c_21e1/BCM20702A1_001.002.014.1502.1770_v5866.zhx"; sourceTree = "<group>"; };
		E26C36FD22E10520006BAA83 /* BCM20702A1_001.002.014.1502.1761_v5857.zhx */ = {isa = PBXFileReference; lastKnownFileType = file; name = BCM20702A1_001.002.014.1502.1761_v5857.zhx; path = "firmwares/0a5c_21f3/BCM20702A1_001.002.014.1502.1761_v5857.zhx"; sourceTree = "<group>"; };
		E26C36FE22E10520006BAA83 /* BCM20702A1_001.002.014.1502.1764_v5860.zhx */ = {isa = PBXFileReference; lastKnownFileType = file; name = BCM20702A1_001.002.014.1502.1764_v5860.zhx; path = "firmwares/0a5c_21e8/BCM20702A1_001.002.014.1502.1764_v5860.zhx"; sourceTree = "<group>"; };
		E26C36FF22E10520006BAA83 /* BCM4335C0_003.001.009.0066.0121_v4217.zhx */ = {isa = PBXFileReference; lastKnownFileType = file; name = BCM4335C0_003.001.009.0066.0121_v4217.zhx; path = "firmwares/04ca_2016/BCM4335C0_003.001.009.0066.0121_v4217.zhx"; sourceTree = "<group>"; };
		E26C370022E10520006BAA83 /* BCM4371C2_001.003.015.0093.0117_v4213.zhx */ = {isa = PBXFileReference; fileEncoding = 4; lastKnownFileType = text; name = BCM4371C2_001.003.015.0093.0117_v4213.zhx; path = "firmwares/13d3_3508/BCM4371C2_001.003.015.0093.0117_v4213.zhx"; sourceTree = "<group>"; };
		E26C370122E10520006BAA83 /* BCM43142A0_001.001.011.0311.0346_v4442.zhx */ = {isa = PBXFileReference; lastKnownFileType = file; name = BCM43142A0_001.001.011.0311.0346_v4442.zhx; path = "firmwares/13d3_3482/BCM43142A0_001.001.011.0311.0346_v4442.zhx"; sourceTree = "<group>"; };
		E26C370222E10520006BAA83 /* BCM20702A1_001.002.014.1443.1485_v5581.zhx */ = {isa = PBXFileReference; lastKnownFileType = file; name = BCM20702A1_001.002.014.1443.1485_v5581.zhx; path = "firmwares/0489_e032/BCM20702A1_001.002.014.1443.1485_v5581.zhx"; sourceTree = "<group>"; };
		E26C370322E10520006BAA83 /* BCM20702A1_001.002.014.1443.1487_v5583.zhx */ = {isa = PBXFileReference; lastKnownFileType = file; name = BCM20702A1_001.002.014.1443.1487_v5583.zhx; path = "firmwares/105b_e066/BCM20702A1_001.002.014.1443.1487_v5583.zhx"; sourceTree = "<group>"; };
		E26C370422E10520006BAA83 /* BCM20702A1_001.002.014.1443.1484_v5580.zhx */ = {isa = PBXFileReference; fileEncoding = 4; lastKnownFileType = text; name = BCM20702A1_001.002.014.1443.1484_v5580.zhx; path = "firmwares/0489_e042/BCM20702A1_001.002.014.1443.1484_v5580.zhx"; sourceTree = "<group>"; };
		E26C370522E10520006BAA83 /* BCM20703A1_001.001.005.0214.0481_v4577.zhx */ = {isa = PBXFileReference; lastKnownFileType = file; name = BCM20703A1_001.001.005.0214.0481_v4577.zhx; path = "firmwares/0bb4_0306/BCM20703A1_001.001.005.0214.0481_v4577.zhx"; sourceTree = "<group>"; };
		E26C370622E10521006BAA83 /* BCM20702A1_001.002.014.1443.1449_v5545.zhx */ = {isa = PBXFileReference; lastKnownFileType = file; name = BCM20702A1_001.002.014.1443.1449_v5545.zhx; path = "firmwares/413c_8143/BCM20702A1_001.002.014.1443.1449_v5545.zhx"; sourceTree = "<group>"; };
		ED2A7DD61B37DE6E00DC200F /* BrcmBluetoothInjector.kext */ = {isa = PBXFileReference; explicitFileType = wrapper.cfbundle; includeInIndex = 0; path = BrcmBluetoothInjector.kext; sourceTree = BUILT_PRODUCTS_DIR; };
		ED2A7DD71B37DE6F00DC200F /* BrcmBluetoothInjector-Info.plist */ = {isa = PBXFileReference; lastKnownFileType = text.plist.xml; path = "BrcmBluetoothInjector-Info.plist"; sourceTree = SOURCE_ROOT; };
		ED4CA64B1B86437100EBED28 /* makefile */ = {isa = PBXFileReference; fileEncoding = 4; lastKnownFileType = sourcecode.make; path = makefile; sourceTree = "<group>"; usesTabs = 1; };
		ED4CFCEE1CE8BCB300A285B2 /* README-Mac.md */ = {isa = PBXFileReference; fileEncoding = 4; lastKnownFileType = net.daringfireball.markdown; path = "README-Mac.md"; sourceTree = "<group>"; };
		ED5817C91B7A6AEF006C5522 /* BrcmPatchRAM2.kext */ = {isa = PBXFileReference; explicitFileType = wrapper.cfbundle; includeInIndex = 0; path = BrcmPatchRAM2.kext; sourceTree = BUILT_PRODUCTS_DIR; };
		ED5817CB1B7A6BDF006C5522 /* BrcmPatchRAM2-Info.plist */ = {isa = PBXFileReference; fileEncoding = 4; lastKnownFileType = text.plist.xml; path = "BrcmPatchRAM2-Info.plist"; sourceTree = "<group>"; };
		ED7470F71D184C5D005F75F1 /* BrcmNonPatchRAM.kext */ = {isa = PBXFileReference; explicitFileType = wrapper.cfbundle; includeInIndex = 0; path = BrcmNonPatchRAM.kext; sourceTree = BUILT_PRODUCTS_DIR; };
		ED7470F81D184C5D005F75F1 /* BrcmNonPatchRAM-Info.plist */ = {isa = PBXFileReference; lastKnownFileType = text.plist.xml; name = "BrcmNonPatchRAM-Info.plist"; path = "BrcmNonPatchRAM-Info.plist"; sourceTree = "<absolute>"; };
		EDA673B31BB4D2F5004A85A6 /* print_version.sh */ = {isa = PBXFileReference; fileEncoding = 4; lastKnownFileType = text.script.sh; path = print_version.sh; sourceTree = "<group>"; };
		EDC9E2BC1D185240007E69B6 /* BrcmNonPatchRAM2.kext */ = {isa = PBXFileReference; explicitFileType = wrapper.cfbundle; includeInIndex = 0; path = BrcmNonPatchRAM2.kext; sourceTree = BUILT_PRODUCTS_DIR; };
		EDC9E2BD1D185241007E69B6 /* BrcmNonPatchRAM2-Info.plist */ = {isa = PBXFileReference; lastKnownFileType = text.plist.xml; name = "BrcmNonPatchRAM2-Info.plist"; path = "BrcmNonPatchRAM2-Info.plist"; sourceTree = "<absolute>"; };
/* End PBXFileReference section */

/* Begin PBXFrameworksBuildPhase section */
		841AD87F1BB3C0350082B7B0 /* Frameworks */ = {
			isa = PBXFrameworksBuildPhase;
			buildActionMask = 2147483647;
			files = (
			);
			runOnlyForDeploymentPostprocessing = 0;
		};
		842B20BB1BB2F0D900D3C468 /* Frameworks */ = {
			isa = PBXFrameworksBuildPhase;
			buildActionMask = 2147483647;
			files = (
			);
			runOnlyForDeploymentPostprocessing = 0;
		};
		ED2A7DCC1B37DE6E00DC200F /* Frameworks */ = {
			isa = PBXFrameworksBuildPhase;
			buildActionMask = 2147483647;
			files = (
			);
			runOnlyForDeploymentPostprocessing = 0;
		};
		ED5817BF1B7A6AEF006C5522 /* Frameworks */ = {
			isa = PBXFrameworksBuildPhase;
			buildActionMask = 2147483647;
			files = (
			);
			runOnlyForDeploymentPostprocessing = 0;
		};
		ED7470EF1D184C5D005F75F1 /* Frameworks */ = {
			isa = PBXFrameworksBuildPhase;
			buildActionMask = 2147483647;
			files = (
			);
			runOnlyForDeploymentPostprocessing = 0;
		};
		EDC9E2B41D185240007E69B6 /* Frameworks */ = {
			isa = PBXFrameworksBuildPhase;
			buildActionMask = 2147483647;
			files = (
			);
			runOnlyForDeploymentPostprocessing = 0;
		};
/* End PBXFrameworksBuildPhase section */

/* Begin PBXGroup section */
		D406C2F61A43C6E200AEFA2D /* Frameworks */ = {
			isa = PBXGroup;
			children = (
				D4F91B121A299C210030D10D /* IOKit.framework */,
			);
			name = Frameworks;
			sourceTree = "<group>";
		};
		D43475541BB1CFFE00BA7661 /* Resources */ = {
			isa = PBXGroup;
			children = (
				E26C36C622E1051E006BAA83 /* BCM4335C0_003.001.009.0066.0104_v4200.zhx */,
				E26C36D322E1051F006BAA83 /* BCM4335C0_003.001.009.0066.0105_v4201.zhx */,
				E26C36E022E1051F006BAA83 /* BCM4335C0_003.001.009.0066.0108_v4204.zhx */,
				E26C36E122E1051F006BAA83 /* BCM4335C0_003.001.009.0066.0115_v4211.zhx */,
				E26C36FF22E10520006BAA83 /* BCM4335C0_003.001.009.0066.0121_v4217.zhx */,
				E26C36B422E1051E006BAA83 /* BCM4350C5_003.006.007.0120.2118_v6214.zhx */,
				E26C36FB22E10520006BAA83 /* BCM4350C5_003.006.007.0145.2724_v6820.zhx */,
				E26C36C422E1051E006BAA83 /* BCM4350C5_003.006.007.0222.4689_v8785.zhx */,
				E26C36EF22E10520006BAA83 /* BCM4371C2_001.003.015.0093.0116_v4212.zhx */,
				E26C370022E10520006BAA83 /* BCM4371C2_001.003.015.0093.0117_v4213.zhx */,
				E26C36F622E10520006BAA83 /* BCM4371C2_001.003.015.0093.0118_v4214.zhx */,
				E26C36F222E10520006BAA83 /* BCM20702A1_001.002.014.1443.1447_v5543.zhx */,
				E26C370622E10521006BAA83 /* BCM20702A1_001.002.014.1443.1449_v5545.zhx */,
				E26C36BE22E1051E006BAA83 /* BCM20702A1_001.002.014.1443.1450_v5546.zhx */,
				E26C36C322E1051E006BAA83 /* BCM20702A1_001.002.014.1443.1460_v5556.zhx */,
				E26C36CC22E1051F006BAA83 /* BCM20702A1_001.002.014.1443.1461_v5557.zhx */,
				E26C36C122E1051E006BAA83 /* BCM20702A1_001.002.014.1443.1462_v5558.zhx */,
				E26C36EC22E10520006BAA83 /* BCM20702A1_001.002.014.1443.1463_v5559.zhx */,
				E26C36E322E1051F006BAA83 /* BCM20702A1_001.002.014.1443.1465_v5561.zhx */,
				E26C36E722E10520006BAA83 /* BCM20702A1_001.002.014.1443.1466_v5562.zhx */,
				E26C36BC22E1051E006BAA83 /* BCM20702A1_001.002.014.1443.1467_v5563.zhx */,
				E26C36F922E10520006BAA83 /* BCM20702A1_001.002.014.1443.1468_v5564.zhx */,
				E26C36DE22E1051F006BAA83 /* BCM20702A1_001.002.014.1443.1469_v5565.zhx */,
				E26C36D422E1051F006BAA83 /* BCM20702A1_001.002.014.1443.1477_v5573.zhx */,
				E26C36E922E10520006BAA83 /* BCM20702A1_001.002.014.1443.1478_v5574.zhx */,
				E26C36C722E1051E006BAA83 /* BCM20702A1_001.002.014.1443.1479_v5575.zhx */,
				E26C36D622E1051F006BAA83 /* BCM20702A1_001.002.014.1443.1480_v5576.zhx */,
				E26C36BD22E1051E006BAA83 /* BCM20702A1_001.002.014.1443.1481_v5577.zhx */,
				E26C36BB22E1051E006BAA83 /* BCM20702A1_001.002.014.1443.1482_v5578.zhx */,
				E26C36DD22E1051F006BAA83 /* BCM20702A1_001.002.014.1443.1483_v5579.zhx */,
				E26C370422E10520006BAA83 /* BCM20702A1_001.002.014.1443.1484_v5580.zhx */,
				E26C370222E10520006BAA83 /* BCM20702A1_001.002.014.1443.1485_v5581.zhx */,
				E26C36B322E1051E006BAA83 /* BCM20702A1_001.002.014.1443.1486_v5582.zhx */,
				E26C370322E10520006BAA83 /* BCM20702A1_001.002.014.1443.1487_v5583.zhx */,
				E26C36F122E10520006BAA83 /* BCM20702A1_001.002.014.1443.1488_v5584.zhx */,
				E26C36F522E10520006BAA83 /* BCM20702A1_001.002.014.1443.1489_v5585.zhx */,
				E26C36CA22E1051F006BAA83 /* BCM20702A1_001.002.014.1443.1490_v5586.zhx */,
				E26C36D222E1051F006BAA83 /* BCM20702A1_001.002.014.1443.1492_v5588.zhx */,
				E26C36CF22E1051F006BAA83 /* BCM20702A1_001.002.014.1443.1493_v5589.zhx */,
				E26C36CE22E1051F006BAA83 /* BCM20702A1_001.002.014.1443.1494_v5590.zhx */,
				E26C36FA22E10520006BAA83 /* BCM20702A1_001.002.014.1443.1499_v5595.zhx */,
				E26C36D522E1051F006BAA83 /* BCM20702A1_001.002.014.1443.1501_v5597.zhx */,
				E26C36CD22E1051F006BAA83 /* BCM20702A1_001.002.014.1443.1502_v5598.zhx */,
				E26C36F822E10520006BAA83 /* BCM20702A1_001.002.014.1443.1521_v5617.zhx */,
				E26C36D722E1051F006BAA83 /* BCM20702A1_001.002.014.1443.1532_v5628.zhx */,
				E26C36B522E1051E006BAA83 /* BCM20702A1_001.002.014.1443.1572_v5668.zhx */,
				E26C36C922E1051F006BAA83 /* BCM20702A1_001.002.014.1443.1714_v5810.zhx */,
				E26C36C522E1051E006BAA83 /* BCM20702A1_001.002.014.1483.1651_v5747.zhx */,
				E26C36D022E1051F006BAA83 /* BCM20702A1_001.002.014.1502.1757_v5853.zhx */,
				E26C36EE22E10520006BAA83 /* BCM20702A1_001.002.014.1502.1758_v5854.zhx */,
				E26C36E822E10520006BAA83 /* BCM20702A1_001.002.014.1502.1759_v5855.zhx */,
				E26C36DB22E1051F006BAA83 /* BCM20702A1_001.002.014.1502.1760_v5856.zhx */,
				E26C36FD22E10520006BAA83 /* BCM20702A1_001.002.014.1502.1761_v5857.zhx */,
				E26C36E622E1051F006BAA83 /* BCM20702A1_001.002.014.1502.1762_v5858.zhx */,
				E26C36D822E1051F006BAA83 /* BCM20702A1_001.002.014.1502.1763_v5859.zhx */,
				E26C36FE22E10520006BAA83 /* BCM20702A1_001.002.014.1502.1764_v5860.zhx */,
				E26C36D922E1051F006BAA83 /* BCM20702A1_001.002.014.1502.1765_v5861.zhx */,
				E26C36D122E1051F006BAA83 /* BCM20702A1_001.002.014.1502.1766_v5862.zhx */,
				E26C36DF22E1051F006BAA83 /* BCM20702A1_001.002.014.1502.1767_v5863.zhx */,
				E26C36BA22E1051E006BAA83 /* BCM20702A1_001.002.014.1502.1768_v5864.zhx */,
				E26C36B722E1051E006BAA83 /* BCM20702A1_001.002.014.1502.1769_v5865.zhx */,
				E26C36FC22E10520006BAA83 /* BCM20702A1_001.002.014.1502.1770_v5866.zhx */,
				E26C36BF22E1051E006BAA83 /* BCM20702A1_001.002.014.1502.1780_v5876.zhx */,
				E26C36C022E1051E006BAA83 /* BCM20702A1_001.002.014.1502.1786_v5882.zhx */,
				E26C36B822E1051E006BAA83 /* BCM20703A1_001.001.005.0214.0414_v4510.zhx */,
				E26C36F022E10520006BAA83 /* BCM20703A1_001.001.005.0214.0422_v4518.zhx */,
				E26C36F722E10520006BAA83 /* BCM20703A1_001.001.005.0214.0473_v4569.zhx */,
				E26C370522E10520006BAA83 /* BCM20703A1_001.001.005.0214.0481_v4577.zhx */,
				E26C36EB22E10520006BAA83 /* BCM43142A0_001.001.011.0311.0312_v4408.zhx */,
				E26C36B622E1051E006BAA83 /* BCM43142A0_001.001.011.0311.0316_v4412.zhx */,
				E26C36F322E10520006BAA83 /* BCM43142A0_001.001.011.0311.0327_v4423.zhx */,
				E26C36C222E1051E006BAA83 /* BCM43142A0_001.001.011.0311.0328_v4424.zhx */,
				E26C36F422E10520006BAA83 /* BCM43142A0_001.001.011.0311.0329_v4425.zhx */,
				E26C36B922E1051E006BAA83 /* BCM43142A0_001.001.011.0311.0330_v4426.zhx */,
				E26C36B222E1051E006BAA83 /* BCM43142A0_001.001.011.0311.0331_v4427.zhx */,
				E26C36DA22E1051F006BAA83 /* BCM43142A0_001.001.011.0311.0332_v4428.zhx */,
				E26C36EA22E10520006BAA83 /* BCM43142A0_001.001.011.0311.0333_v4429.zhx */,
				E26C36ED22E10520006BAA83 /* BCM43142A0_001.001.011.0311.0334_v4430.zhx */,
				E26C36C822E1051F006BAA83 /* BCM43142A0_001.001.011.0311.0335_v4431.zhx */,
				E26C36E422E1051F006BAA83 /* BCM43142A0_001.001.011.0311.0336_v4432.zhx */,
				E26C36DC22E1051F006BAA83 /* BCM43142A0_001.001.011.0311.0339_v4435.zhx */,
				E26C36E222E1051F006BAA83 /* BCM43142A0_001.001.011.0311.0340_v4436.zhx */,
				E26C36CB22E1051F006BAA83 /* BCM43142A0_001.001.011.0311.0341_v4437.zhx */,
				E26C370122E10520006BAA83 /* BCM43142A0_001.001.011.0311.0346_v4442.zhx */,
				E26C36E522E1051F006BAA83 /* BCM43142A0_001.001.011.0311.0347_v4443.zhx */,
			);
			name = Resources;
			path = ..;
			sourceTree = "<group>";
		};
		D4F91AF41A2998CE0030D10D = {
			isa = PBXGroup;
			children = (
				8480E9531BB4312200FF61B0 /* README.md */,
				ED4CFCEE1CE8BCB300A285B2 /* README-Mac.md */,
				ED4CA64B1B86437100EBED28 /* makefile */,
				841AD8941BB3C27E0082B7B0 /* generate_firmware_data.sh */,
				EDA673B31BB4D2F5004A85A6 /* print_version.sh */,
				D406C2F61A43C6E200AEFA2D /* Frameworks */,
				D4F91B001A2998CE0030D10D /* BrcmPatchRAM */,
				D4F91AFF1A2998CE0030D10D /* Products */,
			);
			sourceTree = "<group>";
		};
		D4F91AFF1A2998CE0030D10D /* Products */ = {
			isa = PBXGroup;
			children = (
				ED2A7DD61B37DE6E00DC200F /* BrcmBluetoothInjector.kext */,
				ED5817C91B7A6AEF006C5522 /* BrcmPatchRAM2.kext */,
				842B20C91BB2F0D900D3C468 /* BrcmFirmwareRepo.kext */,
				841AD88C1BB3C0350082B7B0 /* BrcmFirmwareData.kext */,
				ED7470F71D184C5D005F75F1 /* BrcmNonPatchRAM.kext */,
				EDC9E2BC1D185240007E69B6 /* BrcmNonPatchRAM2.kext */,
			);
			name = Products;
			sourceTree = "<group>";
		};
		D4F91B001A2998CE0030D10D /* BrcmPatchRAM */ = {
			isa = PBXGroup;
			children = (
				D4049E561A3252B1003A1893 /* BrcmFirmwareStore.h */,
				D4049E551A3252B1003A1893 /* BrcmFirmwareStore.cpp */,
				841AD8921BB3C1960082B7B0 /* FirmwareData.h */,
				841AD8901BB3C12F0082B7B0 /* FirmwareData.cpp */,
				D4F91B031A2998CE0030D10D /* BrcmPatchRAM.h */,
				D4F91B051A2998CE0030D10D /* BrcmPatchRAM.cpp */,
				D4F91B011A2998CE0030D10D /* Supporting Files */,
				D45427691A2A045E000B0964 /* hci.h */,
				D454276C1A2A07A7000B0964 /* Common.h */,
				D4E0A25B1BA30FD300A5FE05 /* USBDeviceShim.h */,
				D4E0A25A1BA30FD300A5FE05 /* USBDeviceShim.cpp */,
				D45C93DF1BA3549A006D3FB8 /* USBHostDeviceShim.cpp */,
				ED7470FA1D184D06005F75F1 /* BrcmNonPatchRAM */,
				ED2A7DD91B37DEAD00DC200F /* BrcmBluetoothInjector */,
				D43475541BB1CFFE00BA7661 /* Resources */,
			);
			path = BrcmPatchRAM;
			sourceTree = "<group>";
		};
		D4F91B011A2998CE0030D10D /* Supporting Files */ = {
			isa = PBXGroup;
			children = (
				D4F91B021A2998CE0030D10D /* BrcmPatchRAM-Info.plist */,
				ED5817CB1B7A6BDF006C5522 /* BrcmPatchRAM2-Info.plist */,
				841AD88E1BB3C0F40082B7B0 /* BrcmFirmwareData-Info.plist */,
				842B20A11BB2EFA200D3C468 /* BrcmFirmwareRepo-Info.plist */,
			);
			name = "Supporting Files";
			sourceTree = "<group>";
		};
		ED2A7DD91B37DEAD00DC200F /* BrcmBluetoothInjector */ = {
			isa = PBXGroup;
			children = (
				ED2A7DD71B37DE6F00DC200F /* BrcmBluetoothInjector-Info.plist */,
			);
			name = BrcmBluetoothInjector;
			path = ..;
			sourceTree = "<group>";
		};
		ED7470FA1D184D06005F75F1 /* BrcmNonPatchRAM */ = {
			isa = PBXGroup;
			children = (
				ED7470F81D184C5D005F75F1 /* BrcmNonPatchRAM-Info.plist */,
				EDC9E2BD1D185241007E69B6 /* BrcmNonPatchRAM2-Info.plist */,
			);
			name = BrcmNonPatchRAM;
			path = ..;
			sourceTree = "<group>";
		};
/* End PBXGroup section */

/* Begin PBXHeadersBuildPhase section */
		841AD8801BB3C0350082B7B0 /* Headers */ = {
			isa = PBXHeadersBuildPhase;
			buildActionMask = 2147483647;
			files = (
				841AD8811BB3C0350082B7B0 /* BrcmPatchRAM.h in Headers */,
				841AD8821BB3C0350082B7B0 /* BrcmFirmwareStore.h in Headers */,
				841AD8831BB3C0350082B7B0 /* Common.h in Headers */,
				841AD8841BB3C0350082B7B0 /* USBDeviceShim.h in Headers */,
				841AD8851BB3C0350082B7B0 /* hci.h in Headers */,
			);
			runOnlyForDeploymentPostprocessing = 0;
		};
		842B20BC1BB2F0D900D3C468 /* Headers */ = {
			isa = PBXHeadersBuildPhase;
			buildActionMask = 2147483647;
			files = (
				842B20BD1BB2F0D900D3C468 /* BrcmPatchRAM.h in Headers */,
				842B20BE1BB2F0D900D3C468 /* BrcmFirmwareStore.h in Headers */,
				842B20BF1BB2F0D900D3C468 /* Common.h in Headers */,
				842B20C01BB2F0D900D3C468 /* USBDeviceShim.h in Headers */,
				842B20C11BB2F0D900D3C468 /* hci.h in Headers */,
			);
			runOnlyForDeploymentPostprocessing = 0;
		};
		ED2A7DCD1B37DE6E00DC200F /* Headers */ = {
			isa = PBXHeadersBuildPhase;
			buildActionMask = 2147483647;
			files = (
			);
			runOnlyForDeploymentPostprocessing = 0;
		};
		ED5817C01B7A6AEF006C5522 /* Headers */ = {
			isa = PBXHeadersBuildPhase;
			buildActionMask = 2147483647;
			files = (
				ED5817C11B7A6AEF006C5522 /* BrcmPatchRAM.h in Headers */,
				ED5817C21B7A6AEF006C5522 /* BrcmFirmwareStore.h in Headers */,
				EDA03B7A1BA47A12005BDCA2 /* Common.h in Headers */,
				D4E0A25E1BA30FD300A5FE05 /* USBDeviceShim.h in Headers */,
				EDA03B781BA47A0E005BDCA2 /* hci.h in Headers */,
			);
			runOnlyForDeploymentPostprocessing = 0;
		};
		ED7470F01D184C5D005F75F1 /* Headers */ = {
			isa = PBXHeadersBuildPhase;
			buildActionMask = 2147483647;
			files = (
			);
			runOnlyForDeploymentPostprocessing = 0;
		};
		EDC9E2B51D185240007E69B6 /* Headers */ = {
			isa = PBXHeadersBuildPhase;
			buildActionMask = 2147483647;
			files = (
			);
			runOnlyForDeploymentPostprocessing = 0;
		};
/* End PBXHeadersBuildPhase section */

/* Begin PBXLegacyTarget section */
		84CDEE051BB3CA2200238DD1 /* Prebuild */ = {
			isa = PBXLegacyTarget;
			buildArgumentsString = "$(ACTION)";
			buildConfigurationList = 84CDEE081BB3CA2200238DD1 /* Build configuration list for PBXLegacyTarget "Prebuild" */;
			buildPhases = (
			);
			buildToolPath = ./generate_firmware_data.sh;
			buildWorkingDirectory = "";
			dependencies = (
			);
			name = Prebuild;
			passBuildSettingsInEnvironment = 0;
			productName = Prebuild;
		};
/* End PBXLegacyTarget section */

/* Begin PBXNativeTarget section */
		841AD87C1BB3C0350082B7B0 /* BrcmFirmwareData */ = {
			isa = PBXNativeTarget;
			buildConfigurationList = 841AD8891BB3C0350082B7B0 /* Build configuration list for PBXNativeTarget "BrcmFirmwareData" */;
			buildPhases = (
				841AD87D1BB3C0350082B7B0 /* Sources */,
				841AD87F1BB3C0350082B7B0 /* Frameworks */,
				841AD8801BB3C0350082B7B0 /* Headers */,
				841AD8861BB3C0350082B7B0 /* Resources */,
				841AD8871BB3C0350082B7B0 /* CopyFiles */,
				841AD8881BB3C0350082B7B0 /* ShellScript */,
			);
			buildRules = (
			);
			dependencies = (
				ED0247B41BB84D6E007AC58D /* PBXTargetDependency */,
			);
			name = BrcmFirmwareData;
			productName = BrcmPatchRAM;
			productReference = 841AD88C1BB3C0350082B7B0 /* BrcmFirmwareData.kext */;
			productType = "com.apple.product-type.kernel-extension";
		};
		842B20B71BB2F0D900D3C468 /* BrcmFirmwareRepo */ = {
			isa = PBXNativeTarget;
			buildConfigurationList = 842B20C61BB2F0D900D3C468 /* Build configuration list for PBXNativeTarget "BrcmFirmwareRepo" */;
			buildPhases = (
				842B20B81BB2F0D900D3C468 /* Sources */,
				842B20BB1BB2F0D900D3C468 /* Frameworks */,
				842B20BC1BB2F0D900D3C468 /* Headers */,
				842B20C21BB2F0D900D3C468 /* Resources */,
				842B20C41BB2F0D900D3C468 /* CopyFiles */,
				842B20C51BB2F0D900D3C468 /* ShellScript */,
			);
			buildRules = (
			);
			dependencies = (
			);
			name = BrcmFirmwareRepo;
			productName = BrcmPatchRAM;
			productReference = 842B20C91BB2F0D900D3C468 /* BrcmFirmwareRepo.kext */;
			productType = "com.apple.product-type.kernel-extension";
		};
		ED2A7DC81B37DE6E00DC200F /* BrcmBluetoothInjector */ = {
			isa = PBXNativeTarget;
			buildConfigurationList = ED2A7DD31B37DE6E00DC200F /* Build configuration list for PBXNativeTarget "BrcmBluetoothInjector" */;
			buildPhases = (
				ED2A7DC91B37DE6E00DC200F /* Sources */,
				ED2A7DCC1B37DE6E00DC200F /* Frameworks */,
				ED2A7DCD1B37DE6E00DC200F /* Headers */,
				ED2A7DD01B37DE6E00DC200F /* Resources */,
				ED2A7DD11B37DE6E00DC200F /* CopyFiles */,
				ED2A7DD21B37DE6E00DC200F /* ShellScript */,
			);
			buildRules = (
			);
			dependencies = (
			);
			name = BrcmBluetoothInjector;
			productName = BrcmPatchRAM;
			productReference = ED2A7DD61B37DE6E00DC200F /* BrcmBluetoothInjector.kext */;
			productType = "com.apple.product-type.kernel-extension";
		};
		ED5817BB1B7A6AEF006C5522 /* BrcmPatchRAM2 */ = {
			isa = PBXNativeTarget;
			buildConfigurationList = ED5817C61B7A6AEF006C5522 /* Build configuration list for PBXNativeTarget "BrcmPatchRAM2" */;
			buildPhases = (
				ED5817BC1B7A6AEF006C5522 /* Sources */,
				ED5817BF1B7A6AEF006C5522 /* Frameworks */,
				ED5817C01B7A6AEF006C5522 /* Headers */,
				ED5817C31B7A6AEF006C5522 /* Resources */,
				ED5817C41B7A6AEF006C5522 /* CopyFiles */,
				ED5817C51B7A6AEF006C5522 /* ShellScript */,
			);
			buildRules = (
			);
			dependencies = (
			);
			name = BrcmPatchRAM2;
			productName = BrcmPatchRAM;
			productReference = ED5817C91B7A6AEF006C5522 /* BrcmPatchRAM2.kext */;
			productType = "com.apple.product-type.kernel-extension";
		};
		ED7470ED1D184C5D005F75F1 /* BrcmNonPatchRAM */ = {
			isa = PBXNativeTarget;
			buildConfigurationList = ED7470F41D184C5D005F75F1 /* Build configuration list for PBXNativeTarget "BrcmNonPatchRAM" */;
			buildPhases = (
				ED7470EE1D184C5D005F75F1 /* Sources */,
				ED7470EF1D184C5D005F75F1 /* Frameworks */,
				ED7470F01D184C5D005F75F1 /* Headers */,
				ED7470F11D184C5D005F75F1 /* Resources */,
				ED7470F21D184C5D005F75F1 /* CopyFiles */,
				ED7470F31D184C5D005F75F1 /* ShellScript */,
			);
			buildRules = (
			);
			dependencies = (
			);
			name = BrcmNonPatchRAM;
			productName = BrcmPatchRAM;
			productReference = ED7470F71D184C5D005F75F1 /* BrcmNonPatchRAM.kext */;
			productType = "com.apple.product-type.kernel-extension";
		};
		EDC9E2B21D185240007E69B6 /* BrcmNonPatchRAM2 */ = {
			isa = PBXNativeTarget;
			buildConfigurationList = EDC9E2B91D185240007E69B6 /* Build configuration list for PBXNativeTarget "BrcmNonPatchRAM2" */;
			buildPhases = (
				EDC9E2B31D185240007E69B6 /* Sources */,
				EDC9E2B41D185240007E69B6 /* Frameworks */,
				EDC9E2B51D185240007E69B6 /* Headers */,
				EDC9E2B61D185240007E69B6 /* Resources */,
				EDC9E2B71D185240007E69B6 /* CopyFiles */,
				EDC9E2B81D185240007E69B6 /* ShellScript */,
			);
			buildRules = (
			);
			dependencies = (
			);
			name = BrcmNonPatchRAM2;
			productName = BrcmPatchRAM;
			productReference = EDC9E2BC1D185240007E69B6 /* BrcmNonPatchRAM2.kext */;
			productType = "com.apple.product-type.kernel-extension";
		};
/* End PBXNativeTarget section */

/* Begin PBXProject section */
		D4F91AF51A2998CE0030D10D /* Project object */ = {
			isa = PBXProject;
			attributes = {
				LastUpgradeCheck = 1020;
				TargetAttributes = {
					84CDEE051BB3CA2200238DD1 = {
						CreatedOnToolsVersion = 7.0;
					};
				};
			};
			buildConfigurationList = D4F91AF81A2998CE0030D10D /* Build configuration list for PBXProject "BrcmPatchRAM" */;
			compatibilityVersion = "Xcode 3.2";
			developmentRegion = en;
			hasScannedForEncodings = 0;
			knownRegions = (
				en,
				Base,
			);
			mainGroup = D4F91AF41A2998CE0030D10D;
			productRefGroup = D4F91AFF1A2998CE0030D10D /* Products */;
			projectDirPath = "";
			projectRoot = "";
			targets = (
				84CDEE051BB3CA2200238DD1 /* Prebuild */,
				ED5817BB1B7A6AEF006C5522 /* BrcmPatchRAM2 */,
				841AD87C1BB3C0350082B7B0 /* BrcmFirmwareData */,
				842B20B71BB2F0D900D3C468 /* BrcmFirmwareRepo */,
				ED7470ED1D184C5D005F75F1 /* BrcmNonPatchRAM */,
				EDC9E2B21D185240007E69B6 /* BrcmNonPatchRAM2 */,
				ED2A7DC81B37DE6E00DC200F /* BrcmBluetoothInjector */,
			);
		};
/* End PBXProject section */

/* Begin PBXResourcesBuildPhase section */
		841AD8861BB3C0350082B7B0 /* Resources */ = {
			isa = PBXResourcesBuildPhase;
			buildActionMask = 2147483647;
			files = (
			);
			runOnlyForDeploymentPostprocessing = 0;
		};
		842B20C21BB2F0D900D3C468 /* Resources */ = {
			isa = PBXResourcesBuildPhase;
			buildActionMask = 2147483647;
			files = (
				E26C378D22E10597006BAA83 /* BCM20702A1_001.002.014.1502.1758_v5854.zhx in Resources */,
				E26C377322E10597006BAA83 /* BCM20702A1_001.002.014.1443.1477_v5573.zhx in Resources */,
				E26C37A022E10597006BAA83 /* BCM43142A0_001.001.011.0311.0312_v4408.zhx in Resources */,
				E26C37A822E10597006BAA83 /* BCM43142A0_001.001.011.0311.0333_v4429.zhx in Resources */,
				E26C37AC22E10597006BAA83 /* BCM43142A0_001.001.011.0311.0339_v4435.zhx in Resources */,
				E26C376422E10597006BAA83 /* BCM4371C2_001.003.015.0093.0116_v4212.zhx in Resources */,
				E26C379222E10597006BAA83 /* BCM20702A1_001.002.014.1502.1763_v5859.zhx in Resources */,
				E26C376322E10597006BAA83 /* BCM4350C5_003.006.007.0222.4689_v8785.zhx in Resources */,
				E26C37B022E10597006BAA83 /* BCM43142A0_001.001.011.0311.0347_v4443.zhx in Resources */,
				E26C378122E10597006BAA83 /* BCM20702A1_001.002.014.1443.1492_v5588.zhx in Resources */,
				E26C378E22E10597006BAA83 /* BCM20702A1_001.002.014.1502.1759_v5855.zhx in Resources */,
				E26C378A22E10597006BAA83 /* BCM20702A1_001.002.014.1443.1714_v5810.zhx in Resources */,
				E26C379D22E10597006BAA83 /* BCM20703A1_001.001.005.0214.0422_v4518.zhx in Resources */,
				E26C376A22E10597006BAA83 /* BCM20702A1_001.002.014.1443.1460_v5556.zhx in Resources */,
				E26C37AE22E10597006BAA83 /* BCM43142A0_001.001.011.0311.0341_v4437.zhx in Resources */,
				E26C379422E10597006BAA83 /* BCM20702A1_001.002.014.1502.1765_v5861.zhx in Resources */,
				E26C379B22E10597006BAA83 /* BCM20702A1_001.002.014.1502.1786_v5882.zhx in Resources */,
				E26C376B22E10597006BAA83 /* BCM20702A1_001.002.014.1443.1461_v5557.zhx in Resources */,
				E26C379322E10597006BAA83 /* BCM20702A1_001.002.014.1502.1764_v5860.zhx in Resources */,
				E26C376F22E10597006BAA83 /* BCM20702A1_001.002.014.1443.1466_v5562.zhx in Resources */,
				E26C377B22E10597006BAA83 /* BCM20702A1_001.002.014.1443.1485_v5581.zhx in Resources */,
				E26C377A22E10597006BAA83 /* BCM20702A1_001.002.014.1443.1484_v5580.zhx in Resources */,
				E26C37AD22E10597006BAA83 /* BCM43142A0_001.001.011.0311.0340_v4436.zhx in Resources */,
				E26C377522E10597006BAA83 /* BCM20702A1_001.002.014.1443.1479_v5575.zhx in Resources */,
				E26C37A622E10597006BAA83 /* BCM43142A0_001.001.011.0311.0331_v4427.zhx in Resources */,
				E26C378622E10597006BAA83 /* BCM20702A1_001.002.014.1443.1502_v5598.zhx in Resources */,
				E26C377722E10597006BAA83 /* BCM20702A1_001.002.014.1443.1481_v5577.zhx in Resources */,
				E26C379722E10597006BAA83 /* BCM20702A1_001.002.014.1502.1768_v5864.zhx in Resources */,
				E26C376722E10597006BAA83 /* BCM20702A1_001.002.014.1443.1447_v5543.zhx in Resources */,
				E26C375C22E10597006BAA83 /* BCM4335C0_003.001.009.0066.0104_v4200.zhx in Resources */,
				E26C376222E10597006BAA83 /* BCM4350C5_003.006.007.0145.2724_v6820.zhx in Resources */,
				E26C376C22E10597006BAA83 /* BCM20702A1_001.002.014.1443.1462_v5558.zhx in Resources */,
				E26C37AA22E10597006BAA83 /* BCM43142A0_001.001.011.0311.0335_v4431.zhx in Resources */,
				E26C378222E10597006BAA83 /* BCM20702A1_001.002.014.1443.1493_v5589.zhx in Resources */,
				E26C376522E10597006BAA83 /* BCM4371C2_001.003.015.0093.0117_v4213.zhx in Resources */,
				E26C377022E10597006BAA83 /* BCM20702A1_001.002.014.1443.1467_v5563.zhx in Resources */,
				E26C379F22E10597006BAA83 /* BCM20703A1_001.001.005.0214.0481_v4577.zhx in Resources */,
				E26C376822E10597006BAA83 /* BCM20702A1_001.002.014.1443.1449_v5545.zhx in Resources */,
				E26C37A922E10597006BAA83 /* BCM43142A0_001.001.011.0311.0334_v4430.zhx in Resources */,
				E26C379122E10597006BAA83 /* BCM20702A1_001.002.014.1502.1762_v5858.zhx in Resources */,
				E26C377E22E10597006BAA83 /* BCM20702A1_001.002.014.1443.1488_v5584.zhx in Resources */,
				E26C376922E10597006BAA83 /* BCM20702A1_001.002.014.1443.1450_v5546.zhx in Resources */,
				E26C378C22E10597006BAA83 /* BCM20702A1_001.002.014.1502.1757_v5853.zhx in Resources */,
				E26C379522E10597006BAA83 /* BCM20702A1_001.002.014.1502.1766_v5862.zhx in Resources */,
				E26C379822E10597006BAA83 /* BCM20702A1_001.002.014.1502.1769_v5865.zhx in Resources */,
				E26C377C22E10597006BAA83 /* BCM20702A1_001.002.014.1443.1486_v5582.zhx in Resources */,
				E26C378322E10597006BAA83 /* BCM20702A1_001.002.014.1443.1494_v5590.zhx in Resources */,
				E26C376E22E10597006BAA83 /* BCM20702A1_001.002.014.1443.1465_v5561.zhx in Resources */,
				E26C378722E10597006BAA83 /* BCM20702A1_001.002.014.1443.1521_v5617.zhx in Resources */,
				E26C377422E10597006BAA83 /* BCM20702A1_001.002.014.1443.1478_v5574.zhx in Resources */,
				E26C379E22E10597006BAA83 /* BCM20703A1_001.001.005.0214.0473_v4569.zhx in Resources */,
				E26C379C22E10597006BAA83 /* BCM20703A1_001.001.005.0214.0414_v4510.zhx in Resources */,
				E26C37AF22E10597006BAA83 /* BCM43142A0_001.001.011.0311.0346_v4442.zhx in Resources */,
				E26C37A522E10597006BAA83 /* BCM43142A0_001.001.011.0311.0330_v4426.zhx in Resources */,
				E26C37AB22E10597006BAA83 /* BCM43142A0_001.001.011.0311.0336_v4432.zhx in Resources */,
				E26C377122E10597006BAA83 /* BCM20702A1_001.002.014.1443.1468_v5564.zhx in Resources */,
				E26C379922E10597006BAA83 /* BCM20702A1_001.002.014.1502.1770_v5866.zhx in Resources */,
				E26C378422E10597006BAA83 /* BCM20702A1_001.002.014.1443.1499_v5595.zhx in Resources */,
				E26C376D22E10597006BAA83 /* BCM20702A1_001.002.014.1443.1463_v5559.zhx in Resources */,
				E26C37A222E10597006BAA83 /* BCM43142A0_001.001.011.0311.0327_v4423.zhx in Resources */,
				E26C375F22E10597006BAA83 /* BCM4335C0_003.001.009.0066.0115_v4211.zhx in Resources */,
				E26C37A122E10597006BAA83 /* BCM43142A0_001.001.011.0311.0316_v4412.zhx in Resources */,
				E26C377222E10597006BAA83 /* BCM20702A1_001.002.014.1443.1469_v5565.zhx in Resources */,
				E26C376022E10597006BAA83 /* BCM4335C0_003.001.009.0066.0121_v4217.zhx in Resources */,
				E26C379A22E10597006BAA83 /* BCM20702A1_001.002.014.1502.1780_v5876.zhx in Resources */,
				E26C377922E10597006BAA83 /* BCM20702A1_001.002.014.1443.1483_v5579.zhx in Resources */,
				E26C376622E10597006BAA83 /* BCM4371C2_001.003.015.0093.0118_v4214.zhx in Resources */,
				E26C378922E10597006BAA83 /* BCM20702A1_001.002.014.1443.1572_v5668.zhx in Resources */,
				E26C375D22E10597006BAA83 /* BCM4335C0_003.001.009.0066.0105_v4201.zhx in Resources */,
				E26C377F22E10597006BAA83 /* BCM20702A1_001.002.014.1443.1489_v5585.zhx in Resources */,
				E26C37A322E10597006BAA83 /* BCM43142A0_001.001.011.0311.0328_v4424.zhx in Resources */,
				E26C377822E10597006BAA83 /* BCM20702A1_001.002.014.1443.1482_v5578.zhx in Resources */,
				E26C379622E10597006BAA83 /* BCM20702A1_001.002.014.1502.1767_v5863.zhx in Resources */,
				E26C378522E10597006BAA83 /* BCM20702A1_001.002.014.1443.1501_v5597.zhx in Resources */,
				E26C378B22E10597006BAA83 /* BCM20702A1_001.002.014.1483.1651_v5747.zhx in Resources */,
				E26C377D22E10597006BAA83 /* BCM20702A1_001.002.014.1443.1487_v5583.zhx in Resources */,
				E26C378022E10597006BAA83 /* BCM20702A1_001.002.014.1443.1490_v5586.zhx in Resources */,
				E26C375E22E10597006BAA83 /* BCM4335C0_003.001.009.0066.0108_v4204.zhx in Resources */,
				E26C376122E10597006BAA83 /* BCM4350C5_003.006.007.0120.2118_v6214.zhx in Resources */,
				E26C378822E10597006BAA83 /* BCM20702A1_001.002.014.1443.1532_v5628.zhx in Resources */,
				E26C377622E10597006BAA83 /* BCM20702A1_001.002.014.1443.1480_v5576.zhx in Resources */,
				E26C378F22E10597006BAA83 /* BCM20702A1_001.002.014.1502.1760_v5856.zhx in Resources */,
				E26C379022E10597006BAA83 /* BCM20702A1_001.002.014.1502.1761_v5857.zhx in Resources */,
				E26C37A722E10597006BAA83 /* BCM43142A0_001.001.011.0311.0332_v4428.zhx in Resources */,
				E26C37A422E10597006BAA83 /* BCM43142A0_001.001.011.0311.0329_v4425.zhx in Resources */,
			);
			runOnlyForDeploymentPostprocessing = 0;
		};
		ED2A7DD01B37DE6E00DC200F /* Resources */ = {
			isa = PBXResourcesBuildPhase;
			buildActionMask = 2147483647;
			files = (
			);
			runOnlyForDeploymentPostprocessing = 0;
		};
		ED5817C31B7A6AEF006C5522 /* Resources */ = {
			isa = PBXResourcesBuildPhase;
			buildActionMask = 2147483647;
			files = (
			);
			runOnlyForDeploymentPostprocessing = 0;
		};
		ED7470F11D184C5D005F75F1 /* Resources */ = {
			isa = PBXResourcesBuildPhase;
			buildActionMask = 2147483647;
			files = (
			);
			runOnlyForDeploymentPostprocessing = 0;
		};
		EDC9E2B61D185240007E69B6 /* Resources */ = {
			isa = PBXResourcesBuildPhase;
			buildActionMask = 2147483647;
			files = (
			);
			runOnlyForDeploymentPostprocessing = 0;
		};
/* End PBXResourcesBuildPhase section */

/* Begin PBXShellScriptBuildPhase section */
		841AD8881BB3C0350082B7B0 /* ShellScript */ = {
			isa = PBXShellScriptBuildPhase;
			buildActionMask = 2147483647;
			files = (
			);
			inputPaths = (
			);
			outputPaths = (
			);
			runOnlyForDeploymentPostprocessing = 0;
			shellPath = /bin/sh;
			shellScript = "if [ -e Build/Debug ] && [ -e Build/Release ]; then tar -czf Build/BrcmPatchRAM.tar.gz Build/Debug Build/Release; fi";
			showEnvVarsInLog = 0;
		};
		842B20C51BB2F0D900D3C468 /* ShellScript */ = {
			isa = PBXShellScriptBuildPhase;
			buildActionMask = 2147483647;
			files = (
			);
			inputPaths = (
			);
			outputPaths = (
			);
			runOnlyForDeploymentPostprocessing = 0;
			shellPath = /bin/sh;
			shellScript = "if [ -e Build/Debug ] && [ -e Build/Release ]; then tar -czf Build/BrcmPatchRAM.tar.gz Build/Debug Build/Release; fi";
			showEnvVarsInLog = 0;
		};
		ED2A7DD21B37DE6E00DC200F /* ShellScript */ = {
			isa = PBXShellScriptBuildPhase;
			buildActionMask = 2147483647;
			files = (
			);
			inputPaths = (
			);
			outputPaths = (
			);
			runOnlyForDeploymentPostprocessing = 0;
			shellPath = /bin/sh;
			shellScript = "if [ -e Build/Debug ] && [ -e Build/Release ]; then tar -czf Build/BrcmPatchRAM.tar.gz Build/Debug Build/Release; fi";
			showEnvVarsInLog = 0;
		};
		ED5817C51B7A6AEF006C5522 /* ShellScript */ = {
			isa = PBXShellScriptBuildPhase;
			buildActionMask = 2147483647;
			files = (
			);
			inputPaths = (
			);
			outputPaths = (
			);
			runOnlyForDeploymentPostprocessing = 0;
			shellPath = /bin/sh;
			shellScript = "if [ -e Build/Debug ] && [ -e Build/Release ]; then tar -czf Build/BrcmPatchRAM.tar.gz Build/Debug Build/Release; fi\n";
			showEnvVarsInLog = 0;
		};
		ED7470F31D184C5D005F75F1 /* ShellScript */ = {
			isa = PBXShellScriptBuildPhase;
			buildActionMask = 2147483647;
			files = (
			);
			inputPaths = (
			);
			outputPaths = (
			);
			runOnlyForDeploymentPostprocessing = 0;
			shellPath = /bin/sh;
			shellScript = "if [ -e Build/Debug ] && [ -e Build/Release ]; then tar -czf Build/BrcmPatchRAM.tar.gz Build/Debug Build/Release; fi";
			showEnvVarsInLog = 0;
		};
		EDC9E2B81D185240007E69B6 /* ShellScript */ = {
			isa = PBXShellScriptBuildPhase;
			buildActionMask = 2147483647;
			files = (
			);
			inputPaths = (
			);
			outputPaths = (
			);
			runOnlyForDeploymentPostprocessing = 0;
			shellPath = /bin/sh;
			shellScript = "if [ -e Build/Debug ] && [ -e Build/Release ]; then tar -czf Build/BrcmPatchRAM.tar.gz Build/Debug Build/Release; fi";
			showEnvVarsInLog = 0;
		};
/* End PBXShellScriptBuildPhase section */

/* Begin PBXSourcesBuildPhase section */
		841AD87D1BB3C0350082B7B0 /* Sources */ = {
			isa = PBXSourcesBuildPhase;
			buildActionMask = 2147483647;
			files = (
				841AD8911BB3C12F0082B7B0 /* FirmwareData.cpp in Sources */,
				841AD87E1BB3C0350082B7B0 /* BrcmFirmwareStore.cpp in Sources */,
			);
			runOnlyForDeploymentPostprocessing = 0;
		};
		842B20B81BB2F0D900D3C468 /* Sources */ = {
			isa = PBXSourcesBuildPhase;
			buildActionMask = 2147483647;
			files = (
				842B20CC1BB2F0F800D3C468 /* BrcmFirmwareStore.cpp in Sources */,
			);
			runOnlyForDeploymentPostprocessing = 0;
		};
		ED2A7DC91B37DE6E00DC200F /* Sources */ = {
			isa = PBXSourcesBuildPhase;
			buildActionMask = 2147483647;
			files = (
			);
			runOnlyForDeploymentPostprocessing = 0;
		};
		ED5817BC1B7A6AEF006C5522 /* Sources */ = {
			isa = PBXSourcesBuildPhase;
			buildActionMask = 2147483647;
			files = (
				ED5817BE1B7A6AEF006C5522 /* BrcmPatchRAM.cpp in Sources */,
				D45C93E01BA3549A006D3FB8 /* USBHostDeviceShim.cpp in Sources */,
			);
			runOnlyForDeploymentPostprocessing = 0;
		};
		ED7470EE1D184C5D005F75F1 /* Sources */ = {
			isa = PBXSourcesBuildPhase;
			buildActionMask = 2147483647;
			files = (
			);
			runOnlyForDeploymentPostprocessing = 0;
		};
		EDC9E2B31D185240007E69B6 /* Sources */ = {
			isa = PBXSourcesBuildPhase;
			buildActionMask = 2147483647;
			files = (
			);
			runOnlyForDeploymentPostprocessing = 0;
		};
/* End PBXSourcesBuildPhase section */

/* Begin PBXTargetDependency section */
		ED0247B41BB84D6E007AC58D /* PBXTargetDependency */ = {
			isa = PBXTargetDependency;
			target = 84CDEE051BB3CA2200238DD1 /* Prebuild */;
			targetProxy = ED0247B31BB84D6E007AC58D /* PBXContainerItemProxy */;
		};
/* End PBXTargetDependency section */

/* Begin XCBuildConfiguration section */
		841AD88A1BB3C0350082B7B0 /* Debug */ = {
			isa = XCBuildConfiguration;
			buildSettings = {
				CLANG_ENABLE_OBJC_WEAK = YES;
				GCC_PREPROCESSOR_DEFINITIONS = (
					"DEBUG=1",
					"LOGNAME=\\\"${LOGNAME}\\\"",
					"FIRMWAREDATA=1",
				);
				INFOPLIST_FILE = "BrcmPatchRAM/BrcmFirmwareData-Info.plist";
				MODULE_NAME = "com.no-one.BrcmPatchRAM";
				PRODUCT_BUNDLE_IDENTIFIER = "com.no-one.BrcmFirmwareStore";
				PRODUCT_NAME = "$(TARGET_NAME)";
				WRAPPER_EXTENSION = kext;
			};
			name = Debug;
		};
		841AD88B1BB3C0350082B7B0 /* Release */ = {
			isa = XCBuildConfiguration;
			buildSettings = {
				CLANG_ENABLE_OBJC_WEAK = YES;
				GCC_PREPROCESSOR_DEFINITIONS = (
					"LOGNAME=\\\"${LOGNAME}\\\"",
					"FIRMWAREDATA=1",
				);
				INFOPLIST_FILE = "BrcmPatchRAM/BrcmFirmwareData-Info.plist";
				MODULE_NAME = "com.no-one.BrcmPatchRAM";
				PRODUCT_BUNDLE_IDENTIFIER = "com.no-one.BrcmFirmwareStore";
				PRODUCT_NAME = "$(TARGET_NAME)";
				WRAPPER_EXTENSION = kext;
			};
			name = Release;
		};
		842B20C71BB2F0D900D3C468 /* Debug */ = {
			isa = XCBuildConfiguration;
			buildSettings = {
				CLANG_ENABLE_OBJC_WEAK = YES;
				GCC_PREPROCESSOR_DEFINITIONS = (
					"DEBUG=1",
					"LOGNAME=\\\"${LOGNAME}\\\"",
				);
				INFOPLIST_FILE = "BrcmPatchRAM/BrcmFirmwareRepo-Info.plist";
				MODULE_NAME = "com.no-one.BrcmPatchRAM";
				PRODUCT_BUNDLE_IDENTIFIER = "com.no-one.BrcmFirmwareStore";
				PRODUCT_NAME = "$(TARGET_NAME)";
				WRAPPER_EXTENSION = kext;
			};
			name = Debug;
		};
		842B20C81BB2F0D900D3C468 /* Release */ = {
			isa = XCBuildConfiguration;
			buildSettings = {
				CLANG_ENABLE_OBJC_WEAK = YES;
				GCC_PREPROCESSOR_DEFINITIONS = "LOGNAME=\\\"${LOGNAME}\\\"";
				INFOPLIST_FILE = "BrcmPatchRAM/BrcmFirmwareRepo-Info.plist";
				MODULE_NAME = "com.no-one.BrcmPatchRAM";
				PRODUCT_BUNDLE_IDENTIFIER = "com.no-one.BrcmFirmwareStore";
				PRODUCT_NAME = "$(TARGET_NAME)";
				WRAPPER_EXTENSION = kext;
			};
			name = Release;
		};
		84CDEE061BB3CA2200238DD1 /* Debug */ = {
			isa = XCBuildConfiguration;
			buildSettings = {
				ALWAYS_SEARCH_USER_PATHS = NO;
				CLANG_CXX_LANGUAGE_STANDARD = "gnu++0x";
				CLANG_CXX_LIBRARY = "libc++";
				CLANG_ENABLE_MODULES = YES;
				CLANG_ENABLE_OBJC_ARC = YES;
				CLANG_WARN_BOOL_CONVERSION = YES;
				CLANG_WARN_CONSTANT_CONVERSION = YES;
				CLANG_WARN_DIRECT_OBJC_ISA_USAGE = YES_ERROR;
				CLANG_WARN_EMPTY_BODY = YES;
				CLANG_WARN_ENUM_CONVERSION = YES;
				CLANG_WARN_INT_CONVERSION = YES;
				CLANG_WARN_OBJC_ROOT_CLASS = YES_ERROR;
				CLANG_WARN_UNREACHABLE_CODE = YES;
				CLANG_WARN__DUPLICATE_METHOD_MATCH = YES;
				COPY_PHASE_STRIP = NO;
				DEBUGGING_SYMBOLS = YES;
				DEBUG_INFORMATION_FORMAT = dwarf;
				ENABLE_STRICT_OBJC_MSGSEND = YES;
				ENABLE_TESTABILITY = YES;
				GCC_C_LANGUAGE_STANDARD = gnu99;
				GCC_DYNAMIC_NO_PIC = NO;
				GCC_GENERATE_DEBUGGING_SYMBOLS = YES;
				GCC_NO_COMMON_BLOCKS = YES;
				GCC_OPTIMIZATION_LEVEL = 0;
				GCC_PREPROCESSOR_DEFINITIONS = (
					"DEBUG=1",
					"$(inherited)",
				);
				GCC_WARN_64_TO_32_BIT_CONVERSION = YES;
				GCC_WARN_UNDECLARED_SELECTOR = YES;
				GCC_WARN_UNINITIALIZED_AUTOS = YES_AGGRESSIVE;
				GCC_WARN_UNUSED_FUNCTION = YES;
				GCC_WARN_UNUSED_VARIABLE = YES;
				MTL_ENABLE_DEBUG_INFO = YES;
				ONLY_ACTIVE_ARCH = YES;
				OTHER_CFLAGS = "";
				OTHER_LDFLAGS = "";
				PRODUCT_NAME = "$(TARGET_NAME)";
			};
			name = Debug;
		};
		84CDEE071BB3CA2200238DD1 /* Release */ = {
			isa = XCBuildConfiguration;
			buildSettings = {
				ALWAYS_SEARCH_USER_PATHS = NO;
				CLANG_CXX_LANGUAGE_STANDARD = "gnu++0x";
				CLANG_CXX_LIBRARY = "libc++";
				CLANG_ENABLE_MODULES = YES;
				CLANG_ENABLE_OBJC_ARC = YES;
				CLANG_WARN_BOOL_CONVERSION = YES;
				CLANG_WARN_CONSTANT_CONVERSION = YES;
				CLANG_WARN_DIRECT_OBJC_ISA_USAGE = YES_ERROR;
				CLANG_WARN_EMPTY_BODY = YES;
				CLANG_WARN_ENUM_CONVERSION = YES;
				CLANG_WARN_INT_CONVERSION = YES;
				CLANG_WARN_OBJC_ROOT_CLASS = YES_ERROR;
				CLANG_WARN_UNREACHABLE_CODE = YES;
				CLANG_WARN__DUPLICATE_METHOD_MATCH = YES;
				COPY_PHASE_STRIP = NO;
				DEBUG_INFORMATION_FORMAT = "dwarf-with-dsym";
				ENABLE_NS_ASSERTIONS = NO;
				ENABLE_STRICT_OBJC_MSGSEND = YES;
				GCC_C_LANGUAGE_STANDARD = gnu99;
				GCC_NO_COMMON_BLOCKS = YES;
				GCC_WARN_64_TO_32_BIT_CONVERSION = YES;
				GCC_WARN_UNDECLARED_SELECTOR = YES;
				GCC_WARN_UNINITIALIZED_AUTOS = YES_AGGRESSIVE;
				GCC_WARN_UNUSED_FUNCTION = YES;
				GCC_WARN_UNUSED_VARIABLE = YES;
				MTL_ENABLE_DEBUG_INFO = NO;
				OTHER_CFLAGS = "";
				OTHER_LDFLAGS = "";
				PRODUCT_NAME = "$(TARGET_NAME)";
			};
			name = Release;
		};
		D4F91B071A2998CE0030D10D /* Debug */ = {
			isa = XCBuildConfiguration;
			buildSettings = {
				ALWAYS_SEARCH_USER_PATHS = NO;
				CLANG_ANALYZER_LOCALIZABILITY_NONLOCALIZED = YES;
				CLANG_WARN_BLOCK_CAPTURE_AUTORELEASING = YES;
				CLANG_WARN_BOOL_CONVERSION = YES;
				CLANG_WARN_COMMA = YES;
				CLANG_WARN_CONSTANT_CONVERSION = YES;
				CLANG_WARN_DEPRECATED_OBJC_IMPLEMENTATIONS = YES;
				CLANG_WARN_EMPTY_BODY = YES;
				CLANG_WARN_ENUM_CONVERSION = YES;
				CLANG_WARN_INFINITE_RECURSION = YES;
				CLANG_WARN_INT_CONVERSION = YES;
				CLANG_WARN_NON_LITERAL_NULL_CONVERSION = YES;
				CLANG_WARN_OBJC_IMPLICIT_RETAIN_SELF = YES;
				CLANG_WARN_OBJC_LITERAL_CONVERSION = YES;
				CLANG_WARN_RANGE_LOOP_ANALYSIS = YES;
				CLANG_WARN_STRICT_PROTOTYPES = YES;
				CLANG_WARN_SUSPICIOUS_MOVE = YES;
				CLANG_WARN_UNREACHABLE_CODE = YES;
				CLANG_WARN__DUPLICATE_METHOD_MATCH = YES;
				CURRENT_PROJECT_VERSION = 2.2.12;
				ENABLE_STRICT_OBJC_MSGSEND = YES;
				ENABLE_TESTABILITY = YES;
				GCC_NO_COMMON_BLOCKS = YES;
				GCC_WARN_64_TO_32_BIT_CONVERSION = YES;
				GCC_WARN_ABOUT_RETURN_TYPE = YES_ERROR;
				GCC_WARN_UNDECLARED_SELECTOR = YES;
				GCC_WARN_UNINITIALIZED_AUTOS = YES;
				GCC_WARN_UNUSED_FUNCTION = YES;
				GCC_WARN_UNUSED_VARIABLE = YES;
				MACOSX_DEPLOYMENT_TARGET = 10.9;
				ONLY_ACTIVE_ARCH = YES;
				SDKROOT = macosx;
				SYMROOT = build/Products;
			};
			name = Debug;
		};
		D4F91B081A2998CE0030D10D /* Release */ = {
			isa = XCBuildConfiguration;
			buildSettings = {
				ALWAYS_SEARCH_USER_PATHS = NO;
				CLANG_ANALYZER_LOCALIZABILITY_NONLOCALIZED = YES;
				CLANG_WARN_BLOCK_CAPTURE_AUTORELEASING = YES;
				CLANG_WARN_BOOL_CONVERSION = YES;
				CLANG_WARN_COMMA = YES;
				CLANG_WARN_CONSTANT_CONVERSION = YES;
				CLANG_WARN_DEPRECATED_OBJC_IMPLEMENTATIONS = YES;
				CLANG_WARN_EMPTY_BODY = YES;
				CLANG_WARN_ENUM_CONVERSION = YES;
				CLANG_WARN_INFINITE_RECURSION = YES;
				CLANG_WARN_INT_CONVERSION = YES;
				CLANG_WARN_NON_LITERAL_NULL_CONVERSION = YES;
				CLANG_WARN_OBJC_IMPLICIT_RETAIN_SELF = YES;
				CLANG_WARN_OBJC_LITERAL_CONVERSION = YES;
				CLANG_WARN_RANGE_LOOP_ANALYSIS = YES;
				CLANG_WARN_STRICT_PROTOTYPES = YES;
				CLANG_WARN_SUSPICIOUS_MOVE = YES;
				CLANG_WARN_UNREACHABLE_CODE = YES;
				CLANG_WARN__DUPLICATE_METHOD_MATCH = YES;
				CURRENT_PROJECT_VERSION = 2.2.12;
				ENABLE_STRICT_OBJC_MSGSEND = YES;
				GCC_NO_COMMON_BLOCKS = YES;
				GCC_WARN_64_TO_32_BIT_CONVERSION = YES;
				GCC_WARN_ABOUT_RETURN_TYPE = YES_ERROR;
				GCC_WARN_UNDECLARED_SELECTOR = YES;
				GCC_WARN_UNINITIALIZED_AUTOS = YES;
				GCC_WARN_UNUSED_FUNCTION = YES;
				GCC_WARN_UNUSED_VARIABLE = YES;
				MACOSX_DEPLOYMENT_TARGET = 10.9;
				SDKROOT = macosx;
				SYMROOT = build/Products;
			};
			name = Release;
		};
		ED2A7DD41B37DE6E00DC200F /* Debug */ = {
			isa = XCBuildConfiguration;
			buildSettings = {
				CLANG_ENABLE_OBJC_WEAK = YES;
				GCC_PREPROCESSOR_DEFINITIONS = "DEBUG=1";
				INFOPLIST_FILE = "BrcmBluetoothInjector-Info.plist";
				MACOSX_DEPLOYMENT_TARGET = 10.9;
				MODULE_NAME = org.rehabman.injector.BrcmBluetoothInjector;
				PRODUCT_BUNDLE_IDENTIFIER = "org.rehabman.injector.$(PRODUCT_NAME:rfc1034identifier)";
				PRODUCT_NAME = "$(TARGET_NAME)";
				WRAPPER_EXTENSION = kext;
			};
			name = Debug;
		};
		ED2A7DD51B37DE6E00DC200F /* Release */ = {
			isa = XCBuildConfiguration;
			buildSettings = {
				CLANG_ENABLE_OBJC_WEAK = YES;
				GCC_PREPROCESSOR_DEFINITIONS = "";
				INFOPLIST_FILE = "BrcmBluetoothInjector-Info.plist";
				MACOSX_DEPLOYMENT_TARGET = 10.9;
				MODULE_NAME = org.rehabman.injector.BrcmBluetoothInjector;
				PRODUCT_BUNDLE_IDENTIFIER = "org.rehabman.injector.$(PRODUCT_NAME:rfc1034identifier)";
				PRODUCT_NAME = "$(TARGET_NAME)";
				WRAPPER_EXTENSION = kext;
			};
			name = Release;
		};
		ED5817C71B7A6AEF006C5522 /* Debug */ = {
			isa = XCBuildConfiguration;
			buildSettings = {
				CLANG_ENABLE_OBJC_WEAK = YES;
				GCC_PREPROCESSOR_DEFINITIONS = (
					"TARGET_ELCAPITAN=1",
					"DEBUG=1",
					"LOGNAME=\\\"${LOGNAME}\\\"",
				);
				INFOPLIST_FILE = "BrcmPatchRAM/BrcmPatchRAM2-Info.plist";
				MACOSX_DEPLOYMENT_TARGET = 10.9;
				MODULE_NAME = "com.no-one.BrcmPatchRAM";
				MODULE_START = BrcmPatchRAM_Start;
				MODULE_STOP = BrcmPatchRAM_Stop;
				PRODUCT_BUNDLE_IDENTIFIER = "com.no-one.$(PRODUCT_NAME:rfc1034identifier)";
				PRODUCT_NAME = BrcmPatchRAM2;
				SDKROOT = macosx;
				WRAPPER_EXTENSION = kext;
			};
			name = Debug;
		};
		ED5817C81B7A6AEF006C5522 /* Release */ = {
			isa = XCBuildConfiguration;
			buildSettings = {
				CLANG_ENABLE_OBJC_WEAK = YES;
				GCC_PREPROCESSOR_DEFINITIONS = (
					"TARGET_ELCAPITAN=1",
					"LOGNAME=\\\"${LOGNAME}\\\"",
				);
				INFOPLIST_FILE = "BrcmPatchRAM/BrcmPatchRAM2-Info.plist";
				MACOSX_DEPLOYMENT_TARGET = 10.9;
				MODULE_NAME = "com.no-one.BrcmPatchRAM";
				MODULE_START = BrcmPatchRAM_Start;
				MODULE_STOP = BrcmPatchRAM_Stop;
				PRODUCT_BUNDLE_IDENTIFIER = "com.no-one.$(PRODUCT_NAME:rfc1034identifier)";
				PRODUCT_NAME = BrcmPatchRAM2;
				SDKROOT = macosx;
				WRAPPER_EXTENSION = kext;
			};
			name = Release;
		};
		ED7470F51D184C5D005F75F1 /* Debug */ = {
			isa = XCBuildConfiguration;
			buildSettings = {
				CLANG_ENABLE_OBJC_WEAK = YES;
				GCC_PREPROCESSOR_DEFINITIONS = "DEBUG=1";
				INFOPLIST_FILE = "BrcmNonPatchRAM-Info.plist";
				MACOSX_DEPLOYMENT_TARGET = 10.9;
				MODULE_NAME = org.rehabman.injector.BrcmBluetoothInjector;
				PRODUCT_BUNDLE_IDENTIFIER = "org.rehabman.injector.$(PRODUCT_NAME:rfc1034identifier)";
				PRODUCT_NAME = "$(TARGET_NAME)";
				WRAPPER_EXTENSION = kext;
			};
			name = Debug;
		};
		ED7470F61D184C5D005F75F1 /* Release */ = {
			isa = XCBuildConfiguration;
			buildSettings = {
				CLANG_ENABLE_OBJC_WEAK = YES;
				GCC_PREPROCESSOR_DEFINITIONS = "";
				INFOPLIST_FILE = "BrcmNonPatchRAM-Info.plist";
				MACOSX_DEPLOYMENT_TARGET = 10.9;
				MODULE_NAME = org.rehabman.injector.BrcmBluetoothInjector;
				PRODUCT_BUNDLE_IDENTIFIER = "org.rehabman.injector.$(PRODUCT_NAME:rfc1034identifier)";
				PRODUCT_NAME = "$(TARGET_NAME)";
				WRAPPER_EXTENSION = kext;
			};
			name = Release;
		};
		EDC9E2BA1D185240007E69B6 /* Debug */ = {
			isa = XCBuildConfiguration;
			buildSettings = {
				CLANG_ENABLE_OBJC_WEAK = YES;
				GCC_PREPROCESSOR_DEFINITIONS = "DEBUG=1";
				INFOPLIST_FILE = "BrcmNonPatchRAM2-Info.plist";
				MACOSX_DEPLOYMENT_TARGET = 10.9;
				MODULE_NAME = org.rehabman.injector.BrcmBluetoothInjector;
				PRODUCT_BUNDLE_IDENTIFIER = "org.rehabman.injector.$(PRODUCT_NAME:rfc1034identifier)";
				PRODUCT_NAME = "$(TARGET_NAME)";
				WRAPPER_EXTENSION = kext;
			};
			name = Debug;
		};
		EDC9E2BB1D185240007E69B6 /* Release */ = {
			isa = XCBuildConfiguration;
			buildSettings = {
				CLANG_ENABLE_OBJC_WEAK = YES;
				GCC_PREPROCESSOR_DEFINITIONS = "";
				INFOPLIST_FILE = "BrcmNonPatchRAM2-Info.plist";
				MACOSX_DEPLOYMENT_TARGET = 10.9;
				MODULE_NAME = org.rehabman.injector.BrcmBluetoothInjector;
				PRODUCT_BUNDLE_IDENTIFIER = "org.rehabman.injector.$(PRODUCT_NAME:rfc1034identifier)";
				PRODUCT_NAME = "$(TARGET_NAME)";
				WRAPPER_EXTENSION = kext;
			};
			name = Release;
		};
/* End XCBuildConfiguration section */

/* Begin XCConfigurationList section */
		841AD8891BB3C0350082B7B0 /* Build configuration list for PBXNativeTarget "BrcmFirmwareData" */ = {
			isa = XCConfigurationList;
			buildConfigurations = (
				841AD88A1BB3C0350082B7B0 /* Debug */,
				841AD88B1BB3C0350082B7B0 /* Release */,
			);
			defaultConfigurationIsVisible = 0;
			defaultConfigurationName = Release;
		};
		842B20C61BB2F0D900D3C468 /* Build configuration list for PBXNativeTarget "BrcmFirmwareRepo" */ = {
			isa = XCConfigurationList;
			buildConfigurations = (
				842B20C71BB2F0D900D3C468 /* Debug */,
				842B20C81BB2F0D900D3C468 /* Release */,
			);
			defaultConfigurationIsVisible = 0;
			defaultConfigurationName = Release;
		};
		84CDEE081BB3CA2200238DD1 /* Build configuration list for PBXLegacyTarget "Prebuild" */ = {
			isa = XCConfigurationList;
			buildConfigurations = (
				84CDEE061BB3CA2200238DD1 /* Debug */,
				84CDEE071BB3CA2200238DD1 /* Release */,
			);
			defaultConfigurationIsVisible = 0;
			defaultConfigurationName = Release;
		};
		D4F91AF81A2998CE0030D10D /* Build configuration list for PBXProject "BrcmPatchRAM" */ = {
			isa = XCConfigurationList;
			buildConfigurations = (
				D4F91B071A2998CE0030D10D /* Debug */,
				D4F91B081A2998CE0030D10D /* Release */,
			);
			defaultConfigurationIsVisible = 0;
			defaultConfigurationName = Release;
		};
		ED2A7DD31B37DE6E00DC200F /* Build configuration list for PBXNativeTarget "BrcmBluetoothInjector" */ = {
			isa = XCConfigurationList;
			buildConfigurations = (
				ED2A7DD41B37DE6E00DC200F /* Debug */,
				ED2A7DD51B37DE6E00DC200F /* Release */,
			);
			defaultConfigurationIsVisible = 0;
			defaultConfigurationName = Release;
		};
		ED5817C61B7A6AEF006C5522 /* Build configuration list for PBXNativeTarget "BrcmPatchRAM2" */ = {
			isa = XCConfigurationList;
			buildConfigurations = (
				ED5817C71B7A6AEF006C5522 /* Debug */,
				ED5817C81B7A6AEF006C5522 /* Release */,
			);
			defaultConfigurationIsVisible = 0;
			defaultConfigurationName = Release;
		};
		ED7470F41D184C5D005F75F1 /* Build configuration list for PBXNativeTarget "BrcmNonPatchRAM" */ = {
			isa = XCConfigurationList;
			buildConfigurations = (
				ED7470F51D184C5D005F75F1 /* Debug */,
				ED7470F61D184C5D005F75F1 /* Release */,
			);
			defaultConfigurationIsVisible = 0;
			defaultConfigurationName = Release;
		};
		EDC9E2B91D185240007E69B6 /* Build configuration list for PBXNativeTarget "BrcmNonPatchRAM2" */ = {
			isa = XCConfigurationList;
			buildConfigurations = (
				EDC9E2BA1D185240007E69B6 /* Debug */,
				EDC9E2BB1D185240007E69B6 /* Release */,
			);
			defaultConfigurationIsVisible = 0;
			defaultConfigurationName = Release;
		};
/* End XCConfigurationList section */
	};
	rootObject = D4F91AF51A2998CE0030D10D /* Project object */;
}
