// !$*UTF8*$!
{
	archiveVersion = 1;
	classes = {
	};
	objectVersion = 46;
	objects = {

/* Begin PBXBuildFile section */
		841AD87E1BB3C0350082B7B0 /* BrcmFirmwareStore.cpp in Sources */ = {isa = PBXBuildFile; fileRef = D4049E551A3252B1003A1893 /* BrcmFirmwareStore.cpp */; settings = {ASSET_TAGS = (); }; };
		841AD8811BB3C0350082B7B0 /* BrcmPatchRAM.h in Headers */ = {isa = PBXBuildFile; fileRef = D4F91B031A2998CE0030D10D /* BrcmPatchRAM.h */; };
		841AD8821BB3C0350082B7B0 /* BrcmFirmwareStore.h in Headers */ = {isa = PBXBuildFile; fileRef = D4049E561A3252B1003A1893 /* BrcmFirmwareStore.h */; };
		841AD8831BB3C0350082B7B0 /* Common.h in Headers */ = {isa = PBXBuildFile; fileRef = D454276C1A2A07A7000B0964 /* Common.h */; };
		841AD8841BB3C0350082B7B0 /* USBDeviceShim.h in Headers */ = {isa = PBXBuildFile; fileRef = D4E0A25B1BA30FD300A5FE05 /* USBDeviceShim.h */; };
		841AD8851BB3C0350082B7B0 /* hci.h in Headers */ = {isa = PBXBuildFile; fileRef = D45427691A2A045E000B0964 /* hci.h */; };
		841AD88F1BB3C0F40082B7B0 /* BrcmFirmwareData-Info.plist in Resources */ = {isa = PBXBuildFile; fileRef = 841AD88E1BB3C0F40082B7B0 /* BrcmFirmwareData-Info.plist */; settings = {ASSET_TAGS = (); }; };
		841AD8911BB3C12F0082B7B0 /* FirmwareData.cpp in Sources */ = {isa = PBXBuildFile; fileRef = 841AD8901BB3C12F0082B7B0 /* FirmwareData.cpp */; settings = {ASSET_TAGS = (); }; };
		841AD8931BB3C1960082B7B0 /* FirmwareData.h in Headers */ = {isa = PBXBuildFile; fileRef = 841AD8921BB3C1960082B7B0 /* FirmwareData.h */; settings = {ASSET_TAGS = (); }; };
		841AD8951BB3C27E0082B7B0 /* generate_firmware_data.sh in Resources */ = {isa = PBXBuildFile; fileRef = 841AD8941BB3C27E0082B7B0 /* generate_firmware_data.sh */; settings = {ASSET_TAGS = (); }; };
		842B20BD1BB2F0D900D3C468 /* BrcmPatchRAM.h in Headers */ = {isa = PBXBuildFile; fileRef = D4F91B031A2998CE0030D10D /* BrcmPatchRAM.h */; };
		842B20BE1BB2F0D900D3C468 /* BrcmFirmwareStore.h in Headers */ = {isa = PBXBuildFile; fileRef = D4049E561A3252B1003A1893 /* BrcmFirmwareStore.h */; };
		842B20BF1BB2F0D900D3C468 /* Common.h in Headers */ = {isa = PBXBuildFile; fileRef = D454276C1A2A07A7000B0964 /* Common.h */; };
		842B20C01BB2F0D900D3C468 /* USBDeviceShim.h in Headers */ = {isa = PBXBuildFile; fileRef = D4E0A25B1BA30FD300A5FE05 /* USBDeviceShim.h */; };
		842B20C11BB2F0D900D3C468 /* hci.h in Headers */ = {isa = PBXBuildFile; fileRef = D45427691A2A045E000B0964 /* hci.h */; };
		842B20CC1BB2F0F800D3C468 /* BrcmFirmwareStore.cpp in Sources */ = {isa = PBXBuildFile; fileRef = D4049E551A3252B1003A1893 /* BrcmFirmwareStore.cpp */; settings = {ASSET_TAGS = (); }; };
		D4049E581A3252B1003A1893 /* BrcmFirmwareStore.h in Headers */ = {isa = PBXBuildFile; fileRef = D4049E561A3252B1003A1893 /* BrcmFirmwareStore.h */; };
		D45C93E01BA3549A006D3FB8 /* USBHostDeviceShim.cpp in Sources */ = {isa = PBXBuildFile; fileRef = D45C93DF1BA3549A006D3FB8 /* USBHostDeviceShim.cpp */; };
		D4E0A25D1BA30FD300A5FE05 /* USBDeviceShim.cpp in Sources */ = {isa = PBXBuildFile; fileRef = D4E0A25A1BA30FD300A5FE05 /* USBDeviceShim.cpp */; };
		D4E0A25E1BA30FD300A5FE05 /* USBDeviceShim.h in Headers */ = {isa = PBXBuildFile; fileRef = D4E0A25B1BA30FD300A5FE05 /* USBDeviceShim.h */; };
		D4E0A25F1BA30FD300A5FE05 /* USBDeviceShim.h in Headers */ = {isa = PBXBuildFile; fileRef = D4E0A25B1BA30FD300A5FE05 /* USBDeviceShim.h */; };
		D4F91B041A2998CE0030D10D /* BrcmPatchRAM.h in Headers */ = {isa = PBXBuildFile; fileRef = D4F91B031A2998CE0030D10D /* BrcmPatchRAM.h */; };
		D4F91B061A2998CE0030D10D /* BrcmPatchRAM.cpp in Sources */ = {isa = PBXBuildFile; fileRef = D4F91B051A2998CE0030D10D /* BrcmPatchRAM.cpp */; };
		ED02480C1BB84E0E007AC58D /* BCM4335C0_003.001.009.0066.0105_v4201.zhx in Resources */ = {isa = PBXBuildFile; fileRef = ED0247B51BB84E0D007AC58D /* BCM4335C0_003.001.009.0066.0105_v4201.zhx */; settings = {ASSET_TAGS = (); }; };
		ED02480D1BB84E0E007AC58D /* BCM4350C5_003.006.007.0095.1668_v5764.zhx in Resources */ = {isa = PBXBuildFile; fileRef = ED0247B61BB84E0D007AC58D /* BCM4350C5_003.006.007.0095.1668_v5764.zhx */; settings = {ASSET_TAGS = (); }; };
		ED02480E1BB84E0E007AC58D /* BCM4350C5_003.006.007.0095.1703_v5799.zhx in Resources */ = {isa = PBXBuildFile; fileRef = ED0247B71BB84E0D007AC58D /* BCM4350C5_003.006.007.0095.1703_v5799.zhx */; settings = {ASSET_TAGS = (); }; };
		ED02480F1BB84E0E007AC58D /* BCM4350C5_003.006.007.0095.1704_v5800.zhx in Resources */ = {isa = PBXBuildFile; fileRef = ED0247B81BB84E0D007AC58D /* BCM4350C5_003.006.007.0095.1704_v5800.zhx */; settings = {ASSET_TAGS = (); }; };
		ED0248101BB84E0E007AC58D /* BCM4356A2_001.003.015.0046.0125_v4221.zhx in Resources */ = {isa = PBXBuildFile; fileRef = ED0247B91BB84E0D007AC58D /* BCM4356A2_001.003.015.0046.0125_v4221.zhx */; settings = {ASSET_TAGS = (); }; };
		ED0248111BB84E0E007AC58D /* BCM4356A2_001.003.015.0046.0127_v4223.zhx in Resources */ = {isa = PBXBuildFile; fileRef = ED0247BA1BB84E0D007AC58D /* BCM4356A2_001.003.015.0046.0127_v4223.zhx */; settings = {ASSET_TAGS = (); }; };
		ED0248121BB84E0E007AC58D /* BCM4356A2_001.003.015.0046.0132_v4228.zhx in Resources */ = {isa = PBXBuildFile; fileRef = ED0247BB1BB84E0D007AC58D /* BCM4356A2_001.003.015.0046.0132_v4228.zhx */; settings = {ASSET_TAGS = (); }; };
		ED0248131BB84E0E007AC58D /* BCM4356A2_001.003.015.0046.0154_v4250.zhx in Resources */ = {isa = PBXBuildFile; fileRef = ED0247BC1BB84E0D007AC58D /* BCM4356A2_001.003.015.0046.0154_v4250.zhx */; settings = {ASSET_TAGS = (); }; };
		ED0248141BB84E0E007AC58D /* BCM4356A2_001.003.015.0046.0162_v4258.zhx in Resources */ = {isa = PBXBuildFile; fileRef = ED0247BD1BB84E0D007AC58D /* BCM4356A2_001.003.015.0046.0162_v4258.zhx */; settings = {ASSET_TAGS = (); }; };
		ED0248151BB84E0E007AC58D /* BCM4356A2_001.003.015.0046.0195_v4291.zhx in Resources */ = {isa = PBXBuildFile; fileRef = ED0247BE1BB84E0D007AC58D /* BCM4356A2_001.003.015.0046.0195_v4291.zhx */; settings = {ASSET_TAGS = (); }; };
		ED0248161BB84E0E007AC58D /* BCM4356A2_001.003.015.0046.0197_v4293.zhx in Resources */ = {isa = PBXBuildFile; fileRef = ED0247BF1BB84E0D007AC58D /* BCM4356A2_001.003.015.0046.0197_v4293.zhx */; settings = {ASSET_TAGS = (); }; };
		ED0248171BB84E0E007AC58D /* BCM4356A2_001.003.015.0080.0225_v4321.zhx in Resources */ = {isa = PBXBuildFile; fileRef = ED0247C01BB84E0D007AC58D /* BCM4356A2_001.003.015.0080.0225_v4321.zhx */; settings = {ASSET_TAGS = (); }; };
		ED0248181BB84E0E007AC58D /* BCM20702A1_001.002.014.1443.1447_v5543.zhx in Resources */ = {isa = PBXBuildFile; fileRef = ED0247C11BB84E0D007AC58D /* BCM20702A1_001.002.014.1443.1447_v5543.zhx */; settings = {ASSET_TAGS = (); }; };
		ED0248191BB84E0E007AC58D /* BCM20702A1_001.002.014.1443.1449_v5545.zhx in Resources */ = {isa = PBXBuildFile; fileRef = ED0247C21BB84E0D007AC58D /* BCM20702A1_001.002.014.1443.1449_v5545.zhx */; settings = {ASSET_TAGS = (); }; };
		ED02481A1BB84E0E007AC58D /* BCM20702A1_001.002.014.1443.1450_v5546.zhx in Resources */ = {isa = PBXBuildFile; fileRef = ED0247C31BB84E0D007AC58D /* BCM20702A1_001.002.014.1443.1450_v5546.zhx */; settings = {ASSET_TAGS = (); }; };
		ED02481B1BB84E0E007AC58D /* BCM20702A1_001.002.014.1443.1459_v5555.zhx in Resources */ = {isa = PBXBuildFile; fileRef = ED0247C41BB84E0D007AC58D /* BCM20702A1_001.002.014.1443.1459_v5555.zhx */; settings = {ASSET_TAGS = (); }; };
		ED02481C1BB84E0E007AC58D /* BCM20702A1_001.002.014.1443.1460_v5556.zhx in Resources */ = {isa = PBXBuildFile; fileRef = ED0247C51BB84E0D007AC58D /* BCM20702A1_001.002.014.1443.1460_v5556.zhx */; settings = {ASSET_TAGS = (); }; };
		ED02481D1BB84E0E007AC58D /* BCM20702A1_001.002.014.1443.1461_v5557.zhx in Resources */ = {isa = PBXBuildFile; fileRef = ED0247C61BB84E0D007AC58D /* BCM20702A1_001.002.014.1443.1461_v5557.zhx */; settings = {ASSET_TAGS = (); }; };
		ED02481E1BB84E0E007AC58D /* BCM20702A1_001.002.014.1443.1463_v5559.zhx in Resources */ = {isa = PBXBuildFile; fileRef = ED0247C71BB84E0D007AC58D /* BCM20702A1_001.002.014.1443.1463_v5559.zhx */; settings = {ASSET_TAGS = (); }; };
		ED02481F1BB84E0E007AC58D /* BCM20702A1_001.002.014.1443.1467_v5563.zhx in Resources */ = {isa = PBXBuildFile; fileRef = ED0247C81BB84E0D007AC58D /* BCM20702A1_001.002.014.1443.1467_v5563.zhx */; settings = {ASSET_TAGS = (); }; };
		ED0248201BB84E0E007AC58D /* BCM20702A1_001.002.014.1443.1468_v5564.zhx in Resources */ = {isa = PBXBuildFile; fileRef = ED0247C91BB84E0D007AC58D /* BCM20702A1_001.002.014.1443.1468_v5564.zhx */; settings = {ASSET_TAGS = (); }; };
		ED0248211BB84E0E007AC58D /* BCM20702A1_001.002.014.1443.1469_v5565.zhx in Resources */ = {isa = PBXBuildFile; fileRef = ED0247CA1BB84E0D007AC58D /* BCM20702A1_001.002.014.1443.1469_v5565.zhx */; settings = {ASSET_TAGS = (); }; };
		ED0248221BB84E0E007AC58D /* BCM20702A1_001.002.014.1443.1477_v5573.zhx in Resources */ = {isa = PBXBuildFile; fileRef = ED0247CB1BB84E0D007AC58D /* BCM20702A1_001.002.014.1443.1477_v5573.zhx */; settings = {ASSET_TAGS = (); }; };
		ED0248231BB84E0E007AC58D /* BCM20702A1_001.002.014.1443.1478_v5574.zhx in Resources */ = {isa = PBXBuildFile; fileRef = ED0247CC1BB84E0D007AC58D /* BCM20702A1_001.002.014.1443.1478_v5574.zhx */; settings = {ASSET_TAGS = (); }; };
		ED0248241BB84E0E007AC58D /* BCM20702A1_001.002.014.1443.1479_v5575.zhx in Resources */ = {isa = PBXBuildFile; fileRef = ED0247CD1BB84E0D007AC58D /* BCM20702A1_001.002.014.1443.1479_v5575.zhx */; settings = {ASSET_TAGS = (); }; };
		ED0248251BB84E0E007AC58D /* BCM20702A1_001.002.014.1443.1480_v5576.zhx in Resources */ = {isa = PBXBuildFile; fileRef = ED0247CE1BB84E0D007AC58D /* BCM20702A1_001.002.014.1443.1480_v5576.zhx */; settings = {ASSET_TAGS = (); }; };
		ED0248261BB84E0E007AC58D /* BCM20702A1_001.002.014.1443.1481_v5577.zhx in Resources */ = {isa = PBXBuildFile; fileRef = ED0247CF1BB84E0D007AC58D /* BCM20702A1_001.002.014.1443.1481_v5577.zhx */; settings = {ASSET_TAGS = (); }; };
		ED0248271BB84E0E007AC58D /* BCM20702A1_001.002.014.1443.1483_v5579.zhx in Resources */ = {isa = PBXBuildFile; fileRef = ED0247D01BB84E0D007AC58D /* BCM20702A1_001.002.014.1443.1483_v5579.zhx */; settings = {ASSET_TAGS = (); }; };
		ED0248281BB84E0E007AC58D /* BCM20702A1_001.002.014.1443.1487_v5583.zhx in Resources */ = {isa = PBXBuildFile; fileRef = ED0247D11BB84E0D007AC58D /* BCM20702A1_001.002.014.1443.1487_v5583.zhx */; settings = {ASSET_TAGS = (); }; };
		ED0248291BB84E0E007AC58D /* BCM20702A1_001.002.014.1443.1501_v5597.zhx in Resources */ = {isa = PBXBuildFile; fileRef = ED0247D21BB84E0D007AC58D /* BCM20702A1_001.002.014.1443.1501_v5597.zhx */; settings = {ASSET_TAGS = (); }; };
		ED02482A1BB84E0E007AC58D /* BCM20702A1_001.002.014.1443.1502_v5598.zhx in Resources */ = {isa = PBXBuildFile; fileRef = ED0247D31BB84E0D007AC58D /* BCM20702A1_001.002.014.1443.1502_v5598.zhx */; settings = {ASSET_TAGS = (); }; };
		ED02482B1BB84E0E007AC58D /* BCM20702A1_001.002.014.1443.1572_v5668.zhx in Resources */ = {isa = PBXBuildFile; fileRef = ED0247D41BB84E0D007AC58D /* BCM20702A1_001.002.014.1443.1572_v5668.zhx */; settings = {ASSET_TAGS = (); }; };
		ED02482C1BB84E0E007AC58D /* BCM20702A1_001.002.014.1443.1714_v5810.zhx in Resources */ = {isa = PBXBuildFile; fileRef = ED0247D51BB84E0D007AC58D /* BCM20702A1_001.002.014.1443.1714_v5810.zhx */; settings = {ASSET_TAGS = (); }; };
		ED02482D1BB84E0E007AC58D /* BCM20702A1_001.002.014.1483.1647_v5743.zhx in Resources */ = {isa = PBXBuildFile; fileRef = ED0247D61BB84E0D007AC58D /* BCM20702A1_001.002.014.1483.1647_v5743.zhx */; settings = {ASSET_TAGS = (); }; };
		ED02482E1BB84E0E007AC58D /* BCM20702A1_001.002.014.1483.1669_v5765.zhx in Resources */ = {isa = PBXBuildFile; fileRef = ED0247D71BB84E0D007AC58D /* BCM20702A1_001.002.014.1483.1669_v5765.zhx */; settings = {ASSET_TAGS = (); }; };
		ED02482F1BB84E0E007AC58D /* BCM20702A1_001.002.014.1502.1760_v5856.zhx in Resources */ = {isa = PBXBuildFile; fileRef = ED0247D81BB84E0D007AC58D /* BCM20702A1_001.002.014.1502.1760_v5856.zhx */; settings = {ASSET_TAGS = (); }; };
		ED0248301BB84E0E007AC58D /* BCM20702A1_001.002.014.1502.1761_v5857.zhx in Resources */ = {isa = PBXBuildFile; fileRef = ED0247D91BB84E0D007AC58D /* BCM20702A1_001.002.014.1502.1761_v5857.zhx */; settings = {ASSET_TAGS = (); }; };
		ED0248311BB84E0E007AC58D /* BCM20702A1_001.002.014.1502.1765_v5861.zhx in Resources */ = {isa = PBXBuildFile; fileRef = ED0247DA1BB84E0D007AC58D /* BCM20702A1_001.002.014.1502.1765_v5861.zhx */; settings = {ASSET_TAGS = (); }; };
		ED0248321BB84E0E007AC58D /* BCM20702A1_001.002.014.1502.1766_v5862.zhx in Resources */ = {isa = PBXBuildFile; fileRef = ED0247DB1BB84E0D007AC58D /* BCM20702A1_001.002.014.1502.1766_v5862.zhx */; settings = {ASSET_TAGS = (); }; };
		ED0248331BB84E0E007AC58D /* BCM20702A1_001.002.014.1502.1767_v5863.zhx in Resources */ = {isa = PBXBuildFile; fileRef = ED0247DC1BB84E0D007AC58D /* BCM20702A1_001.002.014.1502.1767_v5863.zhx */; settings = {ASSET_TAGS = (); }; };
		ED0248341BB84E0E007AC58D /* BCM20702A1_001.002.014.1502.1769_v5865.zhx in Resources */ = {isa = PBXBuildFile; fileRef = ED0247DD1BB84E0D007AC58D /* BCM20702A1_001.002.014.1502.1769_v5865.zhx */; settings = {ASSET_TAGS = (); }; };
		ED0248351BB84E0E007AC58D /* BCM20703A1_001.001.005.0214.0403_v4499.zhx in Resources */ = {isa = PBXBuildFile; fileRef = ED0247DE1BB84E0D007AC58D /* BCM20703A1_001.001.005.0214.0403_v4499.zhx */; settings = {ASSET_TAGS = (); }; };
		ED0248361BB84E0E007AC58D /* BCM43142A0_001.001.011.0311.0312_v4408.zhx in Resources */ = {isa = PBXBuildFile; fileRef = ED0247DF1BB84E0D007AC58D /* BCM43142A0_001.001.011.0311.0312_v4408.zhx */; settings = {ASSET_TAGS = (); }; };
		ED0248371BB84E0E007AC58D /* BCM43142A0_001.001.011.0311.0328_v4424.zhx in Resources */ = {isa = PBXBuildFile; fileRef = ED0247E01BB84E0D007AC58D /* BCM43142A0_001.001.011.0311.0328_v4424.zhx */; settings = {ASSET_TAGS = (); }; };
		ED0248381BB84E0E007AC58D /* BCM43142A0_001.001.011.0311.0329_v4425.zhx in Resources */ = {isa = PBXBuildFile; fileRef = ED0247E11BB84E0D007AC58D /* BCM43142A0_001.001.011.0311.0329_v4425.zhx */; settings = {ASSET_TAGS = (); }; };
		ED0248391BB84E0E007AC58D /* BCM43142A0_001.001.011.0311.0332_v4428.zhx in Resources */ = {isa = PBXBuildFile; fileRef = ED0247E21BB84E0D007AC58D /* BCM43142A0_001.001.011.0311.0332_v4428.zhx */; settings = {ASSET_TAGS = (); }; };
		ED02483A1BB84E0E007AC58D /* BCM43142A0_001.001.011.0311.0333_v4429.zhx in Resources */ = {isa = PBXBuildFile; fileRef = ED0247E31BB84E0D007AC58D /* BCM43142A0_001.001.011.0311.0333_v4429.zhx */; settings = {ASSET_TAGS = (); }; };
		ED02483B1BB84E0E007AC58D /* BCM43142A0_001.001.011.0311.0341_v4437.zhx in Resources */ = {isa = PBXBuildFile; fileRef = ED0247E41BB84E0D007AC58D /* BCM43142A0_001.001.011.0311.0341_v4437.zhx */; settings = {ASSET_TAGS = (); }; };
		ED02483C1BB84E0E007AC58D /* BCM4335C0_003.001.009.0066.0104_v4200.zhx in Resources */ = {isa = PBXBuildFile; fileRef = ED0247E51BB84E0D007AC58D /* BCM4335C0_003.001.009.0066.0104_v4200.zhx */; settings = {ASSET_TAGS = (); }; };
		ED02483D1BB84E0E007AC58D /* BCM4335C0_003.001.009.0066.0108_v4204.zhx in Resources */ = {isa = PBXBuildFile; fileRef = ED0247E61BB84E0D007AC58D /* BCM4335C0_003.001.009.0066.0108_v4204.zhx */; settings = {ASSET_TAGS = (); }; };
		ED02483E1BB84E0E007AC58D /* BCM4335C0_003.001.009.0066.0115_v4211.zhx in Resources */ = {isa = PBXBuildFile; fileRef = ED0247E71BB84E0D007AC58D /* BCM4335C0_003.001.009.0066.0115_v4211.zhx */; settings = {ASSET_TAGS = (); }; };
		ED02483F1BB84E0E007AC58D /* BCM4335C0_003.001.009.0066.0121_v4217.zhx in Resources */ = {isa = PBXBuildFile; fileRef = ED0247E81BB84E0D007AC58D /* BCM4335C0_003.001.009.0066.0121_v4217.zhx */; settings = {ASSET_TAGS = (); }; };
		ED0248401BB84E0E007AC58D /* BCM4356A2_001.003.015.0046.0104_v4200.zhx in Resources */ = {isa = PBXBuildFile; fileRef = ED0247E91BB84E0D007AC58D /* BCM4356A2_001.003.015.0046.0104_v4200.zhx */; settings = {ASSET_TAGS = (); }; };
		ED0248411BB84E0E007AC58D /* BCM4356A2_001.003.015.0046.0120_v4216.zhx in Resources */ = {isa = PBXBuildFile; fileRef = ED0247EA1BB84E0D007AC58D /* BCM4356A2_001.003.015.0046.0120_v4216.zhx */; settings = {ASSET_TAGS = (); }; };
		ED0248421BB84E0E007AC58D /* BCM4356A2_001.003.015.0046.0122_v4218.zhx in Resources */ = {isa = PBXBuildFile; fileRef = ED0247EB1BB84E0D007AC58D /* BCM4356A2_001.003.015.0046.0122_v4218.zhx */; settings = {ASSET_TAGS = (); }; };
		ED0248431BB84E0E007AC58D /* BCM4356A2_001.003.015.0046.0183_v4279.zhx in Resources */ = {isa = PBXBuildFile; fileRef = ED0247EC1BB84E0D007AC58D /* BCM4356A2_001.003.015.0046.0183_v4279.zhx */; settings = {ASSET_TAGS = (); }; };
		ED0248441BB84E0E007AC58D /* BCM20702A1_001.002.014.1443.1462_v5558.zhx in Resources */ = {isa = PBXBuildFile; fileRef = ED0247ED1BB84E0D007AC58D /* BCM20702A1_001.002.014.1443.1462_v5558.zhx */; settings = {ASSET_TAGS = (); }; };
		ED0248451BB84E0E007AC58D /* BCM20702A1_001.002.014.1443.1465_v5561.zhx in Resources */ = {isa = PBXBuildFile; fileRef = ED0247EE1BB84E0D007AC58D /* BCM20702A1_001.002.014.1443.1465_v5561.zhx */; settings = {ASSET_TAGS = (); }; };
		ED0248461BB84E0E007AC58D /* BCM20702A1_001.002.014.1443.1466_v5562.zhx in Resources */ = {isa = PBXBuildFile; fileRef = ED0247EF1BB84E0D007AC58D /* BCM20702A1_001.002.014.1443.1466_v5562.zhx */; settings = {ASSET_TAGS = (); }; };
		ED0248471BB84E0E007AC58D /* BCM20702A1_001.002.014.1443.1482_v5578.zhx in Resources */ = {isa = PBXBuildFile; fileRef = ED0247F01BB84E0D007AC58D /* BCM20702A1_001.002.014.1443.1482_v5578.zhx */; settings = {ASSET_TAGS = (); }; };
		ED0248481BB84E0E007AC58D /* BCM20702A1_001.002.014.1443.1484_v5580.zhx in Resources */ = {isa = PBXBuildFile; fileRef = ED0247F11BB84E0D007AC58D /* BCM20702A1_001.002.014.1443.1484_v5580.zhx */; settings = {ASSET_TAGS = (); }; };
		ED0248491BB84E0E007AC58D /* BCM20702A1_001.002.014.1443.1485_v5581.zhx in Resources */ = {isa = PBXBuildFile; fileRef = ED0247F21BB84E0D007AC58D /* BCM20702A1_001.002.014.1443.1485_v5581.zhx */; settings = {ASSET_TAGS = (); }; };
		ED02484A1BB84E0E007AC58D /* BCM20702A1_001.002.014.1443.1486_v5582.zhx in Resources */ = {isa = PBXBuildFile; fileRef = ED0247F31BB84E0D007AC58D /* BCM20702A1_001.002.014.1443.1486_v5582.zhx */; settings = {ASSET_TAGS = (); }; };
		ED02484B1BB84E0E007AC58D /* BCM20702A1_001.002.014.1443.1488_v5584.zhx in Resources */ = {isa = PBXBuildFile; fileRef = ED0247F41BB84E0D007AC58D /* BCM20702A1_001.002.014.1443.1488_v5584.zhx */; settings = {ASSET_TAGS = (); }; };
		ED02484C1BB84E0E007AC58D /* BCM20702A1_001.002.014.1443.1489_v5585.zhx in Resources */ = {isa = PBXBuildFile; fileRef = ED0247F51BB84E0D007AC58D /* BCM20702A1_001.002.014.1443.1489_v5585.zhx */; settings = {ASSET_TAGS = (); }; };
		ED02484D1BB84E0E007AC58D /* BCM20702A1_001.002.014.1443.1490_v5586.zhx in Resources */ = {isa = PBXBuildFile; fileRef = ED0247F61BB84E0D007AC58D /* BCM20702A1_001.002.014.1443.1490_v5586.zhx */; settings = {ASSET_TAGS = (); }; };
		ED02484E1BB84E0E007AC58D /* BCM20702A1_001.002.014.1443.1492_v5588.zhx in Resources */ = {isa = PBXBuildFile; fileRef = ED0247F71BB84E0D007AC58D /* BCM20702A1_001.002.014.1443.1492_v5588.zhx */; settings = {ASSET_TAGS = (); }; };
		ED02484F1BB84E0E007AC58D /* BCM20702A1_001.002.014.1443.1493_v5589.zhx in Resources */ = {isa = PBXBuildFile; fileRef = ED0247F81BB84E0D007AC58D /* BCM20702A1_001.002.014.1443.1493_v5589.zhx */; settings = {ASSET_TAGS = (); }; };
		ED0248501BB84E0E007AC58D /* BCM20702A1_001.002.014.1443.1494_v5590.zhx in Resources */ = {isa = PBXBuildFile; fileRef = ED0247F91BB84E0D007AC58D /* BCM20702A1_001.002.014.1443.1494_v5590.zhx */; settings = {ASSET_TAGS = (); }; };
		ED0248511BB84E0E007AC58D /* BCM20702A1_001.002.014.1443.1499_v5595.zhx in Resources */ = {isa = PBXBuildFile; fileRef = ED0247FA1BB84E0D007AC58D /* BCM20702A1_001.002.014.1443.1499_v5595.zhx */; settings = {ASSET_TAGS = (); }; };
		ED0248521BB84E0E007AC58D /* BCM20702A1_001.002.014.1443.1521_v5617.zhx in Resources */ = {isa = PBXBuildFile; fileRef = ED0247FB1BB84E0D007AC58D /* BCM20702A1_001.002.014.1443.1521_v5617.zhx */; settings = {ASSET_TAGS = (); }; };
		ED0248531BB84E0E007AC58D /* BCM20702A1_001.002.014.1443.1532_v5628.zhx in Resources */ = {isa = PBXBuildFile; fileRef = ED0247FC1BB84E0D007AC58D /* BCM20702A1_001.002.014.1443.1532_v5628.zhx */; settings = {ASSET_TAGS = (); }; };
		ED0248541BB84E0E007AC58D /* BCM20702A1_001.002.014.1483.1651_v5747.zhx in Resources */ = {isa = PBXBuildFile; fileRef = ED0247FD1BB84E0D007AC58D /* BCM20702A1_001.002.014.1483.1651_v5747.zhx */; settings = {ASSET_TAGS = (); }; };
		ED0248551BB84E0E007AC58D /* BCM20702A1_001.002.014.1483.1668_v5764.zhx in Resources */ = {isa = PBXBuildFile; fileRef = ED0247FE1BB84E0D007AC58D /* BCM20702A1_001.002.014.1483.1668_v5764.zhx */; settings = {ASSET_TAGS = (); }; };
		ED0248561BB84E0E007AC58D /* BCM20702A1_001.002.014.1483.1672_v5768.zhx in Resources */ = {isa = PBXBuildFile; fileRef = ED0247FF1BB84E0D007AC58D /* BCM20702A1_001.002.014.1483.1672_v5768.zhx */; settings = {ASSET_TAGS = (); }; };
		ED0248571BB84E0E007AC58D /* BCM20702A1_001.002.014.1502.1762_v5858.zhx in Resources */ = {isa = PBXBuildFile; fileRef = ED0248001BB84E0D007AC58D /* BCM20702A1_001.002.014.1502.1762_v5858.zhx */; settings = {ASSET_TAGS = (); }; };
		ED0248581BB84E0E007AC58D /* BCM20702A1_001.002.014.1502.1763_v5859.zhx in Resources */ = {isa = PBXBuildFile; fileRef = ED0248011BB84E0D007AC58D /* BCM20702A1_001.002.014.1502.1763_v5859.zhx */; settings = {ASSET_TAGS = (); }; };
		ED0248591BB84E0E007AC58D /* BCM20702A1_001.002.014.1502.1768_v5864.zhx in Resources */ = {isa = PBXBuildFile; fileRef = ED0248021BB84E0D007AC58D /* BCM20702A1_001.002.014.1502.1768_v5864.zhx */; settings = {ASSET_TAGS = (); }; };
		ED02485A1BB84E0E007AC58D /* BCM43142A0_001.001.011.0311.0316_v4412.zhx in Resources */ = {isa = PBXBuildFile; fileRef = ED0248031BB84E0D007AC58D /* BCM43142A0_001.001.011.0311.0316_v4412.zhx */; settings = {ASSET_TAGS = (); }; };
		ED02485B1BB84E0E007AC58D /* BCM43142A0_001.001.011.0311.0327_v4423.zhx in Resources */ = {isa = PBXBuildFile; fileRef = ED0248041BB84E0D007AC58D /* BCM43142A0_001.001.011.0311.0327_v4423.zhx */; settings = {ASSET_TAGS = (); }; };
		ED02485C1BB84E0E007AC58D /* BCM43142A0_001.001.011.0311.0330_v4426.zhx in Resources */ = {isa = PBXBuildFile; fileRef = ED0248051BB84E0E007AC58D /* BCM43142A0_001.001.011.0311.0330_v4426.zhx */; settings = {ASSET_TAGS = (); }; };
		ED02485D1BB84E0E007AC58D /* BCM43142A0_001.001.011.0311.0331_v4427.zhx in Resources */ = {isa = PBXBuildFile; fileRef = ED0248061BB84E0E007AC58D /* BCM43142A0_001.001.011.0311.0331_v4427.zhx */; settings = {ASSET_TAGS = (); }; };
		ED02485E1BB84E0E007AC58D /* BCM43142A0_001.001.011.0311.0334_v4430.zhx in Resources */ = {isa = PBXBuildFile; fileRef = ED0248071BB84E0E007AC58D /* BCM43142A0_001.001.011.0311.0334_v4430.zhx */; settings = {ASSET_TAGS = (); }; };
		ED02485F1BB84E0E007AC58D /* BCM43142A0_001.001.011.0311.0335_v4431.zhx in Resources */ = {isa = PBXBuildFile; fileRef = ED0248081BB84E0E007AC58D /* BCM43142A0_001.001.011.0311.0335_v4431.zhx */; settings = {ASSET_TAGS = (); }; };
		ED0248601BB84E0E007AC58D /* BCM43142A0_001.001.011.0311.0336_v4432.zhx in Resources */ = {isa = PBXBuildFile; fileRef = ED0248091BB84E0E007AC58D /* BCM43142A0_001.001.011.0311.0336_v4432.zhx */; settings = {ASSET_TAGS = (); }; };
		ED0248611BB84E0E007AC58D /* BCM43142A0_001.001.011.0311.0339_v4435.zhx in Resources */ = {isa = PBXBuildFile; fileRef = ED02480A1BB84E0E007AC58D /* BCM43142A0_001.001.011.0311.0339_v4435.zhx */; settings = {ASSET_TAGS = (); }; };
		ED0248621BB84E0E007AC58D /* BCM43142A0_001.001.011.0311.0340_v4436.zhx in Resources */ = {isa = PBXBuildFile; fileRef = ED02480B1BB84E0E007AC58D /* BCM43142A0_001.001.011.0311.0340_v4436.zhx */; settings = {ASSET_TAGS = (); }; };
		ED5817BE1B7A6AEF006C5522 /* BrcmPatchRAM.cpp in Sources */ = {isa = PBXBuildFile; fileRef = D4F91B051A2998CE0030D10D /* BrcmPatchRAM.cpp */; };
		ED5817C11B7A6AEF006C5522 /* BrcmPatchRAM.h in Headers */ = {isa = PBXBuildFile; fileRef = D4F91B031A2998CE0030D10D /* BrcmPatchRAM.h */; };
		ED5817C21B7A6AEF006C5522 /* BrcmFirmwareStore.h in Headers */ = {isa = PBXBuildFile; fileRef = D4049E561A3252B1003A1893 /* BrcmFirmwareStore.h */; };
		EDA03B781BA47A0E005BDCA2 /* hci.h in Headers */ = {isa = PBXBuildFile; fileRef = D45427691A2A045E000B0964 /* hci.h */; };
		EDA03B791BA47A0F005BDCA2 /* hci.h in Headers */ = {isa = PBXBuildFile; fileRef = D45427691A2A045E000B0964 /* hci.h */; };
		EDA03B7A1BA47A12005BDCA2 /* Common.h in Headers */ = {isa = PBXBuildFile; fileRef = D454276C1A2A07A7000B0964 /* Common.h */; };
		EDA03B7B1BA47A12005BDCA2 /* Common.h in Headers */ = {isa = PBXBuildFile; fileRef = D454276C1A2A07A7000B0964 /* Common.h */; };
/* End PBXBuildFile section */

/* Begin PBXContainerItemProxy section */
		ED0247B31BB84D6E007AC58D /* PBXContainerItemProxy */ = {
			isa = PBXContainerItemProxy;
			containerPortal = D4F91AF51A2998CE0030D10D /* Project object */;
			proxyType = 1;
			remoteGlobalIDString = 84CDEE051BB3CA2200238DD1;
			remoteInfo = Prebuild;
		};
/* End PBXContainerItemProxy section */

/* Begin PBXCopyFilesBuildPhase section */
		841AD8871BB3C0350082B7B0 /* CopyFiles */ = {
			isa = PBXCopyFilesBuildPhase;
			buildActionMask = 2147483647;
			dstPath = "";
			dstSubfolderSpec = 13;
			files = (
			);
			runOnlyForDeploymentPostprocessing = 0;
		};
		842B20C41BB2F0D900D3C468 /* CopyFiles */ = {
			isa = PBXCopyFilesBuildPhase;
			buildActionMask = 2147483647;
			dstPath = "";
			dstSubfolderSpec = 13;
			files = (
			);
			runOnlyForDeploymentPostprocessing = 0;
		};
		D406C2F11A43C69100AEFA2D /* CopyFiles */ = {
			isa = PBXCopyFilesBuildPhase;
			buildActionMask = 2147483647;
			dstPath = "";
			dstSubfolderSpec = 13;
			files = (
			);
			runOnlyForDeploymentPostprocessing = 0;
		};
		ED2A7DD11B37DE6E00DC200F /* CopyFiles */ = {
			isa = PBXCopyFilesBuildPhase;
			buildActionMask = 2147483647;
			dstPath = "";
			dstSubfolderSpec = 13;
			files = (
			);
			runOnlyForDeploymentPostprocessing = 0;
		};
		ED5817C41B7A6AEF006C5522 /* CopyFiles */ = {
			isa = PBXCopyFilesBuildPhase;
			buildActionMask = 2147483647;
			dstPath = "";
			dstSubfolderSpec = 13;
			files = (
			);
			runOnlyForDeploymentPostprocessing = 0;
		};
/* End PBXCopyFilesBuildPhase section */

/* Begin PBXFileReference section */
		841AD88C1BB3C0350082B7B0 /* BrcmFirmwareData.kext */ = {isa = PBXFileReference; explicitFileType = wrapper.cfbundle; includeInIndex = 0; path = BrcmFirmwareData.kext; sourceTree = BUILT_PRODUCTS_DIR; };
		841AD88E1BB3C0F40082B7B0 /* BrcmFirmwareData-Info.plist */ = {isa = PBXFileReference; fileEncoding = 4; lastKnownFileType = text.plist.xml; path = "BrcmFirmwareData-Info.plist"; sourceTree = "<group>"; };
		841AD8901BB3C12F0082B7B0 /* FirmwareData.cpp */ = {isa = PBXFileReference; fileEncoding = 4; lastKnownFileType = sourcecode.cpp.cpp; path = FirmwareData.cpp; sourceTree = "<group>"; };
		841AD8921BB3C1960082B7B0 /* FirmwareData.h */ = {isa = PBXFileReference; fileEncoding = 4; lastKnownFileType = sourcecode.c.h; path = FirmwareData.h; sourceTree = "<group>"; };
		841AD8941BB3C27E0082B7B0 /* generate_firmware_data.sh */ = {isa = PBXFileReference; fileEncoding = 4; lastKnownFileType = text.script.sh; path = generate_firmware_data.sh; sourceTree = "<group>"; };
		842B20A11BB2EFA200D3C468 /* BrcmFirmwareRepo-Info.plist */ = {isa = PBXFileReference; fileEncoding = 4; lastKnownFileType = text.plist.xml; path = "BrcmFirmwareRepo-Info.plist"; sourceTree = "<group>"; };
		842B20C91BB2F0D900D3C468 /* BrcmFirmwareRepo.kext */ = {isa = PBXFileReference; explicitFileType = wrapper.cfbundle; includeInIndex = 0; path = BrcmFirmwareRepo.kext; sourceTree = BUILT_PRODUCTS_DIR; };
		8480E9531BB4312200FF61B0 /* README.md */ = {isa = PBXFileReference; fileEncoding = 4; lastKnownFileType = net.daringfireball.markdown; path = README.md; sourceTree = "<group>"; };
		D4049E551A3252B1003A1893 /* BrcmFirmwareStore.cpp */ = {isa = PBXFileReference; fileEncoding = 4; lastKnownFileType = sourcecode.cpp.cpp; path = BrcmFirmwareStore.cpp; sourceTree = "<group>"; };
		D4049E561A3252B1003A1893 /* BrcmFirmwareStore.h */ = {isa = PBXFileReference; fileEncoding = 4; lastKnownFileType = sourcecode.c.h; path = BrcmFirmwareStore.h; sourceTree = "<group>"; };
		D45427691A2A045E000B0964 /* hci.h */ = {isa = PBXFileReference; lastKnownFileType = sourcecode.c.h; path = hci.h; sourceTree = "<group>"; };
		D454276C1A2A07A7000B0964 /* Common.h */ = {isa = PBXFileReference; lastKnownFileType = sourcecode.c.h; path = Common.h; sourceTree = "<group>"; };
		D45C93DF1BA3549A006D3FB8 /* USBHostDeviceShim.cpp */ = {isa = PBXFileReference; fileEncoding = 4; lastKnownFileType = sourcecode.cpp.cpp; path = USBHostDeviceShim.cpp; sourceTree = "<group>"; };
		D4E0A25A1BA30FD300A5FE05 /* USBDeviceShim.cpp */ = {isa = PBXFileReference; fileEncoding = 4; lastKnownFileType = sourcecode.cpp.cpp; path = USBDeviceShim.cpp; sourceTree = "<group>"; };
		D4E0A25B1BA30FD300A5FE05 /* USBDeviceShim.h */ = {isa = PBXFileReference; fileEncoding = 4; lastKnownFileType = sourcecode.c.h; path = USBDeviceShim.h; sourceTree = "<group>"; };
		D4F91AFE1A2998CE0030D10D /* BrcmPatchRAM.kext */ = {isa = PBXFileReference; explicitFileType = wrapper.cfbundle; includeInIndex = 0; path = BrcmPatchRAM.kext; sourceTree = BUILT_PRODUCTS_DIR; };
		D4F91B021A2998CE0030D10D /* BrcmPatchRAM-Info.plist */ = {isa = PBXFileReference; lastKnownFileType = text.plist.xml; path = "BrcmPatchRAM-Info.plist"; sourceTree = "<group>"; };
		D4F91B031A2998CE0030D10D /* BrcmPatchRAM.h */ = {isa = PBXFileReference; lastKnownFileType = sourcecode.c.h; path = BrcmPatchRAM.h; sourceTree = "<group>"; };
		D4F91B051A2998CE0030D10D /* BrcmPatchRAM.cpp */ = {isa = PBXFileReference; lastKnownFileType = sourcecode.cpp.cpp; path = BrcmPatchRAM.cpp; sourceTree = "<group>"; };
		D4F91B121A299C210030D10D /* IOKit.framework */ = {isa = PBXFileReference; lastKnownFileType = wrapper.framework; name = IOKit.framework; path = Platforms/MacOSX.platform/Developer/SDKs/MacOSX10.9.sdk/System/Library/Frameworks/IOKit.framework; sourceTree = DEVELOPER_DIR; };
		ED0247B51BB84E0D007AC58D /* BCM4335C0_003.001.009.0066.0105_v4201.zhx */ = {isa = PBXFileReference; lastKnownFileType = file; name = BCM4335C0_003.001.009.0066.0105_v4201.zhx; path = firmwares/0a5c_216e/BCM4335C0_003.001.009.0066.0105_v4201.zhx; sourceTree = "<group>"; };
		ED0247B61BB84E0D007AC58D /* BCM4350C5_003.006.007.0095.1668_v5764.zhx */ = {isa = PBXFileReference; lastKnownFileType = file; name = BCM4350C5_003.006.007.0095.1668_v5764.zhx; path = firmwares/0a5c_6414/BCM4350C5_003.006.007.0095.1668_v5764.zhx; sourceTree = "<group>"; };
		ED0247B71BB84E0D007AC58D /* BCM4350C5_003.006.007.0095.1703_v5799.zhx */ = {isa = PBXFileReference; lastKnownFileType = file; name = BCM4350C5_003.006.007.0095.1703_v5799.zhx; path = firmwares/0a5c_6412/BCM4350C5_003.006.007.0095.1703_v5799.zhx; sourceTree = "<group>"; };
		ED0247B81BB84E0D007AC58D /* BCM4350C5_003.006.007.0095.1704_v5800.zhx */ = {isa = PBXFileReference; lastKnownFileType = file; name = BCM4350C5_003.006.007.0095.1704_v5800.zhx; path = firmwares/0a5c_6413/BCM4350C5_003.006.007.0095.1704_v5800.zhx; sourceTree = "<group>"; };
		ED0247B91BB84E0D007AC58D /* BCM4356A2_001.003.015.0046.0125_v4221.zhx */ = {isa = PBXFileReference; lastKnownFileType = file; name = BCM4356A2_001.003.015.0046.0125_v4221.zhx; path = firmwares/13d3_3473/BCM4356A2_001.003.015.0046.0125_v4221.zhx; sourceTree = "<group>"; };
		ED0247BA1BB84E0D007AC58D /* BCM4356A2_001.003.015.0046.0127_v4223.zhx */ = {isa = PBXFileReference; lastKnownFileType = file; name = BCM4356A2_001.003.015.0046.0127_v4223.zhx; path = firmwares/13d3_3488/BCM4356A2_001.003.015.0046.0127_v4223.zhx; sourceTree = "<group>"; };
		ED0247BB1BB84E0D007AC58D /* BCM4356A2_001.003.015.0046.0132_v4228.zhx */ = {isa = PBXFileReference; lastKnownFileType = file; name = BCM4356A2_001.003.015.0046.0132_v4228.zhx; path = firmwares/0b05_181d/BCM4356A2_001.003.015.0046.0132_v4228.zhx; sourceTree = "<group>"; };
		ED0247BC1BB84E0D007AC58D /* BCM4356A2_001.003.015.0046.0154_v4250.zhx */ = {isa = PBXFileReference; lastKnownFileType = file; name = BCM4356A2_001.003.015.0046.0154_v4250.zhx; path = firmwares/2b54_5600/BCM4356A2_001.003.015.0046.0154_v4250.zhx; sourceTree = "<group>"; };
		ED0247BD1BB84E0D007AC58D /* BCM4356A2_001.003.015.0046.0162_v4258.zhx */ = {isa = PBXFileReference; lastKnownFileType = file; name = BCM4356A2_001.003.015.0046.0162_v4258.zhx; path = firmwares/2b54_5601/BCM4356A2_001.003.015.0046.0162_v4258.zhx; sourceTree = "<group>"; };
		ED0247BE1BB84E0D007AC58D /* BCM4356A2_001.003.015.0046.0195_v4291.zhx */ = {isa = PBXFileReference; lastKnownFileType = file; name = BCM4356A2_001.003.015.0046.0195_v4291.zhx; path = firmwares/13d3_3492/BCM4356A2_001.003.015.0046.0195_v4291.zhx; sourceTree = "<group>"; };
		ED0247BF1BB84E0D007AC58D /* BCM4356A2_001.003.015.0046.0197_v4293.zhx */ = {isa = PBXFileReference; lastKnownFileType = file; name = BCM4356A2_001.003.015.0046.0197_v4293.zhx; path = firmwares/13d3_3485/BCM4356A2_001.003.015.0046.0197_v4293.zhx; sourceTree = "<group>"; };
		ED0247C01BB84E0D007AC58D /* BCM4356A2_001.003.015.0080.0225_v4321.zhx */ = {isa = PBXFileReference; fileEncoding = 4; lastKnownFileType = text; name = BCM4356A2_001.003.015.0080.0225_v4321.zhx; path = firmwares/0a5c_640e/BCM4356A2_001.003.015.0080.0225_v4321.zhx; sourceTree = "<group>"; };
		ED0247C11BB84E0D007AC58D /* BCM20702A1_001.002.014.1443.1447_v5543.zhx */ = {isa = PBXFileReference; fileEncoding = 4; lastKnownFileType = text; name = BCM20702A1_001.002.014.1443.1447_v5543.zhx; path = firmwares/413c_8197/BCM20702A1_001.002.014.1443.1447_v5543.zhx; sourceTree = "<group>"; };
		ED0247C21BB84E0D007AC58D /* BCM20702A1_001.002.014.1443.1449_v5545.zhx */ = {isa = PBXFileReference; lastKnownFileType = file; name = BCM20702A1_001.002.014.1443.1449_v5545.zhx; path = firmwares/413c_8143/BCM20702A1_001.002.014.1443.1449_v5545.zhx; sourceTree = "<group>"; };
		ED0247C31BB84E0D007AC58D /* BCM20702A1_001.002.014.1443.1450_v5546.zhx */ = {isa = PBXFileReference; lastKnownFileType = file; name = BCM20702A1_001.002.014.1443.1450_v5546.zhx; path = firmwares/13d3_3411/BCM20702A1_001.002.014.1443.1450_v5546.zhx; sourceTree = "<group>"; };
		ED0247C41BB84E0D007AC58D /* BCM20702A1_001.002.014.1443.1459_v5555.zhx */ = {isa = PBXFileReference; fileEncoding = 4; lastKnownFileType = text; name = BCM20702A1_001.002.014.1443.1459_v5555.zhx; path = firmwares/0a5c_21e8/BCM20702A1_001.002.014.1443.1459_v5555.zhx; sourceTree = "<group>"; };
		ED0247C51BB84E0D007AC58D /* BCM20702A1_001.002.014.1443.1460_v5556.zhx */ = {isa = PBXFileReference; lastKnownFileType = file; name = BCM20702A1_001.002.014.1443.1460_v5556.zhx; path = firmwares/0a5c_21ec/BCM20702A1_001.002.014.1443.1460_v5556.zhx; sourceTree = "<group>"; };
		ED0247C61BB84E0D007AC58D /* BCM20702A1_001.002.014.1443.1461_v5557.zhx */ = {isa = PBXFileReference; lastKnownFileType = file; name = BCM20702A1_001.002.014.1443.1461_v5557.zhx; path = firmwares/0a5c_21de/BCM20702A1_001.002.014.1443.1461_v5557.zhx; sourceTree = "<group>"; };
		ED0247C71BB84E0D007AC58D /* BCM20702A1_001.002.014.1443.1463_v5559.zhx */ = {isa = PBXFileReference; fileEncoding = 4; lastKnownFileType = text; name = BCM20702A1_001.002.014.1443.1463_v5559.zhx; path = firmwares/0a5c_21fd/BCM20702A1_001.002.014.1443.1463_v5559.zhx; sourceTree = "<group>"; };
		ED0247C81BB84E0D007AC58D /* BCM20702A1_001.002.014.1443.1467_v5563.zhx */ = {isa = PBXFileReference; lastKnownFileType = file; name = BCM20702A1_001.002.014.1443.1467_v5563.zhx; path = firmwares/0b05_17cb/BCM20702A1_001.002.014.1443.1467_v5563.zhx; sourceTree = "<group>"; };
		ED0247C91BB84E0D007AC58D /* BCM20702A1_001.002.014.1443.1468_v5564.zhx */ = {isa = PBXFileReference; lastKnownFileType = file; name = BCM20702A1_001.002.014.1443.1468_v5564.zhx; path = firmwares/0b05_17b5/BCM20702A1_001.002.014.1443.1468_v5564.zhx; sourceTree = "<group>"; };
		ED0247CA1BB84E0D007AC58D /* BCM20702A1_001.002.014.1443.1469_v5565.zhx */ = {isa = PBXFileReference; lastKnownFileType = file; name = BCM20702A1_001.002.014.1443.1469_v5565.zhx; path = firmwares/0b05_17cf/BCM20702A1_001.002.014.1443.1469_v5565.zhx; sourceTree = "<group>"; };
		ED0247CB1BB84E0D007AC58D /* BCM20702A1_001.002.014.1443.1477_v5573.zhx */ = {isa = PBXFileReference; lastKnownFileType = file; name = BCM20702A1_001.002.014.1443.1477_v5573.zhx; path = firmwares/13d3_3384/BCM20702A1_001.002.014.1443.1477_v5573.zhx; sourceTree = "<group>"; };
		ED0247CC1BB84E0D007AC58D /* BCM20702A1_001.002.014.1443.1478_v5574.zhx */ = {isa = PBXFileReference; fileEncoding = 4; lastKnownFileType = text; name = BCM20702A1_001.002.014.1443.1478_v5574.zhx; path = firmwares/13d3_3392/BCM20702A1_001.002.014.1443.1478_v5574.zhx; sourceTree = "<group>"; };
		ED0247CD1BB84E0D007AC58D /* BCM20702A1_001.002.014.1443.1479_v5575.zhx */ = {isa = PBXFileReference; lastKnownFileType = file; name = BCM20702A1_001.002.014.1443.1479_v5575.zhx; path = firmwares/13d3_3404/BCM20702A1_001.002.014.1443.1479_v5575.zhx; sourceTree = "<group>"; };
		ED0247CE1BB84E0D007AC58D /* BCM20702A1_001.002.014.1443.1480_v5576.zhx */ = {isa = PBXFileReference; lastKnownFileType = file; name = BCM20702A1_001.002.014.1443.1480_v5576.zhx; path = firmwares/13d3_3418/BCM20702A1_001.002.014.1443.1480_v5576.zhx; sourceTree = "<group>"; };
		ED0247CF1BB84E0D007AC58D /* BCM20702A1_001.002.014.1443.1481_v5577.zhx */ = {isa = PBXFileReference; lastKnownFileType = file; name = BCM20702A1_001.002.014.1443.1481_v5577.zhx; path = firmwares/13d3_3413/BCM20702A1_001.002.014.1443.1481_v5577.zhx; sourceTree = "<group>"; };
		ED0247D01BB84E0D007AC58D /* BCM20702A1_001.002.014.1443.1483_v5579.zhx */ = {isa = PBXFileReference; fileEncoding = 4; lastKnownFileType = text; name = BCM20702A1_001.002.014.1443.1483_v5579.zhx; path = firmwares/145f_01a3/BCM20702A1_001.002.014.1443.1483_v5579.zhx; sourceTree = "<group>"; };
		ED0247D11BB84E0D007AC58D /* BCM20702A1_001.002.014.1443.1487_v5583.zhx */ = {isa = PBXFileReference; lastKnownFileType = file; name = BCM20702A1_001.002.014.1443.1487_v5583.zhx; path = firmwares/105b_e066/BCM20702A1_001.002.014.1443.1487_v5583.zhx; sourceTree = "<group>"; };
		ED0247D21BB84E0D007AC58D /* BCM20702A1_001.002.014.1443.1501_v5597.zhx */ = {isa = PBXFileReference; fileEncoding = 4; lastKnownFileType = text; name = BCM20702A1_001.002.014.1443.1501_v5597.zhx; path = firmwares/13d3_3435/BCM20702A1_001.002.014.1443.1501_v5597.zhx; sourceTree = "<group>"; };
		ED0247D31BB84E0D007AC58D /* BCM20702A1_001.002.014.1443.1502_v5598.zhx */ = {isa = PBXFileReference; fileEncoding = 4; lastKnownFileType = text; name = BCM20702A1_001.002.014.1443.1502_v5598.zhx; path = firmwares/13d3_3456/BCM20702A1_001.002.014.1443.1502_v5598.zhx; sourceTree = "<group>"; };
		ED0247D41BB84E0D007AC58D /* BCM20702A1_001.002.014.1443.1572_v5668.zhx */ = {isa = PBXFileReference; lastKnownFileType = file; name = BCM20702A1_001.002.014.1443.1572_v5668.zhx; path = firmwares/0a5c_216f/BCM20702A1_001.002.014.1443.1572_v5668.zhx; sourceTree = "<group>"; };
		ED0247D51BB84E0D007AC58D /* BCM20702A1_001.002.014.1443.1714_v5810.zhx */ = {isa = PBXFileReference; fileEncoding = 4; lastKnownFileType = text; name = BCM20702A1_001.002.014.1443.1714_v5810.zhx; path = firmwares/0b05_180a/BCM20702A1_001.002.014.1443.1714_v5810.zhx; sourceTree = "<group>"; };
		ED0247D61BB84E0D007AC58D /* BCM20702A1_001.002.014.1483.1647_v5743.zhx */ = {isa = PBXFileReference; lastKnownFileType = file; name = BCM20702A1_001.002.014.1483.1647_v5743.zhx; path = firmwares/0a5c_21e1/BCM20702A1_001.002.014.1483.1647_v5743.zhx; sourceTree = "<group>"; };
		ED0247D71BB84E0D007AC58D /* BCM20702A1_001.002.014.1483.1669_v5765.zhx */ = {isa = PBXFileReference; fileEncoding = 4; lastKnownFileType = text; name = BCM20702A1_001.002.014.1483.1669_v5765.zhx; path = firmwares/0a5c_21e6/BCM20702A1_001.002.014.1483.1669_v5765.zhx; sourceTree = "<group>"; };
		ED0247D81BB84E0D007AC58D /* BCM20702A1_001.002.014.1502.1760_v5856.zhx */ = {isa = PBXFileReference; lastKnownFileType = file; name = BCM20702A1_001.002.014.1502.1760_v5856.zhx; path = firmwares/0a5c_21f4/BCM20702A1_001.002.014.1502.1760_v5856.zhx; sourceTree = "<group>"; };
		ED0247D91BB84E0D007AC58D /* BCM20702A1_001.002.014.1502.1761_v5857.zhx */ = {isa = PBXFileReference; lastKnownFileType = file; name = BCM20702A1_001.002.014.1502.1761_v5857.zhx; path = firmwares/0a5c_21f3/BCM20702A1_001.002.014.1502.1761_v5857.zhx; sourceTree = "<group>"; };
		ED0247DA1BB84E0D007AC58D /* BCM20702A1_001.002.014.1502.1765_v5861.zhx */ = {isa = PBXFileReference; lastKnownFileType = file; name = BCM20702A1_001.002.014.1502.1765_v5861.zhx; path = firmwares/0a5c_21f1/BCM20702A1_001.002.014.1502.1765_v5861.zhx; sourceTree = "<group>"; };
		ED0247DB1BB84E0D007AC58D /* BCM20702A1_001.002.014.1502.1766_v5862.zhx */ = {isa = PBXFileReference; lastKnownFileType = file; name = BCM20702A1_001.002.014.1502.1766_v5862.zhx; path = firmwares/0a5c_21fb/BCM20702A1_001.002.014.1502.1766_v5862.zhx; sourceTree = "<group>"; };
		ED0247DC1BB84E0D007AC58D /* BCM20702A1_001.002.014.1502.1767_v5863.zhx */ = {isa = PBXFileReference; fileEncoding = 4; lastKnownFileType = text; name = BCM20702A1_001.002.014.1502.1767_v5863.zhx; path = firmwares/0a5c_21e3/BCM20702A1_001.002.014.1502.1767_v5863.zhx; sourceTree = "<group>"; };
		ED0247DD1BB84E0D007AC58D /* BCM20702A1_001.002.014.1502.1769_v5865.zhx */ = {isa = PBXFileReference; lastKnownFileType = file; name = BCM20702A1_001.002.014.1502.1769_v5865.zhx; path = firmwares/0a5c_640b/BCM20702A1_001.002.014.1502.1769_v5865.zhx; sourceTree = "<group>"; };
		ED0247DE1BB84E0D007AC58D /* BCM20703A1_001.001.005.0214.0403_v4499.zhx */ = {isa = PBXFileReference; lastKnownFileType = file; name = BCM20703A1_001.001.005.0214.0403_v4499.zhx; path = firmwares/0a5c_6410/BCM20703A1_001.001.005.0214.0403_v4499.zhx; sourceTree = "<group>"; };
		ED0247DF1BB84E0D007AC58D /* BCM43142A0_001.001.011.0311.0312_v4408.zhx */ = {isa = PBXFileReference; fileEncoding = 4; lastKnownFileType = text; name = BCM43142A0_001.001.011.0311.0312_v4408.zhx; path = firmwares/105b_e065/BCM43142A0_001.001.011.0311.0312_v4408.zhx; sourceTree = "<group>"; };
		ED0247E01BB84E0D007AC58D /* BCM43142A0_001.001.011.0311.0328_v4424.zhx */ = {isa = PBXFileReference; fileEncoding = 4; lastKnownFileType = text; name = BCM43142A0_001.001.011.0311.0328_v4424.zhx; path = firmwares/0a5c_216c/BCM43142A0_001.001.011.0311.0328_v4424.zhx; sourceTree = "<group>"; };
		ED0247E11BB84E0D007AC58D /* BCM43142A0_001.001.011.0311.0329_v4425.zhx */ = {isa = PBXFileReference; lastKnownFileType = file; name = BCM43142A0_001.001.011.0311.0329_v4425.zhx; path = firmwares/0a5c_216d/BCM43142A0_001.001.011.0311.0329_v4425.zhx; sourceTree = "<group>"; };
		ED0247E21BB84E0D007AC58D /* BCM43142A0_001.001.011.0311.0332_v4428.zhx */ = {isa = PBXFileReference; lastKnownFileType = file; name = BCM43142A0_001.001.011.0311.0332_v4428.zhx; path = firmwares/13d3_3388/BCM43142A0_001.001.011.0311.0332_v4428.zhx; sourceTree = "<group>"; };
		ED0247E31BB84E0D007AC58D /* BCM43142A0_001.001.011.0311.0333_v4429.zhx */ = {isa = PBXFileReference; lastKnownFileType = file; name = BCM43142A0_001.001.011.0311.0333_v4429.zhx; path = firmwares/13d3_3389/BCM43142A0_001.001.011.0311.0333_v4429.zhx; sourceTree = "<group>"; };
		ED0247E41BB84E0D007AC58D /* BCM43142A0_001.001.011.0311.0341_v4437.zhx */ = {isa = PBXFileReference; fileEncoding = 4; lastKnownFileType = text; name = BCM43142A0_001.001.011.0311.0341_v4437.zhx; path = firmwares/0a5c_21d7/BCM43142A0_001.001.011.0311.0341_v4437.zhx; sourceTree = "<group>"; };
		ED0247E51BB84E0D007AC58D /* BCM4335C0_003.001.009.0066.0104_v4200.zhx */ = {isa = PBXFileReference; lastKnownFileType = file; name = BCM4335C0_003.001.009.0066.0104_v4200.zhx; path = firmwares/0930_0229/BCM4335C0_003.001.009.0066.0104_v4200.zhx; sourceTree = "<group>"; };
		ED0247E61BB84E0D007AC58D /* BCM4335C0_003.001.009.0066.0108_v4204.zhx */ = {isa = PBXFileReference; lastKnownFileType = file; name = BCM4335C0_003.001.009.0066.0108_v4204.zhx; path = firmwares/0a5c_2168/BCM4335C0_003.001.009.0066.0108_v4204.zhx; sourceTree = "<group>"; };
		ED0247E71BB84E0D007AC58D /* BCM4335C0_003.001.009.0066.0115_v4211.zhx */ = {isa = PBXFileReference; lastKnownFileType = file; name = BCM4335C0_003.001.009.0066.0115_v4211.zhx; path = firmwares/0489_e079/BCM4335C0_003.001.009.0066.0115_v4211.zhx; sourceTree = "<group>"; };
		ED0247E81BB84E0D007AC58D /* BCM4335C0_003.001.009.0066.0121_v4217.zhx */ = {isa = PBXFileReference; lastKnownFileType = file; name = BCM4335C0_003.001.009.0066.0121_v4217.zhx; path = firmwares/04ca_2016/BCM4335C0_003.001.009.0066.0121_v4217.zhx; sourceTree = "<group>"; };
		ED0247E91BB84E0D007AC58D /* BCM4356A2_001.003.015.0046.0104_v4200.zhx */ = {isa = PBXFileReference; lastKnownFileType = file; name = BCM4356A2_001.003.015.0046.0104_v4200.zhx; path = firmwares/0489_e097/BCM4356A2_001.003.015.0046.0104_v4200.zhx; sourceTree = "<group>"; };
		ED0247EA1BB84E0D007AC58D /* BCM4356A2_001.003.015.0046.0120_v4216.zhx */ = {isa = PBXFileReference; lastKnownFileType = file; name = BCM4356A2_001.003.015.0046.0120_v4216.zhx; path = firmwares/04ca_2014/BCM4356A2_001.003.015.0046.0120_v4216.zhx; sourceTree = "<group>"; };
		ED0247EB1BB84E0D007AC58D /* BCM4356A2_001.003.015.0046.0122_v4218.zhx */ = {isa = PBXFileReference; lastKnownFileType = file; name = BCM4356A2_001.003.015.0046.0122_v4218.zhx; path = firmwares/04ca_2013/BCM4356A2_001.003.015.0046.0122_v4218.zhx; sourceTree = "<group>"; };
		ED0247EC1BB84E0D007AC58D /* BCM4356A2_001.003.015.0046.0183_v4279.zhx */ = {isa = PBXFileReference; lastKnownFileType = file; name = BCM4356A2_001.003.015.0046.0183_v4279.zhx; path = firmwares/04f2_b4a2/BCM4356A2_001.003.015.0046.0183_v4279.zhx; sourceTree = "<group>"; };
		ED0247ED1BB84E0D007AC58D /* BCM20702A1_001.002.014.1443.1462_v5558.zhx */ = {isa = PBXFileReference; lastKnownFileType = file; name = BCM20702A1_001.002.014.1443.1462_v5558.zhx; path = firmwares/0a5c_2169/BCM20702A1_001.002.014.1443.1462_v5558.zhx; sourceTree = "<group>"; };
		ED0247EE1BB84E0D007AC58D /* BCM20702A1_001.002.014.1443.1465_v5561.zhx */ = {isa = PBXFileReference; lastKnownFileType = file; name = BCM20702A1_001.002.014.1443.1465_v5561.zhx; path = firmwares/0489_e046/BCM20702A1_001.002.014.1443.1465_v5561.zhx; sourceTree = "<group>"; };
		ED0247EF1BB84E0D007AC58D /* BCM20702A1_001.002.014.1443.1466_v5562.zhx */ = {isa = PBXFileReference; lastKnownFileType = file; name = BCM20702A1_001.002.014.1443.1466_v5562.zhx; path = firmwares/0489_e059/BCM20702A1_001.002.014.1443.1466_v5562.zhx; sourceTree = "<group>"; };
		ED0247F01BB84E0D007AC58D /* BCM20702A1_001.002.014.1443.1482_v5578.zhx */ = {isa = PBXFileReference; lastKnownFileType = file; name = BCM20702A1_001.002.014.1443.1482_v5578.zhx; path = firmwares/050d_065a/BCM20702A1_001.002.014.1443.1482_v5578.zhx; sourceTree = "<group>"; };
		ED0247F11BB84E0D007AC58D /* BCM20702A1_001.002.014.1443.1484_v5580.zhx */ = {isa = PBXFileReference; fileEncoding = 4; lastKnownFileType = text; name = BCM20702A1_001.002.014.1443.1484_v5580.zhx; path = firmwares/0489_e042/BCM20702A1_001.002.014.1443.1484_v5580.zhx; sourceTree = "<group>"; };
		ED0247F21BB84E0D007AC58D /* BCM20702A1_001.002.014.1443.1485_v5581.zhx */ = {isa = PBXFileReference; lastKnownFileType = file; name = BCM20702A1_001.002.014.1443.1485_v5581.zhx; path = firmwares/0489_e032/BCM20702A1_001.002.014.1443.1485_v5581.zhx; sourceTree = "<group>"; };
		ED0247F31BB84E0D007AC58D /* BCM20702A1_001.002.014.1443.1486_v5582.zhx */ = {isa = PBXFileReference; lastKnownFileType = file; name = BCM20702A1_001.002.014.1443.1486_v5582.zhx; path = firmwares/0489_e04f/BCM20702A1_001.002.014.1443.1486_v5582.zhx; sourceTree = "<group>"; };
		ED0247F41BB84E0D007AC58D /* BCM20702A1_001.002.014.1443.1488_v5584.zhx */ = {isa = PBXFileReference; lastKnownFileType = file; name = BCM20702A1_001.002.014.1443.1488_v5584.zhx; path = firmwares/04ca_2003/BCM20702A1_001.002.014.1443.1488_v5584.zhx; sourceTree = "<group>"; };
		ED0247F51BB84E0D007AC58D /* BCM20702A1_001.002.014.1443.1489_v5585.zhx */ = {isa = PBXFileReference; lastKnownFileType = file; name = BCM20702A1_001.002.014.1443.1489_v5585.zhx; path = firmwares/04ca_2004/BCM20702A1_001.002.014.1443.1489_v5585.zhx; sourceTree = "<group>"; };
		ED0247F61BB84E0D007AC58D /* BCM20702A1_001.002.014.1443.1490_v5586.zhx */ = {isa = PBXFileReference; lastKnownFileType = file; name = BCM20702A1_001.002.014.1443.1490_v5586.zhx; path = firmwares/04ca_2005/BCM20702A1_001.002.014.1443.1490_v5586.zhx; sourceTree = "<group>"; };
		ED0247F71BB84E0D007AC58D /* BCM20702A1_001.002.014.1443.1492_v5588.zhx */ = {isa = PBXFileReference; lastKnownFileType = file; name = BCM20702A1_001.002.014.1443.1492_v5588.zhx; path = firmwares/04ca_200a/BCM20702A1_001.002.014.1443.1492_v5588.zhx; sourceTree = "<group>"; };
		ED0247F81BB84E0D007AC58D /* BCM20702A1_001.002.014.1443.1493_v5589.zhx */ = {isa = PBXFileReference; lastKnownFileType = file; name = BCM20702A1_001.002.014.1443.1493_v5589.zhx; path = firmwares/04ca_200b/BCM20702A1_001.002.014.1443.1493_v5589.zhx; sourceTree = "<group>"; };
		ED0247F91BB84E0D007AC58D /* BCM20702A1_001.002.014.1443.1494_v5590.zhx */ = {isa = PBXFileReference; fileEncoding = 4; lastKnownFileType = text; name = BCM20702A1_001.002.014.1443.1494_v5590.zhx; path = firmwares/04ca_200c/BCM20702A1_001.002.014.1443.1494_v5590.zhx; sourceTree = "<group>"; };
		ED0247FA1BB84E0D007AC58D /* BCM20702A1_001.002.014.1443.1499_v5595.zhx */ = {isa = PBXFileReference; fileEncoding = 4; lastKnownFileType = text; name = BCM20702A1_001.002.014.1443.1499_v5595.zhx; path = firmwares/04ca_200e/BCM20702A1_001.002.014.1443.1499_v5595.zhx; sourceTree = "<group>"; };
		ED0247FB1BB84E0D007AC58D /* BCM20702A1_001.002.014.1443.1521_v5617.zhx */ = {isa = PBXFileReference; lastKnownFileType = file; name = BCM20702A1_001.002.014.1443.1521_v5617.zhx; path = firmwares/04ca_200f/BCM20702A1_001.002.014.1443.1521_v5617.zhx; sourceTree = "<group>"; };
		ED0247FC1BB84E0D007AC58D /* BCM20702A1_001.002.014.1443.1532_v5628.zhx */ = {isa = PBXFileReference; lastKnownFileType = file; name = BCM20702A1_001.002.014.1443.1532_v5628.zhx; path = firmwares/0489_e087/BCM20702A1_001.002.014.1443.1532_v5628.zhx; sourceTree = "<group>"; };
		ED0247FD1BB84E0D007AC58D /* BCM20702A1_001.002.014.1483.1651_v5747.zhx */ = {isa = PBXFileReference; lastKnownFileType = file; name = BCM20702A1_001.002.014.1483.1651_v5747.zhx; path = firmwares/0489_e07a/BCM20702A1_001.002.014.1483.1651_v5747.zhx; sourceTree = "<group>"; };
		ED0247FE1BB84E0D007AC58D /* BCM20702A1_001.002.014.1483.1668_v5764.zhx */ = {isa = PBXFileReference; lastKnownFileType = file; name = BCM20702A1_001.002.014.1483.1668_v5764.zhx; path = firmwares/0489_e052/BCM20702A1_001.002.014.1483.1668_v5764.zhx; sourceTree = "<group>"; };
		ED0247FF1BB84E0D007AC58D /* BCM20702A1_001.002.014.1483.1672_v5768.zhx */ = {isa = PBXFileReference; lastKnownFileType = file; name = BCM20702A1_001.002.014.1483.1672_v5768.zhx; path = firmwares/0930_021e/BCM20702A1_001.002.014.1483.1672_v5768.zhx; sourceTree = "<group>"; };
		ED0248001BB84E0D007AC58D /* BCM20702A1_001.002.014.1502.1762_v5858.zhx */ = {isa = PBXFileReference; lastKnownFileType = file; name = BCM20702A1_001.002.014.1502.1762_v5858.zhx; path = firmwares/0930_0221/BCM20702A1_001.002.014.1502.1762_v5858.zhx; sourceTree = "<group>"; };
		ED0248011BB84E0D007AC58D /* BCM20702A1_001.002.014.1502.1763_v5859.zhx */ = {isa = PBXFileReference; lastKnownFileType = file; name = BCM20702A1_001.002.014.1502.1763_v5859.zhx; path = firmwares/0930_0223/BCM20702A1_001.002.014.1502.1763_v5859.zhx; sourceTree = "<group>"; };
		ED0248021BB84E0D007AC58D /* BCM20702A1_001.002.014.1502.1768_v5864.zhx */ = {isa = PBXFileReference; lastKnownFileType = file; name = BCM20702A1_001.002.014.1502.1768_v5864.zhx; path = firmwares/0a5c_216b/BCM20702A1_001.002.014.1502.1768_v5864.zhx; sourceTree = "<group>"; };
		ED0248031BB84E0D007AC58D /* BCM43142A0_001.001.011.0311.0316_v4412.zhx */ = {isa = PBXFileReference; lastKnownFileType = file; name = BCM43142A0_001.001.011.0311.0316_v4412.zhx; path = firmwares/04f2_b4a1/BCM43142A0_001.001.011.0311.0316_v4412.zhx; sourceTree = "<group>"; };
		ED0248041BB84E0D007AC58D /* BCM43142A0_001.001.011.0311.0327_v4423.zhx */ = {isa = PBXFileReference; lastKnownFileType = file; name = BCM43142A0_001.001.011.0311.0327_v4423.zhx; path = firmwares/04ca_2006/BCM43142A0_001.001.011.0311.0327_v4423.zhx; sourceTree = "<group>"; };
		ED0248051BB84E0E007AC58D /* BCM43142A0_001.001.011.0311.0330_v4426.zhx */ = {isa = PBXFileReference; lastKnownFileType = file; name = BCM43142A0_001.001.011.0311.0330_v4426.zhx; path = firmwares/04ca_2009/BCM43142A0_001.001.011.0311.0330_v4426.zhx; sourceTree = "<group>"; };
		ED0248061BB84E0E007AC58D /* BCM43142A0_001.001.011.0311.0331_v4427.zhx */ = {isa = PBXFileReference; lastKnownFileType = file; name = BCM43142A0_001.001.011.0311.0331_v4427.zhx; path = firmwares/0489_e055/BCM43142A0_001.001.011.0311.0331_v4427.zhx; sourceTree = "<group>"; };
		ED0248071BB84E0E007AC58D /* BCM43142A0_001.001.011.0311.0334_v4430.zhx */ = {isa = PBXFileReference; lastKnownFileType = file; name = BCM43142A0_001.001.011.0311.0334_v4430.zhx; path = firmwares/0930_0225/BCM43142A0_001.001.011.0311.0334_v4430.zhx; sourceTree = "<group>"; };
		ED0248081BB84E0E007AC58D /* BCM43142A0_001.001.011.0311.0335_v4431.zhx */ = {isa = PBXFileReference; lastKnownFileType = file; name = BCM43142A0_001.001.011.0311.0335_v4431.zhx; path = firmwares/0930_021f/BCM43142A0_001.001.011.0311.0335_v4431.zhx; sourceTree = "<group>"; };
		ED0248091BB84E0E007AC58D /* BCM43142A0_001.001.011.0311.0336_v4432.zhx */ = {isa = PBXFileReference; lastKnownFileType = file; name = BCM43142A0_001.001.011.0311.0336_v4432.zhx; path = firmwares/0a5c_216a/BCM43142A0_001.001.011.0311.0336_v4432.zhx; sourceTree = "<group>"; };
		ED02480A1BB84E0E007AC58D /* BCM43142A0_001.001.011.0311.0339_v4435.zhx */ = {isa = PBXFileReference; lastKnownFileType = file; name = BCM43142A0_001.001.011.0311.0339_v4435.zhx; path = firmwares/04ca_2012/BCM43142A0_001.001.011.0311.0339_v4435.zhx; sourceTree = "<group>"; };
		ED02480B1BB84E0E007AC58D /* BCM43142A0_001.001.011.0311.0340_v4436.zhx */ = {isa = PBXFileReference; lastKnownFileType = file; name = BCM43142A0_001.001.011.0311.0340_v4436.zhx; path = firmwares/0489_e096/BCM43142A0_001.001.011.0311.0340_v4436.zhx; sourceTree = "<group>"; };
		ED2A7DD61B37DE6E00DC200F /* BrcmBluetoothInjector.kext */ = {isa = PBXFileReference; explicitFileType = wrapper.cfbundle; includeInIndex = 0; path = BrcmBluetoothInjector.kext; sourceTree = BUILT_PRODUCTS_DIR; };
		ED2A7DD71B37DE6F00DC200F /* BrcmBluetoothInjector-Info.plist */ = {isa = PBXFileReference; lastKnownFileType = text.plist.xml; path = "BrcmBluetoothInjector-Info.plist"; sourceTree = SOURCE_ROOT; };
		ED4CA64B1B86437100EBED28 /* makefile */ = {isa = PBXFileReference; fileEncoding = 4; lastKnownFileType = sourcecode.make; path = makefile; sourceTree = "<group>"; usesTabs = 1; };
		ED5817C91B7A6AEF006C5522 /* BrcmPatchRAM2.kext */ = {isa = PBXFileReference; explicitFileType = wrapper.cfbundle; includeInIndex = 0; path = BrcmPatchRAM2.kext; sourceTree = BUILT_PRODUCTS_DIR; };
		ED5817CB1B7A6BDF006C5522 /* BrcmPatchRAM2-Info.plist */ = {isa = PBXFileReference; fileEncoding = 4; lastKnownFileType = text.plist.xml; path = "BrcmPatchRAM2-Info.plist"; sourceTree = "<group>"; };
		EDA673B31BB4D2F5004A85A6 /* print_version.sh */ = {isa = PBXFileReference; fileEncoding = 4; lastKnownFileType = text.script.sh; path = print_version.sh; sourceTree = "<group>"; };
/* End PBXFileReference section */

/* Begin PBXFrameworksBuildPhase section */
		841AD87F1BB3C0350082B7B0 /* Frameworks */ = {
			isa = PBXFrameworksBuildPhase;
			buildActionMask = 2147483647;
			files = (
			);
			runOnlyForDeploymentPostprocessing = 0;
		};
		842B20BB1BB2F0D900D3C468 /* Frameworks */ = {
			isa = PBXFrameworksBuildPhase;
			buildActionMask = 2147483647;
			files = (
			);
			runOnlyForDeploymentPostprocessing = 0;
		};
		D4F91AFA1A2998CE0030D10D /* Frameworks */ = {
			isa = PBXFrameworksBuildPhase;
			buildActionMask = 2147483647;
			files = (
			);
			runOnlyForDeploymentPostprocessing = 0;
		};
		ED2A7DCC1B37DE6E00DC200F /* Frameworks */ = {
			isa = PBXFrameworksBuildPhase;
			buildActionMask = 2147483647;
			files = (
			);
			runOnlyForDeploymentPostprocessing = 0;
		};
		ED5817BF1B7A6AEF006C5522 /* Frameworks */ = {
			isa = PBXFrameworksBuildPhase;
			buildActionMask = 2147483647;
			files = (
			);
			runOnlyForDeploymentPostprocessing = 0;
		};
/* End PBXFrameworksBuildPhase section */

/* Begin PBXGroup section */
		D406C2F61A43C6E200AEFA2D /* Frameworks */ = {
			isa = PBXGroup;
			children = (
				D4F91B121A299C210030D10D /* IOKit.framework */,
			);
			name = Frameworks;
			sourceTree = "<group>";
		};
		D43475541BB1CFFE00BA7661 /* Resources */ = {
			isa = PBXGroup;
			children = (
				ED0247B51BB84E0D007AC58D /* BCM4335C0_003.001.009.0066.0105_v4201.zhx */,
				ED0247B61BB84E0D007AC58D /* BCM4350C5_003.006.007.0095.1668_v5764.zhx */,
				ED0247B71BB84E0D007AC58D /* BCM4350C5_003.006.007.0095.1703_v5799.zhx */,
				ED0247B81BB84E0D007AC58D /* BCM4350C5_003.006.007.0095.1704_v5800.zhx */,
				ED0247B91BB84E0D007AC58D /* BCM4356A2_001.003.015.0046.0125_v4221.zhx */,
				ED0247BA1BB84E0D007AC58D /* BCM4356A2_001.003.015.0046.0127_v4223.zhx */,
				ED0247BB1BB84E0D007AC58D /* BCM4356A2_001.003.015.0046.0132_v4228.zhx */,
				ED0247BC1BB84E0D007AC58D /* BCM4356A2_001.003.015.0046.0154_v4250.zhx */,
				ED0247BD1BB84E0D007AC58D /* BCM4356A2_001.003.015.0046.0162_v4258.zhx */,
				ED0247BE1BB84E0D007AC58D /* BCM4356A2_001.003.015.0046.0195_v4291.zhx */,
				ED0247BF1BB84E0D007AC58D /* BCM4356A2_001.003.015.0046.0197_v4293.zhx */,
				ED0247C01BB84E0D007AC58D /* BCM4356A2_001.003.015.0080.0225_v4321.zhx */,
				ED0247C11BB84E0D007AC58D /* BCM20702A1_001.002.014.1443.1447_v5543.zhx */,
				ED0247C21BB84E0D007AC58D /* BCM20702A1_001.002.014.1443.1449_v5545.zhx */,
				ED0247C31BB84E0D007AC58D /* BCM20702A1_001.002.014.1443.1450_v5546.zhx */,
				ED0247C41BB84E0D007AC58D /* BCM20702A1_001.002.014.1443.1459_v5555.zhx */,
				ED0247C51BB84E0D007AC58D /* BCM20702A1_001.002.014.1443.1460_v5556.zhx */,
				ED0247C61BB84E0D007AC58D /* BCM20702A1_001.002.014.1443.1461_v5557.zhx */,
				ED0247C71BB84E0D007AC58D /* BCM20702A1_001.002.014.1443.1463_v5559.zhx */,
				ED0247C81BB84E0D007AC58D /* BCM20702A1_001.002.014.1443.1467_v5563.zhx */,
				ED0247C91BB84E0D007AC58D /* BCM20702A1_001.002.014.1443.1468_v5564.zhx */,
				ED0247CA1BB84E0D007AC58D /* BCM20702A1_001.002.014.1443.1469_v5565.zhx */,
				ED0247CB1BB84E0D007AC58D /* BCM20702A1_001.002.014.1443.1477_v5573.zhx */,
				ED0247CC1BB84E0D007AC58D /* BCM20702A1_001.002.014.1443.1478_v5574.zhx */,
				ED0247CD1BB84E0D007AC58D /* BCM20702A1_001.002.014.1443.1479_v5575.zhx */,
				ED0247CE1BB84E0D007AC58D /* BCM20702A1_001.002.014.1443.1480_v5576.zhx */,
				ED0247CF1BB84E0D007AC58D /* BCM20702A1_001.002.014.1443.1481_v5577.zhx */,
				ED0247D01BB84E0D007AC58D /* BCM20702A1_001.002.014.1443.1483_v5579.zhx */,
				ED0247D11BB84E0D007AC58D /* BCM20702A1_001.002.014.1443.1487_v5583.zhx */,
				ED0247D21BB84E0D007AC58D /* BCM20702A1_001.002.014.1443.1501_v5597.zhx */,
				ED0247D31BB84E0D007AC58D /* BCM20702A1_001.002.014.1443.1502_v5598.zhx */,
				ED0247D41BB84E0D007AC58D /* BCM20702A1_001.002.014.1443.1572_v5668.zhx */,
				ED0247D51BB84E0D007AC58D /* BCM20702A1_001.002.014.1443.1714_v5810.zhx */,
				ED0247D61BB84E0D007AC58D /* BCM20702A1_001.002.014.1483.1647_v5743.zhx */,
				ED0247D71BB84E0D007AC58D /* BCM20702A1_001.002.014.1483.1669_v5765.zhx */,
				ED0247D81BB84E0D007AC58D /* BCM20702A1_001.002.014.1502.1760_v5856.zhx */,
				ED0247D91BB84E0D007AC58D /* BCM20702A1_001.002.014.1502.1761_v5857.zhx */,
				ED0247DA1BB84E0D007AC58D /* BCM20702A1_001.002.014.1502.1765_v5861.zhx */,
				ED0247DB1BB84E0D007AC58D /* BCM20702A1_001.002.014.1502.1766_v5862.zhx */,
				ED0247DC1BB84E0D007AC58D /* BCM20702A1_001.002.014.1502.1767_v5863.zhx */,
				ED0247DD1BB84E0D007AC58D /* BCM20702A1_001.002.014.1502.1769_v5865.zhx */,
				ED0247DE1BB84E0D007AC58D /* BCM20703A1_001.001.005.0214.0403_v4499.zhx */,
				ED0247DF1BB84E0D007AC58D /* BCM43142A0_001.001.011.0311.0312_v4408.zhx */,
				ED0247E01BB84E0D007AC58D /* BCM43142A0_001.001.011.0311.0328_v4424.zhx */,
				ED0247E11BB84E0D007AC58D /* BCM43142A0_001.001.011.0311.0329_v4425.zhx */,
				ED0247E21BB84E0D007AC58D /* BCM43142A0_001.001.011.0311.0332_v4428.zhx */,
				ED0247E31BB84E0D007AC58D /* BCM43142A0_001.001.011.0311.0333_v4429.zhx */,
				ED0247E41BB84E0D007AC58D /* BCM43142A0_001.001.011.0311.0341_v4437.zhx */,
				ED0247E51BB84E0D007AC58D /* BCM4335C0_003.001.009.0066.0104_v4200.zhx */,
				ED0247E61BB84E0D007AC58D /* BCM4335C0_003.001.009.0066.0108_v4204.zhx */,
				ED0247E71BB84E0D007AC58D /* BCM4335C0_003.001.009.0066.0115_v4211.zhx */,
				ED0247E81BB84E0D007AC58D /* BCM4335C0_003.001.009.0066.0121_v4217.zhx */,
				ED0247E91BB84E0D007AC58D /* BCM4356A2_001.003.015.0046.0104_v4200.zhx */,
				ED0247EA1BB84E0D007AC58D /* BCM4356A2_001.003.015.0046.0120_v4216.zhx */,
				ED0247EB1BB84E0D007AC58D /* BCM4356A2_001.003.015.0046.0122_v4218.zhx */,
				ED0247EC1BB84E0D007AC58D /* BCM4356A2_001.003.015.0046.0183_v4279.zhx */,
				ED0247ED1BB84E0D007AC58D /* BCM20702A1_001.002.014.1443.1462_v5558.zhx */,
				ED0247EE1BB84E0D007AC58D /* BCM20702A1_001.002.014.1443.1465_v5561.zhx */,
				ED0247EF1BB84E0D007AC58D /* BCM20702A1_001.002.014.1443.1466_v5562.zhx */,
				ED0247F01BB84E0D007AC58D /* BCM20702A1_001.002.014.1443.1482_v5578.zhx */,
				ED0247F11BB84E0D007AC58D /* BCM20702A1_001.002.014.1443.1484_v5580.zhx */,
				ED0247F21BB84E0D007AC58D /* BCM20702A1_001.002.014.1443.1485_v5581.zhx */,
				ED0247F31BB84E0D007AC58D /* BCM20702A1_001.002.014.1443.1486_v5582.zhx */,
				ED0247F41BB84E0D007AC58D /* BCM20702A1_001.002.014.1443.1488_v5584.zhx */,
				ED0247F51BB84E0D007AC58D /* BCM20702A1_001.002.014.1443.1489_v5585.zhx */,
				ED0247F61BB84E0D007AC58D /* BCM20702A1_001.002.014.1443.1490_v5586.zhx */,
				ED0247F71BB84E0D007AC58D /* BCM20702A1_001.002.014.1443.1492_v5588.zhx */,
				ED0247F81BB84E0D007AC58D /* BCM20702A1_001.002.014.1443.1493_v5589.zhx */,
				ED0247F91BB84E0D007AC58D /* BCM20702A1_001.002.014.1443.1494_v5590.zhx */,
				ED0247FA1BB84E0D007AC58D /* BCM20702A1_001.002.014.1443.1499_v5595.zhx */,
				ED0247FB1BB84E0D007AC58D /* BCM20702A1_001.002.014.1443.1521_v5617.zhx */,
				ED0247FC1BB84E0D007AC58D /* BCM20702A1_001.002.014.1443.1532_v5628.zhx */,
				ED0247FD1BB84E0D007AC58D /* BCM20702A1_001.002.014.1483.1651_v5747.zhx */,
				ED0247FE1BB84E0D007AC58D /* BCM20702A1_001.002.014.1483.1668_v5764.zhx */,
				ED0247FF1BB84E0D007AC58D /* BCM20702A1_001.002.014.1483.1672_v5768.zhx */,
				ED0248001BB84E0D007AC58D /* BCM20702A1_001.002.014.1502.1762_v5858.zhx */,
				ED0248011BB84E0D007AC58D /* BCM20702A1_001.002.014.1502.1763_v5859.zhx */,
				ED0248021BB84E0D007AC58D /* BCM20702A1_001.002.014.1502.1768_v5864.zhx */,
				ED0248031BB84E0D007AC58D /* BCM43142A0_001.001.011.0311.0316_v4412.zhx */,
				ED0248041BB84E0D007AC58D /* BCM43142A0_001.001.011.0311.0327_v4423.zhx */,
				ED0248051BB84E0E007AC58D /* BCM43142A0_001.001.011.0311.0330_v4426.zhx */,
				ED0248061BB84E0E007AC58D /* BCM43142A0_001.001.011.0311.0331_v4427.zhx */,
				ED0248071BB84E0E007AC58D /* BCM43142A0_001.001.011.0311.0334_v4430.zhx */,
				ED0248081BB84E0E007AC58D /* BCM43142A0_001.001.011.0311.0335_v4431.zhx */,
				ED0248091BB84E0E007AC58D /* BCM43142A0_001.001.011.0311.0336_v4432.zhx */,
				ED02480A1BB84E0E007AC58D /* BCM43142A0_001.001.011.0311.0339_v4435.zhx */,
				ED02480B1BB84E0E007AC58D /* BCM43142A0_001.001.011.0311.0340_v4436.zhx */,
			);
			name = Resources;
			path = ..;
			sourceTree = "<group>";
		};
		D4F91AF41A2998CE0030D10D = {
			isa = PBXGroup;
			children = (
				8480E9531BB4312200FF61B0 /* README.md */,
				ED4CA64B1B86437100EBED28 /* makefile */,
				841AD8941BB3C27E0082B7B0 /* generate_firmware_data.sh */,
				EDA673B31BB4D2F5004A85A6 /* print_version.sh */,
				D406C2F61A43C6E200AEFA2D /* Frameworks */,
				D4F91B001A2998CE0030D10D /* BrcmPatchRAM */,
				D4F91AFF1A2998CE0030D10D /* Products */,
			);
			sourceTree = "<group>";
		};
		D4F91AFF1A2998CE0030D10D /* Products */ = {
			isa = PBXGroup;
			children = (
				D4F91AFE1A2998CE0030D10D /* BrcmPatchRAM.kext */,
				ED2A7DD61B37DE6E00DC200F /* BrcmBluetoothInjector.kext */,
				ED5817C91B7A6AEF006C5522 /* BrcmPatchRAM2.kext */,
				842B20C91BB2F0D900D3C468 /* BrcmFirmwareRepo.kext */,
				841AD88C1BB3C0350082B7B0 /* BrcmFirmwareData.kext */,
			);
			name = Products;
			sourceTree = "<group>";
		};
		D4F91B001A2998CE0030D10D /* BrcmPatchRAM */ = {
			isa = PBXGroup;
			children = (
				D4049E561A3252B1003A1893 /* BrcmFirmwareStore.h */,
				D4049E551A3252B1003A1893 /* BrcmFirmwareStore.cpp */,
				841AD8921BB3C1960082B7B0 /* FirmwareData.h */,
				841AD8901BB3C12F0082B7B0 /* FirmwareData.cpp */,
				D4F91B031A2998CE0030D10D /* BrcmPatchRAM.h */,
				D4F91B051A2998CE0030D10D /* BrcmPatchRAM.cpp */,
				D4F91B011A2998CE0030D10D /* Supporting Files */,
				D45427691A2A045E000B0964 /* hci.h */,
				D454276C1A2A07A7000B0964 /* Common.h */,
				D4E0A25B1BA30FD300A5FE05 /* USBDeviceShim.h */,
				D4E0A25A1BA30FD300A5FE05 /* USBDeviceShim.cpp */,
				D45C93DF1BA3549A006D3FB8 /* USBHostDeviceShim.cpp */,
				ED2A7DD91B37DEAD00DC200F /* BrcmBluetoothInjector */,
				D43475541BB1CFFE00BA7661 /* Resources */,
			);
			path = BrcmPatchRAM;
			sourceTree = "<group>";
		};
		D4F91B011A2998CE0030D10D /* Supporting Files */ = {
			isa = PBXGroup;
			children = (
				D4F91B021A2998CE0030D10D /* BrcmPatchRAM-Info.plist */,
				ED5817CB1B7A6BDF006C5522 /* BrcmPatchRAM2-Info.plist */,
				841AD88E1BB3C0F40082B7B0 /* BrcmFirmwareData-Info.plist */,
				842B20A11BB2EFA200D3C468 /* BrcmFirmwareRepo-Info.plist */,
			);
			name = "Supporting Files";
			sourceTree = "<group>";
		};
		ED2A7DD91B37DEAD00DC200F /* BrcmBluetoothInjector */ = {
			isa = PBXGroup;
			children = (
				ED2A7DD71B37DE6F00DC200F /* BrcmBluetoothInjector-Info.plist */,
			);
			name = BrcmBluetoothInjector;
			path = ..;
			sourceTree = "<group>";
		};
/* End PBXGroup section */

/* Begin PBXHeadersBuildPhase section */
		841AD8801BB3C0350082B7B0 /* Headers */ = {
			isa = PBXHeadersBuildPhase;
			buildActionMask = 2147483647;
			files = (
				841AD8811BB3C0350082B7B0 /* BrcmPatchRAM.h in Headers */,
				841AD8821BB3C0350082B7B0 /* BrcmFirmwareStore.h in Headers */,
				841AD8831BB3C0350082B7B0 /* Common.h in Headers */,
				841AD8841BB3C0350082B7B0 /* USBDeviceShim.h in Headers */,
				841AD8851BB3C0350082B7B0 /* hci.h in Headers */,
			);
			runOnlyForDeploymentPostprocessing = 0;
		};
		842B20BC1BB2F0D900D3C468 /* Headers */ = {
			isa = PBXHeadersBuildPhase;
			buildActionMask = 2147483647;
			files = (
				842B20BD1BB2F0D900D3C468 /* BrcmPatchRAM.h in Headers */,
				842B20BE1BB2F0D900D3C468 /* BrcmFirmwareStore.h in Headers */,
				842B20BF1BB2F0D900D3C468 /* Common.h in Headers */,
				842B20C01BB2F0D900D3C468 /* USBDeviceShim.h in Headers */,
				842B20C11BB2F0D900D3C468 /* hci.h in Headers */,
			);
			runOnlyForDeploymentPostprocessing = 0;
		};
		D4F91AFB1A2998CE0030D10D /* Headers */ = {
			isa = PBXHeadersBuildPhase;
			buildActionMask = 2147483647;
			files = (
				D4F91B041A2998CE0030D10D /* BrcmPatchRAM.h in Headers */,
				841AD8931BB3C1960082B7B0 /* FirmwareData.h in Headers */,
				D4049E581A3252B1003A1893 /* BrcmFirmwareStore.h in Headers */,
				EDA03B7B1BA47A12005BDCA2 /* Common.h in Headers */,
				D4E0A25F1BA30FD300A5FE05 /* USBDeviceShim.h in Headers */,
				EDA03B791BA47A0F005BDCA2 /* hci.h in Headers */,
			);
			runOnlyForDeploymentPostprocessing = 0;
		};
		ED2A7DCD1B37DE6E00DC200F /* Headers */ = {
			isa = PBXHeadersBuildPhase;
			buildActionMask = 2147483647;
			files = (
			);
			runOnlyForDeploymentPostprocessing = 0;
		};
		ED5817C01B7A6AEF006C5522 /* Headers */ = {
			isa = PBXHeadersBuildPhase;
			buildActionMask = 2147483647;
			files = (
				ED5817C11B7A6AEF006C5522 /* BrcmPatchRAM.h in Headers */,
				ED5817C21B7A6AEF006C5522 /* BrcmFirmwareStore.h in Headers */,
				EDA03B7A1BA47A12005BDCA2 /* Common.h in Headers */,
				D4E0A25E1BA30FD300A5FE05 /* USBDeviceShim.h in Headers */,
				EDA03B781BA47A0E005BDCA2 /* hci.h in Headers */,
			);
			runOnlyForDeploymentPostprocessing = 0;
		};
/* End PBXHeadersBuildPhase section */

/* Begin PBXLegacyTarget section */
		84CDEE051BB3CA2200238DD1 /* Prebuild */ = {
			isa = PBXLegacyTarget;
			buildArgumentsString = "$(ACTION)";
			buildConfigurationList = 84CDEE081BB3CA2200238DD1 /* Build configuration list for PBXLegacyTarget "Prebuild" */;
			buildPhases = (
			);
			buildToolPath = ./generate_firmware_data.sh;
			buildWorkingDirectory = "";
			dependencies = (
			);
			name = Prebuild;
			passBuildSettingsInEnvironment = 0;
			productName = Prebuild;
		};
/* End PBXLegacyTarget section */

/* Begin PBXNativeTarget section */
		841AD87C1BB3C0350082B7B0 /* BrcmFirmwareData */ = {
			isa = PBXNativeTarget;
			buildConfigurationList = 841AD8891BB3C0350082B7B0 /* Build configuration list for PBXNativeTarget "BrcmFirmwareData" */;
			buildPhases = (
				841AD87D1BB3C0350082B7B0 /* Sources */,
				841AD87F1BB3C0350082B7B0 /* Frameworks */,
				841AD8801BB3C0350082B7B0 /* Headers */,
				841AD8861BB3C0350082B7B0 /* Resources */,
				841AD8871BB3C0350082B7B0 /* CopyFiles */,
				841AD8881BB3C0350082B7B0 /* ShellScript */,
			);
			buildRules = (
			);
			dependencies = (
				ED0247B41BB84D6E007AC58D /* PBXTargetDependency */,
			);
			name = BrcmFirmwareData;
			productName = BrcmPatchRAM;
			productReference = 841AD88C1BB3C0350082B7B0 /* BrcmFirmwareData.kext */;
			productType = "com.apple.product-type.kernel-extension";
		};
		842B20B71BB2F0D900D3C468 /* BrcmFirmwareRepo */ = {
			isa = PBXNativeTarget;
			buildConfigurationList = 842B20C61BB2F0D900D3C468 /* Build configuration list for PBXNativeTarget "BrcmFirmwareRepo" */;
			buildPhases = (
				842B20B81BB2F0D900D3C468 /* Sources */,
				842B20BB1BB2F0D900D3C468 /* Frameworks */,
				842B20BC1BB2F0D900D3C468 /* Headers */,
				842B20C21BB2F0D900D3C468 /* Resources */,
				842B20C41BB2F0D900D3C468 /* CopyFiles */,
				842B20C51BB2F0D900D3C468 /* ShellScript */,
			);
			buildRules = (
			);
			dependencies = (
			);
			name = BrcmFirmwareRepo;
			productName = BrcmPatchRAM;
			productReference = 842B20C91BB2F0D900D3C468 /* BrcmFirmwareRepo.kext */;
			productType = "com.apple.product-type.kernel-extension";
		};
		D4F91AFD1A2998CE0030D10D /* BrcmPatchRAM */ = {
			isa = PBXNativeTarget;
			buildConfigurationList = D4F91B091A2998CE0030D10D /* Build configuration list for PBXNativeTarget "BrcmPatchRAM" */;
			buildPhases = (
				D4F91AF91A2998CE0030D10D /* Sources */,
				D4F91AFA1A2998CE0030D10D /* Frameworks */,
				D4F91AFB1A2998CE0030D10D /* Headers */,
				D4F91AFC1A2998CE0030D10D /* Resources */,
				D406C2F11A43C69100AEFA2D /* CopyFiles */,
				D42C3CF71A64053D0073C2A1 /* ShellScript */,
			);
			buildRules = (
			);
			dependencies = (
			);
			name = BrcmPatchRAM;
			productName = BrcmPatchRAM;
			productReference = D4F91AFE1A2998CE0030D10D /* BrcmPatchRAM.kext */;
			productType = "com.apple.product-type.kernel-extension";
		};
		ED2A7DC81B37DE6E00DC200F /* BrcmBluetoothInjector */ = {
			isa = PBXNativeTarget;
			buildConfigurationList = ED2A7DD31B37DE6E00DC200F /* Build configuration list for PBXNativeTarget "BrcmBluetoothInjector" */;
			buildPhases = (
				ED2A7DC91B37DE6E00DC200F /* Sources */,
				ED2A7DCC1B37DE6E00DC200F /* Frameworks */,
				ED2A7DCD1B37DE6E00DC200F /* Headers */,
				ED2A7DD01B37DE6E00DC200F /* Resources */,
				ED2A7DD11B37DE6E00DC200F /* CopyFiles */,
				ED2A7DD21B37DE6E00DC200F /* ShellScript */,
			);
			buildRules = (
			);
			dependencies = (
			);
			name = BrcmBluetoothInjector;
			productName = BrcmPatchRAM;
			productReference = ED2A7DD61B37DE6E00DC200F /* BrcmBluetoothInjector.kext */;
			productType = "com.apple.product-type.kernel-extension";
		};
		ED5817BB1B7A6AEF006C5522 /* BrcmPatchRAM2 */ = {
			isa = PBXNativeTarget;
			buildConfigurationList = ED5817C61B7A6AEF006C5522 /* Build configuration list for PBXNativeTarget "BrcmPatchRAM2" */;
			buildPhases = (
				ED5817BC1B7A6AEF006C5522 /* Sources */,
				ED5817BF1B7A6AEF006C5522 /* Frameworks */,
				ED5817C01B7A6AEF006C5522 /* Headers */,
				ED5817C31B7A6AEF006C5522 /* Resources */,
				ED5817C41B7A6AEF006C5522 /* CopyFiles */,
				ED5817C51B7A6AEF006C5522 /* ShellScript */,
			);
			buildRules = (
			);
			dependencies = (
			);
			name = BrcmPatchRAM2;
			productName = BrcmPatchRAM;
			productReference = ED5817C91B7A6AEF006C5522 /* BrcmPatchRAM2.kext */;
			productType = "com.apple.product-type.kernel-extension";
		};
/* End PBXNativeTarget section */

/* Begin PBXProject section */
		D4F91AF51A2998CE0030D10D /* Project object */ = {
			isa = PBXProject;
			attributes = {
				LastUpgradeCheck = 0620;
				TargetAttributes = {
					84CDEE051BB3CA2200238DD1 = {
						CreatedOnToolsVersion = 7.0;
					};
					D4F91AFD1A2998CE0030D10D = {
						CreatedOnToolsVersion = 6.1;
					};
				};
			};
			buildConfigurationList = D4F91AF81A2998CE0030D10D /* Build configuration list for PBXProject "BrcmPatchRAM" */;
			compatibilityVersion = "Xcode 3.2";
			developmentRegion = English;
			hasScannedForEncodings = 0;
			knownRegions = (
				en,
			);
			mainGroup = D4F91AF41A2998CE0030D10D;
			productRefGroup = D4F91AFF1A2998CE0030D10D /* Products */;
			projectDirPath = "";
			projectRoot = "";
			targets = (
				84CDEE051BB3CA2200238DD1 /* Prebuild */,
				ED5817BB1B7A6AEF006C5522 /* BrcmPatchRAM2 */,
				D4F91AFD1A2998CE0030D10D /* BrcmPatchRAM */,
				841AD87C1BB3C0350082B7B0 /* BrcmFirmwareData */,
				842B20B71BB2F0D900D3C468 /* BrcmFirmwareRepo */,
				ED2A7DC81B37DE6E00DC200F /* BrcmBluetoothInjector */,
			);
		};
/* End PBXProject section */

/* Begin PBXResourcesBuildPhase section */
		841AD8861BB3C0350082B7B0 /* Resources */ = {
			isa = PBXResourcesBuildPhase;
			buildActionMask = 2147483647;
			files = (
			);
			runOnlyForDeploymentPostprocessing = 0;
		};
		842B20C21BB2F0D900D3C468 /* Resources */ = {
			isa = PBXResourcesBuildPhase;
			buildActionMask = 2147483647;
			files = (
				ED0248591BB84E0E007AC58D /* BCM20702A1_001.002.014.1502.1768_v5864.zhx in Resources */,
				ED02484A1BB84E0E007AC58D /* BCM20702A1_001.002.014.1443.1486_v5582.zhx in Resources */,
				ED02481C1BB84E0E007AC58D /* BCM20702A1_001.002.014.1443.1460_v5556.zhx in Resources */,
				ED0248471BB84E0E007AC58D /* BCM20702A1_001.002.014.1443.1482_v5578.zhx in Resources */,
				ED0248361BB84E0E007AC58D /* BCM43142A0_001.001.011.0311.0312_v4408.zhx in Resources */,
				ED02484C1BB84E0E007AC58D /* BCM20702A1_001.002.014.1443.1489_v5585.zhx in Resources */,
				ED0248141BB84E0E007AC58D /* BCM4356A2_001.003.015.0046.0162_v4258.zhx in Resources */,
				ED02480D1BB84E0E007AC58D /* BCM4350C5_003.006.007.0095.1668_v5764.zhx in Resources */,
				ED0248571BB84E0E007AC58D /* BCM20702A1_001.002.014.1502.1762_v5858.zhx in Resources */,
				ED0248601BB84E0E007AC58D /* BCM43142A0_001.001.011.0311.0336_v4432.zhx in Resources */,
				ED02482E1BB84E0E007AC58D /* BCM20702A1_001.002.014.1483.1669_v5765.zhx in Resources */,
				ED0248521BB84E0E007AC58D /* BCM20702A1_001.002.014.1443.1521_v5617.zhx in Resources */,
				ED02482C1BB84E0E007AC58D /* BCM20702A1_001.002.014.1443.1714_v5810.zhx in Resources */,
				ED0248271BB84E0E007AC58D /* BCM20702A1_001.002.014.1443.1483_v5579.zhx in Resources */,
				ED0248481BB84E0E007AC58D /* BCM20702A1_001.002.014.1443.1484_v5580.zhx in Resources */,
				ED02485A1BB84E0E007AC58D /* BCM43142A0_001.001.011.0311.0316_v4412.zhx in Resources */,
				ED0248101BB84E0E007AC58D /* BCM4356A2_001.003.015.0046.0125_v4221.zhx in Resources */,
				ED0248581BB84E0E007AC58D /* BCM20702A1_001.002.014.1502.1763_v5859.zhx in Resources */,
				ED02483C1BB84E0E007AC58D /* BCM4335C0_003.001.009.0066.0104_v4200.zhx in Resources */,
				ED02484B1BB84E0E007AC58D /* BCM20702A1_001.002.014.1443.1488_v5584.zhx in Resources */,
				ED02482A1BB84E0E007AC58D /* BCM20702A1_001.002.014.1443.1502_v5598.zhx in Resources */,
				ED0248211BB84E0E007AC58D /* BCM20702A1_001.002.014.1443.1469_v5565.zhx in Resources */,
				ED02483E1BB84E0E007AC58D /* BCM4335C0_003.001.009.0066.0115_v4211.zhx in Resources */,
				ED02480E1BB84E0E007AC58D /* BCM4350C5_003.006.007.0095.1703_v5799.zhx in Resources */,
				ED0248191BB84E0E007AC58D /* BCM20702A1_001.002.014.1443.1449_v5545.zhx in Resources */,
				ED0248461BB84E0E007AC58D /* BCM20702A1_001.002.014.1443.1466_v5562.zhx in Resources */,
				ED0248381BB84E0E007AC58D /* BCM43142A0_001.001.011.0311.0329_v4425.zhx in Resources */,
				ED02482B1BB84E0E007AC58D /* BCM20702A1_001.002.014.1443.1572_v5668.zhx in Resources */,
				ED02485C1BB84E0E007AC58D /* BCM43142A0_001.001.011.0311.0330_v4426.zhx in Resources */,
				ED0248391BB84E0E007AC58D /* BCM43142A0_001.001.011.0311.0332_v4428.zhx in Resources */,
				ED02480F1BB84E0E007AC58D /* BCM4350C5_003.006.007.0095.1704_v5800.zhx in Resources */,
				ED0248531BB84E0E007AC58D /* BCM20702A1_001.002.014.1443.1532_v5628.zhx in Resources */,
				ED0248451BB84E0E007AC58D /* BCM20702A1_001.002.014.1443.1465_v5561.zhx in Resources */,
				ED0248431BB84E0E007AC58D /* BCM4356A2_001.003.015.0046.0183_v4279.zhx in Resources */,
				ED0248411BB84E0E007AC58D /* BCM4356A2_001.003.015.0046.0120_v4216.zhx in Resources */,
				ED0248621BB84E0E007AC58D /* BCM43142A0_001.001.011.0311.0340_v4436.zhx in Resources */,
				ED02485B1BB84E0E007AC58D /* BCM43142A0_001.001.011.0311.0327_v4423.zhx in Resources */,
				ED0248501BB84E0E007AC58D /* BCM20702A1_001.002.014.1443.1494_v5590.zhx in Resources */,
				ED0248551BB84E0E007AC58D /* BCM20702A1_001.002.014.1483.1668_v5764.zhx in Resources */,
				ED0248351BB84E0E007AC58D /* BCM20703A1_001.001.005.0214.0403_v4499.zhx in Resources */,
				ED02480C1BB84E0E007AC58D /* BCM4335C0_003.001.009.0066.0105_v4201.zhx in Resources */,
				ED02483F1BB84E0E007AC58D /* BCM4335C0_003.001.009.0066.0121_v4217.zhx in Resources */,
				ED02483B1BB84E0E007AC58D /* BCM43142A0_001.001.011.0311.0341_v4437.zhx in Resources */,
				ED02484D1BB84E0E007AC58D /* BCM20702A1_001.002.014.1443.1490_v5586.zhx in Resources */,
				ED02485D1BB84E0E007AC58D /* BCM43142A0_001.001.011.0311.0331_v4427.zhx in Resources */,
				ED0248251BB84E0E007AC58D /* BCM20702A1_001.002.014.1443.1480_v5576.zhx in Resources */,
				ED0248201BB84E0E007AC58D /* BCM20702A1_001.002.014.1443.1468_v5564.zhx in Resources */,
				ED0248331BB84E0E007AC58D /* BCM20702A1_001.002.014.1502.1767_v5863.zhx in Resources */,
				ED0248511BB84E0E007AC58D /* BCM20702A1_001.002.014.1443.1499_v5595.zhx in Resources */,
				ED0248231BB84E0E007AC58D /* BCM20702A1_001.002.014.1443.1478_v5574.zhx in Resources */,
				ED0248281BB84E0E007AC58D /* BCM20702A1_001.002.014.1443.1487_v5583.zhx in Resources */,
				ED0248131BB84E0E007AC58D /* BCM4356A2_001.003.015.0046.0154_v4250.zhx in Resources */,
				ED02481B1BB84E0E007AC58D /* BCM20702A1_001.002.014.1443.1459_v5555.zhx in Resources */,
				ED02481F1BB84E0E007AC58D /* BCM20702A1_001.002.014.1443.1467_v5563.zhx in Resources */,
				ED02482D1BB84E0E007AC58D /* BCM20702A1_001.002.014.1483.1647_v5743.zhx in Resources */,
				ED0248111BB84E0E007AC58D /* BCM4356A2_001.003.015.0046.0127_v4223.zhx in Resources */,
				ED02481E1BB84E0E007AC58D /* BCM20702A1_001.002.014.1443.1463_v5559.zhx in Resources */,
				ED02483A1BB84E0E007AC58D /* BCM43142A0_001.001.011.0311.0333_v4429.zhx in Resources */,
				ED0248371BB84E0E007AC58D /* BCM43142A0_001.001.011.0311.0328_v4424.zhx in Resources */,
				ED0248181BB84E0E007AC58D /* BCM20702A1_001.002.014.1443.1447_v5543.zhx in Resources */,
				ED0248611BB84E0E007AC58D /* BCM43142A0_001.001.011.0311.0339_v4435.zhx in Resources */,
				ED0248421BB84E0E007AC58D /* BCM4356A2_001.003.015.0046.0122_v4218.zhx in Resources */,
				ED0248321BB84E0E007AC58D /* BCM20702A1_001.002.014.1502.1766_v5862.zhx in Resources */,
				ED02481A1BB84E0E007AC58D /* BCM20702A1_001.002.014.1443.1450_v5546.zhx in Resources */,
				ED02485E1BB84E0E007AC58D /* BCM43142A0_001.001.011.0311.0334_v4430.zhx in Resources */,
				ED02484F1BB84E0E007AC58D /* BCM20702A1_001.002.014.1443.1493_v5589.zhx in Resources */,
				ED0248221BB84E0E007AC58D /* BCM20702A1_001.002.014.1443.1477_v5573.zhx in Resources */,
				ED02482F1BB84E0E007AC58D /* BCM20702A1_001.002.014.1502.1760_v5856.zhx in Resources */,
				ED0248311BB84E0E007AC58D /* BCM20702A1_001.002.014.1502.1765_v5861.zhx in Resources */,
				ED0248491BB84E0E007AC58D /* BCM20702A1_001.002.014.1443.1485_v5581.zhx in Resources */,
				ED02485F1BB84E0E007AC58D /* BCM43142A0_001.001.011.0311.0335_v4431.zhx in Resources */,
				ED02484E1BB84E0E007AC58D /* BCM20702A1_001.002.014.1443.1492_v5588.zhx in Resources */,
				ED0248541BB84E0E007AC58D /* BCM20702A1_001.002.014.1483.1651_v5747.zhx in Resources */,
				ED0248341BB84E0E007AC58D /* BCM20702A1_001.002.014.1502.1769_v5865.zhx in Resources */,
				ED0248161BB84E0E007AC58D /* BCM4356A2_001.003.015.0046.0197_v4293.zhx in Resources */,
				ED0248561BB84E0E007AC58D /* BCM20702A1_001.002.014.1483.1672_v5768.zhx in Resources */,
				ED02483D1BB84E0E007AC58D /* BCM4335C0_003.001.009.0066.0108_v4204.zhx in Resources */,
				ED0248171BB84E0E007AC58D /* BCM4356A2_001.003.015.0080.0225_v4321.zhx in Resources */,
				ED0248401BB84E0E007AC58D /* BCM4356A2_001.003.015.0046.0104_v4200.zhx in Resources */,
				ED0248441BB84E0E007AC58D /* BCM20702A1_001.002.014.1443.1462_v5558.zhx in Resources */,
				ED0248291BB84E0E007AC58D /* BCM20702A1_001.002.014.1443.1501_v5597.zhx in Resources */,
				ED0248301BB84E0E007AC58D /* BCM20702A1_001.002.014.1502.1761_v5857.zhx in Resources */,
				ED02481D1BB84E0E007AC58D /* BCM20702A1_001.002.014.1443.1461_v5557.zhx in Resources */,
				ED0248241BB84E0E007AC58D /* BCM20702A1_001.002.014.1443.1479_v5575.zhx in Resources */,
				ED0248261BB84E0E007AC58D /* BCM20702A1_001.002.014.1443.1481_v5577.zhx in Resources */,
				ED0248121BB84E0E007AC58D /* BCM4356A2_001.003.015.0046.0132_v4228.zhx in Resources */,
				ED0248151BB84E0E007AC58D /* BCM4356A2_001.003.015.0046.0195_v4291.zhx in Resources */,
			);
			runOnlyForDeploymentPostprocessing = 0;
		};
		D4F91AFC1A2998CE0030D10D /* Resources */ = {
			isa = PBXResourcesBuildPhase;
			buildActionMask = 2147483647;
			files = (
				841AD8951BB3C27E0082B7B0 /* generate_firmware_data.sh in Resources */,
				841AD88F1BB3C0F40082B7B0 /* BrcmFirmwareData-Info.plist in Resources */,
			);
			runOnlyForDeploymentPostprocessing = 0;
		};
		ED2A7DD01B37DE6E00DC200F /* Resources */ = {
			isa = PBXResourcesBuildPhase;
			buildActionMask = 2147483647;
			files = (
			);
			runOnlyForDeploymentPostprocessing = 0;
		};
		ED5817C31B7A6AEF006C5522 /* Resources */ = {
			isa = PBXResourcesBuildPhase;
			buildActionMask = 2147483647;
			files = (
			);
			runOnlyForDeploymentPostprocessing = 0;
		};
/* End PBXResourcesBuildPhase section */

/* Begin PBXShellScriptBuildPhase section */
		841AD8881BB3C0350082B7B0 /* ShellScript */ = {
			isa = PBXShellScriptBuildPhase;
			buildActionMask = 2147483647;
			files = (
			);
			inputPaths = (
			);
			outputPaths = (
			);
			runOnlyForDeploymentPostprocessing = 0;
			shellPath = /bin/sh;
			shellScript = "if [ -e Build/Debug ] && [ -e Build/Release ]; then tar -czf Build/BrcmPatchRAM.tar.gz Build/Debug Build/Release; fi";
			showEnvVarsInLog = 0;
		};
		842B20C51BB2F0D900D3C468 /* ShellScript */ = {
			isa = PBXShellScriptBuildPhase;
			buildActionMask = 2147483647;
			files = (
			);
			inputPaths = (
			);
			outputPaths = (
			);
			runOnlyForDeploymentPostprocessing = 0;
			shellPath = /bin/sh;
			shellScript = "if [ -e Build/Debug ] && [ -e Build/Release ]; then tar -czf Build/BrcmPatchRAM.tar.gz Build/Debug Build/Release; fi";
			showEnvVarsInLog = 0;
		};
		D42C3CF71A64053D0073C2A1 /* ShellScript */ = {
			isa = PBXShellScriptBuildPhase;
			buildActionMask = 2147483647;
			files = (
			);
			inputPaths = (
			);
			outputPaths = (
			);
			runOnlyForDeploymentPostprocessing = 0;
			shellPath = /bin/sh;
			shellScript = "if [ -e Build/Debug ] && [ -e Build/Release ]; then tar -czf Build/BrcmPatchRAM.tar.gz Build/Debug Build/Release; fi";
			showEnvVarsInLog = 0;
		};
		ED2A7DD21B37DE6E00DC200F /* ShellScript */ = {
			isa = PBXShellScriptBuildPhase;
			buildActionMask = 2147483647;
			files = (
			);
			inputPaths = (
			);
			outputPaths = (
			);
			runOnlyForDeploymentPostprocessing = 0;
			shellPath = /bin/sh;
			shellScript = "if [ -e Build/Debug ] && [ -e Build/Release ]; then tar -czf Build/BrcmPatchRAM.tar.gz Build/Debug Build/Release; fi";
			showEnvVarsInLog = 0;
		};
		ED5817C51B7A6AEF006C5522 /* ShellScript */ = {
			isa = PBXShellScriptBuildPhase;
			buildActionMask = 2147483647;
			files = (
			);
			inputPaths = (
			);
			outputPaths = (
			);
			runOnlyForDeploymentPostprocessing = 0;
			shellPath = /bin/sh;
			shellScript = "if [ -e Build/Debug ] && [ -e Build/Release ]; then tar -czf Build/BrcmPatchRAM.tar.gz Build/Debug Build/Release; fi";
			showEnvVarsInLog = 0;
		};
/* End PBXShellScriptBuildPhase section */

/* Begin PBXSourcesBuildPhase section */
		841AD87D1BB3C0350082B7B0 /* Sources */ = {
			isa = PBXSourcesBuildPhase;
			buildActionMask = 2147483647;
			files = (
				841AD8911BB3C12F0082B7B0 /* FirmwareData.cpp in Sources */,
				841AD87E1BB3C0350082B7B0 /* BrcmFirmwareStore.cpp in Sources */,
			);
			runOnlyForDeploymentPostprocessing = 0;
		};
		842B20B81BB2F0D900D3C468 /* Sources */ = {
			isa = PBXSourcesBuildPhase;
			buildActionMask = 2147483647;
			files = (
				842B20CC1BB2F0F800D3C468 /* BrcmFirmwareStore.cpp in Sources */,
			);
			runOnlyForDeploymentPostprocessing = 0;
		};
		D4F91AF91A2998CE0030D10D /* Sources */ = {
			isa = PBXSourcesBuildPhase;
			buildActionMask = 2147483647;
			files = (
				D4F91B061A2998CE0030D10D /* BrcmPatchRAM.cpp in Sources */,
				D4E0A25D1BA30FD300A5FE05 /* USBDeviceShim.cpp in Sources */,
			);
			runOnlyForDeploymentPostprocessing = 0;
		};
		ED2A7DC91B37DE6E00DC200F /* Sources */ = {
			isa = PBXSourcesBuildPhase;
			buildActionMask = 2147483647;
			files = (
			);
			runOnlyForDeploymentPostprocessing = 0;
		};
		ED5817BC1B7A6AEF006C5522 /* Sources */ = {
			isa = PBXSourcesBuildPhase;
			buildActionMask = 2147483647;
			files = (
				ED5817BE1B7A6AEF006C5522 /* BrcmPatchRAM.cpp in Sources */,
				D45C93E01BA3549A006D3FB8 /* USBHostDeviceShim.cpp in Sources */,
			);
			runOnlyForDeploymentPostprocessing = 0;
		};
/* End PBXSourcesBuildPhase section */

/* Begin PBXTargetDependency section */
		ED0247B41BB84D6E007AC58D /* PBXTargetDependency */ = {
			isa = PBXTargetDependency;
			target = 84CDEE051BB3CA2200238DD1 /* Prebuild */;
			targetProxy = ED0247B31BB84D6E007AC58D /* PBXContainerItemProxy */;
		};
/* End PBXTargetDependency section */

/* Begin XCBuildConfiguration section */
		841AD88A1BB3C0350082B7B0 /* Debug */ = {
			isa = XCBuildConfiguration;
			buildSettings = {
				GCC_PREPROCESSOR_DEFINITIONS = (
					"DEBUG=1",
					"LOGNAME=\\\"${LOGNAME}\\\"",
					"FIRMWAREDATA=1",
				);
				INFOPLIST_FILE = "BrcmPatchRAM/BrcmFirmwareData-Info.plist";
				MODULE_NAME = "com.no-one.BrcmPatchRAM";
				PRODUCT_NAME = "$(TARGET_NAME)";
				WRAPPER_EXTENSION = kext;
			};
			name = Debug;
		};
		841AD88B1BB3C0350082B7B0 /* Release */ = {
			isa = XCBuildConfiguration;
			buildSettings = {
				GCC_PREPROCESSOR_DEFINITIONS = (
					"LOGNAME=\\\"${LOGNAME}\\\"",
					"FIRMWAREDATA=1",
				);
				INFOPLIST_FILE = "BrcmPatchRAM/BrcmFirmwareData-Info.plist";
				MODULE_NAME = "com.no-one.BrcmPatchRAM";
				PRODUCT_NAME = "$(TARGET_NAME)";
				WRAPPER_EXTENSION = kext;
			};
			name = Release;
		};
		842B20C71BB2F0D900D3C468 /* Debug */ = {
			isa = XCBuildConfiguration;
			buildSettings = {
				GCC_PREPROCESSOR_DEFINITIONS = (
					"DEBUG=1",
					"LOGNAME=\\\"${LOGNAME}\\\"",
				);
				INFOPLIST_FILE = "BrcmPatchRAM/BrcmFirmwareRepo-Info.plist";
				MODULE_NAME = "com.no-one.BrcmPatchRAM";
				PRODUCT_NAME = "$(TARGET_NAME)";
				WRAPPER_EXTENSION = kext;
			};
			name = Debug;
		};
		842B20C81BB2F0D900D3C468 /* Release */ = {
			isa = XCBuildConfiguration;
			buildSettings = {
				GCC_PREPROCESSOR_DEFINITIONS = "LOGNAME=\\\"${LOGNAME}\\\"";
				INFOPLIST_FILE = "BrcmPatchRAM/BrcmFirmwareRepo-Info.plist";
				MODULE_NAME = "com.no-one.BrcmPatchRAM";
				PRODUCT_NAME = "$(TARGET_NAME)";
				WRAPPER_EXTENSION = kext;
			};
			name = Release;
		};
		84CDEE061BB3CA2200238DD1 /* Debug */ = {
			isa = XCBuildConfiguration;
			buildSettings = {
				ALWAYS_SEARCH_USER_PATHS = NO;
				CLANG_CXX_LANGUAGE_STANDARD = "gnu++0x";
				CLANG_CXX_LIBRARY = "libc++";
				CLANG_ENABLE_MODULES = YES;
				CLANG_ENABLE_OBJC_ARC = YES;
				CLANG_WARN_BOOL_CONVERSION = YES;
				CLANG_WARN_CONSTANT_CONVERSION = YES;
				CLANG_WARN_DIRECT_OBJC_ISA_USAGE = YES_ERROR;
				CLANG_WARN_EMPTY_BODY = YES;
				CLANG_WARN_ENUM_CONVERSION = YES;
				CLANG_WARN_INT_CONVERSION = YES;
				CLANG_WARN_OBJC_ROOT_CLASS = YES_ERROR;
				CLANG_WARN_UNREACHABLE_CODE = YES;
				CLANG_WARN__DUPLICATE_METHOD_MATCH = YES;
				COPY_PHASE_STRIP = NO;
				DEBUGGING_SYMBOLS = YES;
				DEBUG_INFORMATION_FORMAT = dwarf;
				ENABLE_STRICT_OBJC_MSGSEND = YES;
				ENABLE_TESTABILITY = YES;
				GCC_C_LANGUAGE_STANDARD = gnu99;
				GCC_DYNAMIC_NO_PIC = NO;
				GCC_GENERATE_DEBUGGING_SYMBOLS = YES;
				GCC_NO_COMMON_BLOCKS = YES;
				GCC_OPTIMIZATION_LEVEL = 0;
				GCC_PREPROCESSOR_DEFINITIONS = (
					"DEBUG=1",
					"$(inherited)",
				);
				GCC_WARN_64_TO_32_BIT_CONVERSION = YES;
				GCC_WARN_UNDECLARED_SELECTOR = YES;
				GCC_WARN_UNINITIALIZED_AUTOS = YES_AGGRESSIVE;
				GCC_WARN_UNUSED_FUNCTION = YES;
				GCC_WARN_UNUSED_VARIABLE = YES;
				MTL_ENABLE_DEBUG_INFO = YES;
				ONLY_ACTIVE_ARCH = YES;
				OTHER_CFLAGS = "";
				OTHER_LDFLAGS = "";
				PRODUCT_NAME = "$(TARGET_NAME)";
			};
			name = Debug;
		};
		84CDEE071BB3CA2200238DD1 /* Release */ = {
			isa = XCBuildConfiguration;
			buildSettings = {
				ALWAYS_SEARCH_USER_PATHS = NO;
				CLANG_CXX_LANGUAGE_STANDARD = "gnu++0x";
				CLANG_CXX_LIBRARY = "libc++";
				CLANG_ENABLE_MODULES = YES;
				CLANG_ENABLE_OBJC_ARC = YES;
				CLANG_WARN_BOOL_CONVERSION = YES;
				CLANG_WARN_CONSTANT_CONVERSION = YES;
				CLANG_WARN_DIRECT_OBJC_ISA_USAGE = YES_ERROR;
				CLANG_WARN_EMPTY_BODY = YES;
				CLANG_WARN_ENUM_CONVERSION = YES;
				CLANG_WARN_INT_CONVERSION = YES;
				CLANG_WARN_OBJC_ROOT_CLASS = YES_ERROR;
				CLANG_WARN_UNREACHABLE_CODE = YES;
				CLANG_WARN__DUPLICATE_METHOD_MATCH = YES;
				COPY_PHASE_STRIP = NO;
				DEBUG_INFORMATION_FORMAT = "dwarf-with-dsym";
				ENABLE_NS_ASSERTIONS = NO;
				ENABLE_STRICT_OBJC_MSGSEND = YES;
				GCC_C_LANGUAGE_STANDARD = gnu99;
				GCC_NO_COMMON_BLOCKS = YES;
				GCC_WARN_64_TO_32_BIT_CONVERSION = YES;
				GCC_WARN_UNDECLARED_SELECTOR = YES;
				GCC_WARN_UNINITIALIZED_AUTOS = YES_AGGRESSIVE;
				GCC_WARN_UNUSED_FUNCTION = YES;
				GCC_WARN_UNUSED_VARIABLE = YES;
				MTL_ENABLE_DEBUG_INFO = NO;
				OTHER_CFLAGS = "";
				OTHER_LDFLAGS = "";
				PRODUCT_NAME = "$(TARGET_NAME)";
			};
			name = Release;
		};
		D4F91B071A2998CE0030D10D /* Debug */ = {
			isa = XCBuildConfiguration;
			buildSettings = {
				CURRENT_PROJECT_VERSION = 2.1.0;
				GCC_WARN_ABOUT_RETURN_TYPE = YES_ERROR;
				MACOSX_DEPLOYMENT_TARGET = 10.6;
				SDKROOT = macosx10.6;
				SYMROOT = build/Products;
			};
			name = Debug;
		};
		D4F91B081A2998CE0030D10D /* Release */ = {
			isa = XCBuildConfiguration;
			buildSettings = {
				CURRENT_PROJECT_VERSION = 2.1.0;
				GCC_WARN_ABOUT_RETURN_TYPE = YES_ERROR;
				MACOSX_DEPLOYMENT_TARGET = 10.6;
				SDKROOT = macosx10.6;
				SYMROOT = build/Products;
			};
			name = Release;
		};
		D4F91B0A1A2998CE0030D10D /* Debug */ = {
			isa = XCBuildConfiguration;
			buildSettings = {
				GCC_PREPROCESSOR_DEFINITIONS = (
					"DEBUG=1",
					"LOGNAME=\\\"${LOGNAME}\\\"",
				);
				INFOPLIST_FILE = "BrcmPatchRAM/BrcmPatchRAM-Info.plist";
				MODULE_NAME = "com.no-one.BrcmPatchRAM";
				PRODUCT_NAME = BrcmPatchRAM;
				WRAPPER_EXTENSION = kext;
			};
			name = Debug;
		};
		D4F91B0B1A2998CE0030D10D /* Release */ = {
			isa = XCBuildConfiguration;
			buildSettings = {
				GCC_PREPROCESSOR_DEFINITIONS = "LOGNAME=\\\"${LOGNAME}\\\"";
				INFOPLIST_FILE = "BrcmPatchRAM/BrcmPatchRAM-Info.plist";
				MODULE_NAME = "com.no-one.BrcmPatchRAM";
				PRODUCT_NAME = BrcmPatchRAM;
				WRAPPER_EXTENSION = kext;
			};
			name = Release;
		};
		ED2A7DD41B37DE6E00DC200F /* Debug */ = {
			isa = XCBuildConfiguration;
			buildSettings = {
				GCC_PREPROCESSOR_DEFINITIONS = "DEBUG=1";
				INFOPLIST_FILE = "BrcmBluetoothInjector-Info.plist";
				MACOSX_DEPLOYMENT_TARGET = 10.11;
				MODULE_NAME = org.rehabman.injector.BrcmBluetoothInjector;
				PRODUCT_NAME = "$(TARGET_NAME)";
				WRAPPER_EXTENSION = kext;
			};
			name = Debug;
		};
		ED2A7DD51B37DE6E00DC200F /* Release */ = {
			isa = XCBuildConfiguration;
			buildSettings = {
				GCC_PREPROCESSOR_DEFINITIONS = "";
				INFOPLIST_FILE = "BrcmBluetoothInjector-Info.plist";
				MACOSX_DEPLOYMENT_TARGET = 10.11;
				MODULE_NAME = org.rehabman.injector.BrcmBluetoothInjector;
				PRODUCT_NAME = "$(TARGET_NAME)";
				WRAPPER_EXTENSION = kext;
			};
			name = Release;
		};
		ED5817C71B7A6AEF006C5522 /* Debug */ = {
			isa = XCBuildConfiguration;
			buildSettings = {
				GCC_PREPROCESSOR_DEFINITIONS = (
					"TARGET_ELCAPITAN=1",
					"DEBUG=1",
					"LOGNAME=\\\"${LOGNAME}\\\"",
				);
				INFOPLIST_FILE = "BrcmPatchRAM/BrcmPatchRAM2-Info.plist";
				MACOSX_DEPLOYMENT_TARGET = 10.11;
				MODULE_NAME = "com.no-one.BrcmPatchRAM";
				PRODUCT_NAME = BrcmPatchRAM2;
				SDKROOT = macosx10.11;
				WRAPPER_EXTENSION = kext;
			};
			name = Debug;
		};
		ED5817C81B7A6AEF006C5522 /* Release */ = {
			isa = XCBuildConfiguration;
			buildSettings = {
				GCC_PREPROCESSOR_DEFINITIONS = (
					"TARGET_ELCAPITAN=1",
					"LOGNAME=\\\"${LOGNAME}\\\"",
				);
				INFOPLIST_FILE = "BrcmPatchRAM/BrcmPatchRAM2-Info.plist";
				MACOSX_DEPLOYMENT_TARGET = 10.11;
				MODULE_NAME = "com.no-one.BrcmPatchRAM";
				PRODUCT_NAME = BrcmPatchRAM2;
				SDKROOT = macosx10.11;
				WRAPPER_EXTENSION = kext;
			};
			name = Release;
		};
/* End XCBuildConfiguration section */

/* Begin XCConfigurationList section */
		841AD8891BB3C0350082B7B0 /* Build configuration list for PBXNativeTarget "BrcmFirmwareData" */ = {
			isa = XCConfigurationList;
			buildConfigurations = (
				841AD88A1BB3C0350082B7B0 /* Debug */,
				841AD88B1BB3C0350082B7B0 /* Release */,
			);
			defaultConfigurationIsVisible = 0;
			defaultConfigurationName = Release;
		};
		842B20C61BB2F0D900D3C468 /* Build configuration list for PBXNativeTarget "BrcmFirmwareRepo" */ = {
			isa = XCConfigurationList;
			buildConfigurations = (
				842B20C71BB2F0D900D3C468 /* Debug */,
				842B20C81BB2F0D900D3C468 /* Release */,
			);
			defaultConfigurationIsVisible = 0;
			defaultConfigurationName = Release;
		};
		84CDEE081BB3CA2200238DD1 /* Build configuration list for PBXLegacyTarget "Prebuild" */ = {
			isa = XCConfigurationList;
			buildConfigurations = (
				84CDEE061BB3CA2200238DD1 /* Debug */,
				84CDEE071BB3CA2200238DD1 /* Release */,
			);
			defaultConfigurationIsVisible = 0;
			defaultConfigurationName = Release;
		};
		D4F91AF81A2998CE0030D10D /* Build configuration list for PBXProject "BrcmPatchRAM" */ = {
			isa = XCConfigurationList;
			buildConfigurations = (
				D4F91B071A2998CE0030D10D /* Debug */,
				D4F91B081A2998CE0030D10D /* Release */,
			);
			defaultConfigurationIsVisible = 0;
			defaultConfigurationName = Release;
		};
		D4F91B091A2998CE0030D10D /* Build configuration list for PBXNativeTarget "BrcmPatchRAM" */ = {
			isa = XCConfigurationList;
			buildConfigurations = (
				D4F91B0A1A2998CE0030D10D /* Debug */,
				D4F91B0B1A2998CE0030D10D /* Release */,
			);
			defaultConfigurationIsVisible = 0;
			defaultConfigurationName = Release;
		};
		ED2A7DD31B37DE6E00DC200F /* Build configuration list for PBXNativeTarget "BrcmBluetoothInjector" */ = {
			isa = XCConfigurationList;
			buildConfigurations = (
				ED2A7DD41B37DE6E00DC200F /* Debug */,
				ED2A7DD51B37DE6E00DC200F /* Release */,
			);
			defaultConfigurationIsVisible = 0;
			defaultConfigurationName = Release;
		};
		ED5817C61B7A6AEF006C5522 /* Build configuration list for PBXNativeTarget "BrcmPatchRAM2" */ = {
			isa = XCConfigurationList;
			buildConfigurations = (
				ED5817C71B7A6AEF006C5522 /* Debug */,
				ED5817C81B7A6AEF006C5522 /* Release */,
			);
			defaultConfigurationIsVisible = 0;
			defaultConfigurationName = Release;
		};
/* End XCConfigurationList section */
	};
	rootObject = D4F91AF51A2998CE0030D10D /* Project object */;
}
